// !$*UTF8*$!
{
	archiveVersion = 1;
	classes = {
	};
	objectVersion = 46;
	objects = {

/* Begin PBXAggregateTarget section */
		"Astral::AstralPackageTests::ProductTarget" /* AstralPackageTests */ = {
			isa = PBXAggregateTarget;
			buildConfigurationList = OBJ_195 /* Build configuration list for PBXAggregateTarget "AstralPackageTests" */;
			buildPhases = (
			);
			dependencies = (
				OBJ_198 /* PBXTargetDependency */,
			);
			name = AstralPackageTests;
			productName = AstralPackageTests;
		};
/* End PBXAggregateTarget section */

/* Begin PBXBuildFile section */
		OBJ_101 /* Package.swift in Sources */ = {isa = PBXBuildFile; fileRef = OBJ_78 /* Package.swift */; };
		OBJ_107 /* BasicConfiguration.swift in Sources */ = {isa = PBXBuildFile; fileRef = OBJ_33 /* BasicConfiguration.swift */; };
		OBJ_108 /* FormURLEncodedConfiguration.swift in Sources */ = {isa = PBXBuildFile; fileRef = OBJ_34 /* FormURLEncodedConfiguration.swift */; };
		OBJ_109 /* MultipartConfiguration.swift in Sources */ = {isa = PBXBuildFile; fileRef = OBJ_35 /* MultipartConfiguration.swift */; };
		OBJ_110 /* HeaderTests.swift in Sources */ = {isa = PBXBuildFile; fileRef = OBJ_36 /* HeaderTests.swift */; };
		OBJ_111 /* BasicGetRequest.swift in Sources */ = {isa = PBXBuildFile; fileRef = OBJ_38 /* BasicGetRequest.swift */; };
		OBJ_112 /* BasicMultipartFormDataRequest.swift in Sources */ = {isa = PBXBuildFile; fileRef = OBJ_39 /* BasicMultipartFormDataRequest.swift */; };
		OBJ_113 /* BasicPostRequest.swift in Sources */ = {isa = PBXBuildFile; fileRef = OBJ_40 /* BasicPostRequest.swift */; };
		OBJ_114 /* FormURLEncodedPostRequest.swift in Sources */ = {isa = PBXBuildFile; fileRef = OBJ_41 /* FormURLEncodedPostRequest.swift */; };
		OBJ_115 /* ResponseTests.swift in Sources */ = {isa = PBXBuildFile; fileRef = OBJ_42 /* ResponseTests.swift */; };
		OBJ_116 /* FormURLEncodedResponse.swift in Sources */ = {isa = PBXBuildFile; fileRef = OBJ_44 /* FormURLEncodedResponse.swift */; };
		OBJ_117 /* GetResponse.swift in Sources */ = {isa = PBXBuildFile; fileRef = OBJ_45 /* GetResponse.swift */; };
		OBJ_118 /* MultipartFormDataResponse.swift in Sources */ = {isa = PBXBuildFile; fileRef = OBJ_46 /* MultipartFormDataResponse.swift */; };
		OBJ_119 /* PostResponse.swift in Sources */ = {isa = PBXBuildFile; fileRef = OBJ_47 /* PostResponse.swift */; };
		OBJ_120 /* BinData.swift in Sources */ = {isa = PBXBuildFile; fileRef = OBJ_49 /* BinData.swift */; };
		OBJ_121 /* BinHeaders.swift in Sources */ = {isa = PBXBuildFile; fileRef = OBJ_50 /* BinHeaders.swift */; };
		OBJ_123 /* Astral.framework in Frameworks */ = {isa = PBXBuildFile; fileRef = "Astral::Astral::Product" /* Astral.framework */; };
		OBJ_124 /* BrightFutures.framework in Frameworks */ = {isa = PBXBuildFile; fileRef = "BrightFutures::BrightFutures::Product" /* BrightFutures.framework */; };
		OBJ_125 /* Result.framework in Frameworks */ = {isa = PBXBuildFile; fileRef = "Result::Result::Product" /* Result.framework */; };
		OBJ_136 /* AbstractDownloadTracker.swift in Sources */ = {isa = PBXBuildFile; fileRef = OBJ_8 /* AbstractDownloadTracker.swift */; };
		OBJ_137 /* BaseRequestBuilder.swift in Sources */ = {isa = PBXBuildFile; fileRef = OBJ_9 /* BaseRequestBuilder.swift */; };
		OBJ_138 /* BaseRequestDispatcher.swift in Sources */ = {isa = PBXBuildFile; fileRef = OBJ_10 /* BaseRequestDispatcher.swift */; };
		OBJ_139 /* DataStrategy.swift in Sources */ = {isa = PBXBuildFile; fileRef = OBJ_11 /* DataStrategy.swift */; };
		OBJ_140 /* DownloadManager.swift in Sources */ = {isa = PBXBuildFile; fileRef = OBJ_12 /* DownloadManager.swift */; };
		OBJ_141 /* DownloadTracking.swift in Sources */ = {isa = PBXBuildFile; fileRef = OBJ_13 /* DownloadTracking.swift */; };
		OBJ_142 /* FormFile.swift in Sources */ = {isa = PBXBuildFile; fileRef = OBJ_14 /* FormFile.swift */; };
		OBJ_143 /* FormURLEncodedStrategy.swift in Sources */ = {isa = PBXBuildFile; fileRef = OBJ_15 /* FormURLEncodedStrategy.swift */; };
		OBJ_144 /* HTTPMethod.swift in Sources */ = {isa = PBXBuildFile; fileRef = OBJ_16 /* HTTPMethod.swift */; };
		OBJ_145 /* Header.swift in Sources */ = {isa = PBXBuildFile; fileRef = OBJ_17 /* Header.swift */; };
		OBJ_146 /* JSON.swift in Sources */ = {isa = PBXBuildFile; fileRef = OBJ_18 /* JSON.swift */; };
		OBJ_147 /* JSONResponse.swift in Sources */ = {isa = PBXBuildFile; fileRef = OBJ_19 /* JSONResponse.swift */; };
		OBJ_148 /* JSONStrategy.swift in Sources */ = {isa = PBXBuildFile; fileRef = OBJ_20 /* JSONStrategy.swift */; };
		OBJ_149 /* MediaType.swift in Sources */ = {isa = PBXBuildFile; fileRef = OBJ_21 /* MediaType.swift */; };
		OBJ_150 /* MultiPartFormDataRequest.swift in Sources */ = {isa = PBXBuildFile; fileRef = OBJ_22 /* MultiPartFormDataRequest.swift */; };
		OBJ_151 /* MultiPartFormDataStrategy.swift in Sources */ = {isa = PBXBuildFile; fileRef = OBJ_23 /* MultiPartFormDataStrategy.swift */; };
		OBJ_152 /* NetworkingError.swift in Sources */ = {isa = PBXBuildFile; fileRef = OBJ_24 /* NetworkingError.swift */; };
		OBJ_153 /* Request.swift in Sources */ = {isa = PBXBuildFile; fileRef = OBJ_25 /* Request.swift */; };
		OBJ_154 /* RequestBuilder.swift in Sources */ = {isa = PBXBuildFile; fileRef = OBJ_26 /* RequestBuilder.swift */; };
		OBJ_155 /* RequestConfiguration.swift in Sources */ = {isa = PBXBuildFile; fileRef = OBJ_27 /* RequestConfiguration.swift */; };
		OBJ_156 /* RequestDispatcher.swift in Sources */ = {isa = PBXBuildFile; fileRef = OBJ_28 /* RequestDispatcher.swift */; };
		OBJ_157 /* Response.swift in Sources */ = {isa = PBXBuildFile; fileRef = OBJ_29 /* Response.swift */; };
		OBJ_158 /* URLScheme.swift in Sources */ = {isa = PBXBuildFile; fileRef = OBJ_30 /* URLScheme.swift */; };
		OBJ_160 /* BrightFutures.framework in Frameworks */ = {isa = PBXBuildFile; fileRef = "BrightFutures::BrightFutures::Product" /* BrightFutures.framework */; };
		OBJ_161 /* Result.framework in Frameworks */ = {isa = PBXBuildFile; fileRef = "Result::Result::Product" /* Result.framework */; };
		OBJ_168 /* Async.swift in Sources */ = {isa = PBXBuildFile; fileRef = OBJ_57 /* Async.swift */; };
		OBJ_169 /* AsyncType+Debug.swift in Sources */ = {isa = PBXBuildFile; fileRef = OBJ_58 /* AsyncType+Debug.swift */; };
		OBJ_170 /* AsyncType+ResultType.swift in Sources */ = {isa = PBXBuildFile; fileRef = OBJ_59 /* AsyncType+ResultType.swift */; };
		OBJ_171 /* AsyncType.swift in Sources */ = {isa = PBXBuildFile; fileRef = OBJ_60 /* AsyncType.swift */; };
		OBJ_172 /* Dispatch+BrightFutures.swift in Sources */ = {isa = PBXBuildFile; fileRef = OBJ_61 /* Dispatch+BrightFutures.swift */; };
		OBJ_173 /* Errors.swift in Sources */ = {isa = PBXBuildFile; fileRef = OBJ_62 /* Errors.swift */; };
		OBJ_174 /* ExecutionContext.swift in Sources */ = {isa = PBXBuildFile; fileRef = OBJ_63 /* ExecutionContext.swift */; };
		OBJ_175 /* Future.swift in Sources */ = {isa = PBXBuildFile; fileRef = OBJ_64 /* Future.swift */; };
		OBJ_176 /* InvalidationToken.swift in Sources */ = {isa = PBXBuildFile; fileRef = OBJ_65 /* InvalidationToken.swift */; };
		OBJ_177 /* MutableAsyncType+ResultType.swift in Sources */ = {isa = PBXBuildFile; fileRef = OBJ_66 /* MutableAsyncType+ResultType.swift */; };
		OBJ_178 /* MutableAsyncType.swift in Sources */ = {isa = PBXBuildFile; fileRef = OBJ_67 /* MutableAsyncType.swift */; };
		OBJ_179 /* NSOperationQueue+BrightFutures.swift in Sources */ = {isa = PBXBuildFile; fileRef = OBJ_68 /* NSOperationQueue+BrightFutures.swift */; };
		OBJ_180 /* Number+BrightFutures.swift in Sources */ = {isa = PBXBuildFile; fileRef = OBJ_69 /* Number+BrightFutures.swift */; };
		OBJ_181 /* Promise.swift in Sources */ = {isa = PBXBuildFile; fileRef = OBJ_70 /* Promise.swift */; };
		OBJ_182 /* Result+BrightFutures.swift in Sources */ = {isa = PBXBuildFile; fileRef = OBJ_71 /* Result+BrightFutures.swift */; };
		OBJ_183 /* SequenceType+BrightFutures.swift in Sources */ = {isa = PBXBuildFile; fileRef = OBJ_72 /* SequenceType+BrightFutures.swift */; };
		OBJ_185 /* Result.framework in Frameworks */ = {isa = PBXBuildFile; fileRef = "Result::Result::Product" /* Result.framework */; };
		OBJ_191 /* Result.swift in Sources */ = {isa = PBXBuildFile; fileRef = OBJ_76 /* Result.swift */; };
		OBJ_192 /* ResultProtocol.swift in Sources */ = {isa = PBXBuildFile; fileRef = OBJ_77 /* ResultProtocol.swift */; };
		OBJ_89 /* Package.swift in Sources */ = {isa = PBXBuildFile; fileRef = OBJ_6 /* Package.swift */; };
		OBJ_95 /* Package.swift in Sources */ = {isa = PBXBuildFile; fileRef = OBJ_73 /* Package.swift */; };
/* End PBXBuildFile section */

/* Begin PBXContainerItemProxy section */
		14C4BF942025C33C00938416 /* PBXContainerItemProxy */ = {
			isa = PBXContainerItemProxy;
			containerPortal = OBJ_1 /* Project object */;
			proxyType = 1;
			remoteGlobalIDString = "BrightFutures::BrightFutures";
			remoteInfo = BrightFutures;
		};
		14C4BF952025C33C00938416 /* PBXContainerItemProxy */ = {
			isa = PBXContainerItemProxy;
			containerPortal = OBJ_1 /* Project object */;
			proxyType = 1;
			remoteGlobalIDString = "Result::Result";
			remoteInfo = Result;
		};
		14C4BF962025C33C00938416 /* PBXContainerItemProxy */ = {
			isa = PBXContainerItemProxy;
			containerPortal = OBJ_1 /* Project object */;
			proxyType = 1;
			remoteGlobalIDString = "Result::Result";
			remoteInfo = Result;
		};
		14C4BF972025C33C00938416 /* PBXContainerItemProxy */ = {
			isa = PBXContainerItemProxy;
			containerPortal = OBJ_1 /* Project object */;
			proxyType = 1;
			remoteGlobalIDString = "Astral::Astral";
			remoteInfo = Astral;
		};
		14C4BF982025C33C00938416 /* PBXContainerItemProxy */ = {
			isa = PBXContainerItemProxy;
			containerPortal = OBJ_1 /* Project object */;
			proxyType = 1;
			remoteGlobalIDString = "BrightFutures::BrightFutures";
			remoteInfo = BrightFutures;
		};
		14C4BF992025C33C00938416 /* PBXContainerItemProxy */ = {
			isa = PBXContainerItemProxy;
			containerPortal = OBJ_1 /* Project object */;
			proxyType = 1;
			remoteGlobalIDString = "Result::Result";
			remoteInfo = Result;
		};
		14C4BF9A2025C33C00938416 /* PBXContainerItemProxy */ = {
			isa = PBXContainerItemProxy;
			containerPortal = OBJ_1 /* Project object */;
			proxyType = 1;
			remoteGlobalIDString = "Astral::AstralTests";
			remoteInfo = AstralTests;
		};
/* End PBXContainerItemProxy section */

/* Begin PBXFileReference section */
		14C4BF9C2025C55700938416 /* Astral.podspec */ = {isa = PBXFileReference; lastKnownFileType = text; path = Astral.podspec; sourceTree = "<group>"; };
		14C4BF9D2025C56E00938416 /* LICENSE */ = {isa = PBXFileReference; lastKnownFileType = text; path = LICENSE; sourceTree = "<group>"; };
		"Astral::Astral::Product" /* Astral.framework */ = {isa = PBXFileReference; explicitFileType = wrapper.framework; path = Astral.framework; sourceTree = BUILT_PRODUCTS_DIR; };
		"Astral::AstralTests::Product" /* AstralTests.xctest */ = {isa = PBXFileReference; lastKnownFileType = file; path = AstralTests.xctest; sourceTree = BUILT_PRODUCTS_DIR; };
		"BrightFutures::BrightFutures::Product" /* BrightFutures.framework */ = {isa = PBXFileReference; explicitFileType = wrapper.framework; path = BrightFutures.framework; sourceTree = BUILT_PRODUCTS_DIR; };
		OBJ_10 /* BaseRequestDispatcher.swift */ = {isa = PBXFileReference; lastKnownFileType = sourcecode.swift; path = BaseRequestDispatcher.swift; sourceTree = "<group>"; };
		OBJ_11 /* DataStrategy.swift */ = {isa = PBXFileReference; lastKnownFileType = sourcecode.swift; path = DataStrategy.swift; sourceTree = "<group>"; };
		OBJ_12 /* DownloadManager.swift */ = {isa = PBXFileReference; lastKnownFileType = sourcecode.swift; path = DownloadManager.swift; sourceTree = "<group>"; };
		OBJ_13 /* DownloadTracking.swift */ = {isa = PBXFileReference; lastKnownFileType = sourcecode.swift; path = DownloadTracking.swift; sourceTree = "<group>"; };
		OBJ_14 /* FormFile.swift */ = {isa = PBXFileReference; lastKnownFileType = sourcecode.swift; path = FormFile.swift; sourceTree = "<group>"; };
		OBJ_15 /* FormURLEncodedStrategy.swift */ = {isa = PBXFileReference; lastKnownFileType = sourcecode.swift; path = FormURLEncodedStrategy.swift; sourceTree = "<group>"; };
		OBJ_16 /* HTTPMethod.swift */ = {isa = PBXFileReference; lastKnownFileType = sourcecode.swift; path = HTTPMethod.swift; sourceTree = "<group>"; };
		OBJ_17 /* Header.swift */ = {isa = PBXFileReference; lastKnownFileType = sourcecode.swift; path = Header.swift; sourceTree = "<group>"; };
		OBJ_18 /* JSON.swift */ = {isa = PBXFileReference; lastKnownFileType = sourcecode.swift; path = JSON.swift; sourceTree = "<group>"; };
		OBJ_19 /* JSONResponse.swift */ = {isa = PBXFileReference; lastKnownFileType = sourcecode.swift; path = JSONResponse.swift; sourceTree = "<group>"; };
		OBJ_20 /* JSONStrategy.swift */ = {isa = PBXFileReference; lastKnownFileType = sourcecode.swift; path = JSONStrategy.swift; sourceTree = "<group>"; };
		OBJ_21 /* MediaType.swift */ = {isa = PBXFileReference; lastKnownFileType = sourcecode.swift; path = MediaType.swift; sourceTree = "<group>"; };
		OBJ_22 /* MultiPartFormDataRequest.swift */ = {isa = PBXFileReference; lastKnownFileType = sourcecode.swift; path = MultiPartFormDataRequest.swift; sourceTree = "<group>"; };
		OBJ_23 /* MultiPartFormDataStrategy.swift */ = {isa = PBXFileReference; lastKnownFileType = sourcecode.swift; path = MultiPartFormDataStrategy.swift; sourceTree = "<group>"; };
		OBJ_24 /* NetworkingError.swift */ = {isa = PBXFileReference; lastKnownFileType = sourcecode.swift; path = NetworkingError.swift; sourceTree = "<group>"; };
		OBJ_25 /* Request.swift */ = {isa = PBXFileReference; lastKnownFileType = sourcecode.swift; path = Request.swift; sourceTree = "<group>"; };
		OBJ_26 /* RequestBuilder.swift */ = {isa = PBXFileReference; lastKnownFileType = sourcecode.swift; path = RequestBuilder.swift; sourceTree = "<group>"; };
		OBJ_27 /* RequestConfiguration.swift */ = {isa = PBXFileReference; lastKnownFileType = sourcecode.swift; path = RequestConfiguration.swift; sourceTree = "<group>"; };
		OBJ_28 /* RequestDispatcher.swift */ = {isa = PBXFileReference; lastKnownFileType = sourcecode.swift; path = RequestDispatcher.swift; sourceTree = "<group>"; };
		OBJ_29 /* Response.swift */ = {isa = PBXFileReference; lastKnownFileType = sourcecode.swift; path = Response.swift; sourceTree = "<group>"; };
		OBJ_30 /* URLScheme.swift */ = {isa = PBXFileReference; lastKnownFileType = sourcecode.swift; path = URLScheme.swift; sourceTree = "<group>"; };
		OBJ_33 /* BasicConfiguration.swift */ = {isa = PBXFileReference; lastKnownFileType = sourcecode.swift; path = BasicConfiguration.swift; sourceTree = "<group>"; };
		OBJ_34 /* FormURLEncodedConfiguration.swift */ = {isa = PBXFileReference; lastKnownFileType = sourcecode.swift; path = FormURLEncodedConfiguration.swift; sourceTree = "<group>"; };
		OBJ_35 /* MultipartConfiguration.swift */ = {isa = PBXFileReference; lastKnownFileType = sourcecode.swift; path = MultipartConfiguration.swift; sourceTree = "<group>"; };
		OBJ_36 /* HeaderTests.swift */ = {isa = PBXFileReference; lastKnownFileType = sourcecode.swift; path = HeaderTests.swift; sourceTree = "<group>"; };
		OBJ_38 /* BasicGetRequest.swift */ = {isa = PBXFileReference; lastKnownFileType = sourcecode.swift; path = BasicGetRequest.swift; sourceTree = "<group>"; };
		OBJ_39 /* BasicMultipartFormDataRequest.swift */ = {isa = PBXFileReference; lastKnownFileType = sourcecode.swift; path = BasicMultipartFormDataRequest.swift; sourceTree = "<group>"; };
		OBJ_40 /* BasicPostRequest.swift */ = {isa = PBXFileReference; lastKnownFileType = sourcecode.swift; path = BasicPostRequest.swift; sourceTree = "<group>"; };
		OBJ_41 /* FormURLEncodedPostRequest.swift */ = {isa = PBXFileReference; lastKnownFileType = sourcecode.swift; path = FormURLEncodedPostRequest.swift; sourceTree = "<group>"; };
		OBJ_42 /* ResponseTests.swift */ = {isa = PBXFileReference; lastKnownFileType = sourcecode.swift; path = ResponseTests.swift; sourceTree = "<group>"; };
		OBJ_44 /* FormURLEncodedResponse.swift */ = {isa = PBXFileReference; lastKnownFileType = sourcecode.swift; path = FormURLEncodedResponse.swift; sourceTree = "<group>"; };
		OBJ_45 /* GetResponse.swift */ = {isa = PBXFileReference; lastKnownFileType = sourcecode.swift; path = GetResponse.swift; sourceTree = "<group>"; };
		OBJ_46 /* MultipartFormDataResponse.swift */ = {isa = PBXFileReference; lastKnownFileType = sourcecode.swift; path = MultipartFormDataResponse.swift; sourceTree = "<group>"; };
		OBJ_47 /* PostResponse.swift */ = {isa = PBXFileReference; lastKnownFileType = sourcecode.swift; path = PostResponse.swift; sourceTree = "<group>"; };
		OBJ_49 /* BinData.swift */ = {isa = PBXFileReference; lastKnownFileType = sourcecode.swift; path = BinData.swift; sourceTree = "<group>"; };
		OBJ_50 /* BinHeaders.swift */ = {isa = PBXFileReference; lastKnownFileType = sourcecode.swift; path = BinHeaders.swift; sourceTree = "<group>"; };
		OBJ_51 /* Astral.xcworkspace */ = {isa = PBXFileReference; lastKnownFileType = wrapper.workspace; path = Astral.xcworkspace; sourceTree = SOURCE_ROOT; };
		OBJ_52 /* Pods */ = {isa = PBXFileReference; lastKnownFileType = folder; path = Pods; sourceTree = SOURCE_ROOT; };
		OBJ_53 /* Supporting Files */ = {isa = PBXFileReference; lastKnownFileType = folder; path = "Supporting Files"; sourceTree = SOURCE_ROOT; };
		OBJ_57 /* Async.swift */ = {isa = PBXFileReference; lastKnownFileType = sourcecode.swift; path = Async.swift; sourceTree = "<group>"; };
		OBJ_58 /* AsyncType+Debug.swift */ = {isa = PBXFileReference; lastKnownFileType = sourcecode.swift; path = "AsyncType+Debug.swift"; sourceTree = "<group>"; };
		OBJ_59 /* AsyncType+ResultType.swift */ = {isa = PBXFileReference; lastKnownFileType = sourcecode.swift; path = "AsyncType+ResultType.swift"; sourceTree = "<group>"; };
		OBJ_6 /* Package.swift */ = {isa = PBXFileReference; explicitFileType = sourcecode.swift; path = Package.swift; sourceTree = "<group>"; };
		OBJ_60 /* AsyncType.swift */ = {isa = PBXFileReference; lastKnownFileType = sourcecode.swift; path = AsyncType.swift; sourceTree = "<group>"; };
		OBJ_61 /* Dispatch+BrightFutures.swift */ = {isa = PBXFileReference; lastKnownFileType = sourcecode.swift; path = "Dispatch+BrightFutures.swift"; sourceTree = "<group>"; };
		OBJ_62 /* Errors.swift */ = {isa = PBXFileReference; lastKnownFileType = sourcecode.swift; path = Errors.swift; sourceTree = "<group>"; };
		OBJ_63 /* ExecutionContext.swift */ = {isa = PBXFileReference; lastKnownFileType = sourcecode.swift; path = ExecutionContext.swift; sourceTree = "<group>"; };
		OBJ_64 /* Future.swift */ = {isa = PBXFileReference; lastKnownFileType = sourcecode.swift; path = Future.swift; sourceTree = "<group>"; };
		OBJ_65 /* InvalidationToken.swift */ = {isa = PBXFileReference; lastKnownFileType = sourcecode.swift; path = InvalidationToken.swift; sourceTree = "<group>"; };
		OBJ_66 /* MutableAsyncType+ResultType.swift */ = {isa = PBXFileReference; lastKnownFileType = sourcecode.swift; path = "MutableAsyncType+ResultType.swift"; sourceTree = "<group>"; };
		OBJ_67 /* MutableAsyncType.swift */ = {isa = PBXFileReference; lastKnownFileType = sourcecode.swift; path = MutableAsyncType.swift; sourceTree = "<group>"; };
		OBJ_68 /* NSOperationQueue+BrightFutures.swift */ = {isa = PBXFileReference; lastKnownFileType = sourcecode.swift; path = "NSOperationQueue+BrightFutures.swift"; sourceTree = "<group>"; };
		OBJ_69 /* Number+BrightFutures.swift */ = {isa = PBXFileReference; lastKnownFileType = sourcecode.swift; path = "Number+BrightFutures.swift"; sourceTree = "<group>"; };
		OBJ_70 /* Promise.swift */ = {isa = PBXFileReference; lastKnownFileType = sourcecode.swift; path = Promise.swift; sourceTree = "<group>"; };
		OBJ_71 /* Result+BrightFutures.swift */ = {isa = PBXFileReference; lastKnownFileType = sourcecode.swift; path = "Result+BrightFutures.swift"; sourceTree = "<group>"; };
		OBJ_72 /* SequenceType+BrightFutures.swift */ = {isa = PBXFileReference; lastKnownFileType = sourcecode.swift; path = "SequenceType+BrightFutures.swift"; sourceTree = "<group>"; };
		OBJ_73 /* Package.swift */ = {isa = PBXFileReference; explicitFileType = sourcecode.swift; name = Package.swift; path = "/Users/hooliooo/Swift Frameworks/Astral/.build/checkouts/BrightFutures-1253803234394282328/Package.swift"; sourceTree = "<group>"; };
		OBJ_76 /* Result.swift */ = {isa = PBXFileReference; lastKnownFileType = sourcecode.swift; path = Result.swift; sourceTree = "<group>"; };
		OBJ_77 /* ResultProtocol.swift */ = {isa = PBXFileReference; lastKnownFileType = sourcecode.swift; path = ResultProtocol.swift; sourceTree = "<group>"; };
		OBJ_78 /* Package.swift */ = {isa = PBXFileReference; explicitFileType = sourcecode.swift; name = Package.swift; path = "/Users/hooliooo/Swift Frameworks/Astral/.build/checkouts/Result.git-8684547452332391156/Package.swift"; sourceTree = "<group>"; };
		OBJ_8 /* AbstractDownloadTracker.swift */ = {isa = PBXFileReference; lastKnownFileType = sourcecode.swift; path = AbstractDownloadTracker.swift; sourceTree = "<group>"; };
		OBJ_9 /* BaseRequestBuilder.swift */ = {isa = PBXFileReference; lastKnownFileType = sourcecode.swift; path = BaseRequestBuilder.swift; sourceTree = "<group>"; };
		"Result::Result::Product" /* Result.framework */ = {isa = PBXFileReference; explicitFileType = wrapper.framework; path = Result.framework; sourceTree = BUILT_PRODUCTS_DIR; };
/* End PBXFileReference section */

/* Begin PBXFrameworksBuildPhase section */
		OBJ_122 /* Frameworks */ = {
			isa = PBXFrameworksBuildPhase;
			buildActionMask = 0;
			files = (
				OBJ_123 /* Astral.framework in Frameworks */,
				OBJ_124 /* BrightFutures.framework in Frameworks */,
				OBJ_125 /* Result.framework in Frameworks */,
			);
			runOnlyForDeploymentPostprocessing = 0;
		};
		OBJ_159 /* Frameworks */ = {
			isa = PBXFrameworksBuildPhase;
			buildActionMask = 0;
			files = (
				OBJ_160 /* BrightFutures.framework in Frameworks */,
				OBJ_161 /* Result.framework in Frameworks */,
			);
			runOnlyForDeploymentPostprocessing = 0;
		};
		OBJ_184 /* Frameworks */ = {
			isa = PBXFrameworksBuildPhase;
			buildActionMask = 0;
			files = (
				OBJ_185 /* Result.framework in Frameworks */,
			);
			runOnlyForDeploymentPostprocessing = 0;
		};
		OBJ_193 /* Frameworks */ = {
			isa = PBXFrameworksBuildPhase;
			buildActionMask = 0;
			files = (
			);
			runOnlyForDeploymentPostprocessing = 0;
		};
/* End PBXFrameworksBuildPhase section */

/* Begin PBXGroup section */
		14C4BF9B2025C53C00938416 /* Meta Data */ = {
			isa = PBXGroup;
			children = (
				14C4BF9C2025C55700938416 /* Astral.podspec */,
				14C4BF9D2025C56E00938416 /* LICENSE */,
				OBJ_6 /* Package.swift */,
			);
			name = "Meta Data";
			sourceTree = "<group>";
		};
		OBJ_31 /* Tests */ = {
			isa = PBXGroup;
			children = (
				OBJ_32 /* Configurations */,
				OBJ_36 /* HeaderTests.swift */,
				OBJ_37 /* Requests */,
				OBJ_42 /* ResponseTests.swift */,
				OBJ_43 /* Responses */,
				OBJ_48 /* Utilities */,
			);
			path = Tests;
			sourceTree = SOURCE_ROOT;
		};
		OBJ_32 /* Configurations */ = {
			isa = PBXGroup;
			children = (
				OBJ_33 /* BasicConfiguration.swift */,
				OBJ_34 /* FormURLEncodedConfiguration.swift */,
				OBJ_35 /* MultipartConfiguration.swift */,
			);
			path = Configurations;
			sourceTree = "<group>";
		};
		OBJ_37 /* Requests */ = {
			isa = PBXGroup;
			children = (
				OBJ_38 /* BasicGetRequest.swift */,
				OBJ_39 /* BasicMultipartFormDataRequest.swift */,
				OBJ_40 /* BasicPostRequest.swift */,
				OBJ_41 /* FormURLEncodedPostRequest.swift */,
			);
			path = Requests;
			sourceTree = "<group>";
		};
		OBJ_43 /* Responses */ = {
			isa = PBXGroup;
			children = (
				OBJ_44 /* FormURLEncodedResponse.swift */,
				OBJ_45 /* GetResponse.swift */,
				OBJ_46 /* MultipartFormDataResponse.swift */,
				OBJ_47 /* PostResponse.swift */,
			);
			path = Responses;
			sourceTree = "<group>";
		};
		OBJ_48 /* Utilities */ = {
			isa = PBXGroup;
			children = (
				OBJ_49 /* BinData.swift */,
				OBJ_50 /* BinHeaders.swift */,
			);
			path = Utilities;
			sourceTree = "<group>";
		};
		OBJ_5 = {
			isa = PBXGroup;
			children = (
				14C4BF9B2025C53C00938416 /* Meta Data */,
				OBJ_7 /* Sources */,
				OBJ_31 /* Tests */,
				OBJ_51 /* Astral.xcworkspace */,
				OBJ_52 /* Pods */,
				OBJ_53 /* Supporting Files */,
				OBJ_54 /* Dependencies */,
				OBJ_79 /* Products */,
			);
			sourceTree = "<group>";
		};
		OBJ_54 /* Dependencies */ = {
			isa = PBXGroup;
			children = (
				OBJ_55 /* BrightFutures 6.0.0 */,
				OBJ_74 /* Result 3.2.4 */,
			);
			name = Dependencies;
			sourceTree = "<group>";
		};
		OBJ_55 /* BrightFutures 6.0.0 */ = {
			isa = PBXGroup;
			children = (
				OBJ_56 /* BrightFutures */,
				OBJ_73 /* Package.swift */,
			);
			name = "BrightFutures 6.0.0";
			sourceTree = SOURCE_ROOT;
		};
		OBJ_56 /* BrightFutures */ = {
			isa = PBXGroup;
			children = (
				OBJ_57 /* Async.swift */,
				OBJ_58 /* AsyncType+Debug.swift */,
				OBJ_59 /* AsyncType+ResultType.swift */,
				OBJ_60 /* AsyncType.swift */,
				OBJ_61 /* Dispatch+BrightFutures.swift */,
				OBJ_62 /* Errors.swift */,
				OBJ_63 /* ExecutionContext.swift */,
				OBJ_64 /* Future.swift */,
				OBJ_65 /* InvalidationToken.swift */,
				OBJ_66 /* MutableAsyncType+ResultType.swift */,
				OBJ_67 /* MutableAsyncType.swift */,
				OBJ_68 /* NSOperationQueue+BrightFutures.swift */,
				OBJ_69 /* Number+BrightFutures.swift */,
				OBJ_70 /* Promise.swift */,
				OBJ_71 /* Result+BrightFutures.swift */,
				OBJ_72 /* SequenceType+BrightFutures.swift */,
			);
			name = BrightFutures;
			path = ".build/checkouts/BrightFutures-1253803234394282328/Sources/BrightFutures";
			sourceTree = SOURCE_ROOT;
		};
		OBJ_7 /* Sources */ = {
			isa = PBXGroup;
			children = (
				OBJ_8 /* AbstractDownloadTracker.swift */,
				OBJ_9 /* BaseRequestBuilder.swift */,
				OBJ_10 /* BaseRequestDispatcher.swift */,
				OBJ_11 /* DataStrategy.swift */,
				OBJ_12 /* DownloadManager.swift */,
				OBJ_13 /* DownloadTracking.swift */,
				OBJ_14 /* FormFile.swift */,
				OBJ_15 /* FormURLEncodedStrategy.swift */,
				OBJ_16 /* HTTPMethod.swift */,
				OBJ_17 /* Header.swift */,
				OBJ_18 /* JSON.swift */,
				OBJ_19 /* JSONResponse.swift */,
				OBJ_20 /* JSONStrategy.swift */,
				OBJ_21 /* MediaType.swift */,
				OBJ_22 /* MultiPartFormDataRequest.swift */,
				OBJ_23 /* MultiPartFormDataStrategy.swift */,
				OBJ_24 /* NetworkingError.swift */,
				OBJ_25 /* Request.swift */,
				OBJ_26 /* RequestBuilder.swift */,
				OBJ_27 /* RequestConfiguration.swift */,
				OBJ_28 /* RequestDispatcher.swift */,
				OBJ_29 /* Response.swift */,
				OBJ_30 /* URLScheme.swift */,
			);
			path = Sources;
			sourceTree = SOURCE_ROOT;
		};
		OBJ_74 /* Result 3.2.4 */ = {
			isa = PBXGroup;
			children = (
				OBJ_75 /* Result */,
				OBJ_78 /* Package.swift */,
			);
			name = "Result 3.2.4";
			sourceTree = SOURCE_ROOT;
		};
		OBJ_75 /* Result */ = {
			isa = PBXGroup;
			children = (
				OBJ_76 /* Result.swift */,
				OBJ_77 /* ResultProtocol.swift */,
			);
			name = Result;
			path = ".build/checkouts/Result.git-8684547452332391156/Result";
			sourceTree = SOURCE_ROOT;
		};
		OBJ_79 /* Products */ = {
			isa = PBXGroup;
			children = (
				"Astral::AstralTests::Product" /* AstralTests.xctest */,
				"Astral::Astral::Product" /* Astral.framework */,
				"BrightFutures::BrightFutures::Product" /* BrightFutures.framework */,
				"Result::Result::Product" /* Result.framework */,
			);
			name = Products;
			sourceTree = BUILT_PRODUCTS_DIR;
		};
/* End PBXGroup section */

/* Begin PBXNativeTarget section */
		"Astral::Astral" /* Astral */ = {
			isa = PBXNativeTarget;
			buildConfigurationList = OBJ_132 /* Build configuration list for PBXNativeTarget "Astral" */;
			buildPhases = (
				OBJ_135 /* Sources */,
				OBJ_159 /* Frameworks */,
			);
			buildRules = (
			);
			dependencies = (
				OBJ_162 /* PBXTargetDependency */,
				OBJ_163 /* PBXTargetDependency */,
			);
			name = Astral;
			productName = Astral;
			productReference = "Astral::Astral::Product" /* Astral.framework */;
			productType = "com.apple.product-type.framework";
		};
		"Astral::AstralTests" /* AstralTests */ = {
			isa = PBXNativeTarget;
			buildConfigurationList = OBJ_103 /* Build configuration list for PBXNativeTarget "AstralTests" */;
			buildPhases = (
				OBJ_106 /* Sources */,
				OBJ_122 /* Frameworks */,
			);
			buildRules = (
			);
			dependencies = (
				OBJ_126 /* PBXTargetDependency */,
				OBJ_128 /* PBXTargetDependency */,
				OBJ_130 /* PBXTargetDependency */,
			);
			name = AstralTests;
			productName = AstralTests;
			productReference = "Astral::AstralTests::Product" /* AstralTests.xctest */;
			productType = "com.apple.product-type.bundle.unit-test";
		};
		"Astral::SwiftPMPackageDescription" /* AstralPackageDescription */ = {
			isa = PBXNativeTarget;
			buildConfigurationList = OBJ_85 /* Build configuration list for PBXNativeTarget "AstralPackageDescription" */;
			buildPhases = (
				OBJ_88 /* Sources */,
			);
			buildRules = (
			);
			dependencies = (
			);
			name = AstralPackageDescription;
			productName = AstralPackageDescription;
			productType = "com.apple.product-type.framework";
		};
		"BrightFutures::BrightFutures" /* BrightFutures */ = {
			isa = PBXNativeTarget;
			buildConfigurationList = OBJ_164 /* Build configuration list for PBXNativeTarget "BrightFutures" */;
			buildPhases = (
				OBJ_167 /* Sources */,
				OBJ_184 /* Frameworks */,
			);
			buildRules = (
			);
			dependencies = (
				OBJ_186 /* PBXTargetDependency */,
			);
			name = BrightFutures;
			productName = BrightFutures;
			productReference = "BrightFutures::BrightFutures::Product" /* BrightFutures.framework */;
			productType = "com.apple.product-type.framework";
		};
		"BrightFutures::SwiftPMPackageDescription" /* BrightFuturesPackageDescription */ = {
			isa = PBXNativeTarget;
			buildConfigurationList = OBJ_91 /* Build configuration list for PBXNativeTarget "BrightFuturesPackageDescription" */;
			buildPhases = (
				OBJ_94 /* Sources */,
			);
			buildRules = (
			);
			dependencies = (
			);
			name = BrightFuturesPackageDescription;
			productName = BrightFuturesPackageDescription;
			productType = "com.apple.product-type.framework";
		};
		"Result::Result" /* Result */ = {
			isa = PBXNativeTarget;
			buildConfigurationList = OBJ_187 /* Build configuration list for PBXNativeTarget "Result" */;
			buildPhases = (
				OBJ_190 /* Sources */,
				OBJ_193 /* Frameworks */,
			);
			buildRules = (
			);
			dependencies = (
			);
			name = Result;
			productName = Result;
			productReference = "Result::Result::Product" /* Result.framework */;
			productType = "com.apple.product-type.framework";
		};
		"Result::SwiftPMPackageDescription" /* ResultPackageDescription */ = {
			isa = PBXNativeTarget;
			buildConfigurationList = OBJ_97 /* Build configuration list for PBXNativeTarget "ResultPackageDescription" */;
			buildPhases = (
				OBJ_100 /* Sources */,
			);
			buildRules = (
			);
			dependencies = (
			);
			name = ResultPackageDescription;
			productName = ResultPackageDescription;
			productType = "com.apple.product-type.framework";
		};
/* End PBXNativeTarget section */

/* Begin PBXProject section */
		OBJ_1 /* Project object */ = {
			isa = PBXProject;
			attributes = {
				LastUpgradeCheck = 9999;
			};
			buildConfigurationList = OBJ_2 /* Build configuration list for PBXProject "Astral" */;
			compatibilityVersion = "Xcode 3.2";
			developmentRegion = English;
			hasScannedForEncodings = 0;
			knownRegions = (
				en,
			);
			mainGroup = OBJ_5;
			productRefGroup = OBJ_79 /* Products */;
			projectDirPath = "";
			projectRoot = "";
			targets = (
				"Astral::SwiftPMPackageDescription" /* AstralPackageDescription */,
				"BrightFutures::SwiftPMPackageDescription" /* BrightFuturesPackageDescription */,
				"Result::SwiftPMPackageDescription" /* ResultPackageDescription */,
				"Astral::AstralTests" /* AstralTests */,
				"Astral::Astral" /* Astral */,
				"BrightFutures::BrightFutures" /* BrightFutures */,
				"Result::Result" /* Result */,
				"Astral::AstralPackageTests::ProductTarget" /* AstralPackageTests */,
			);
		};
/* End PBXProject section */

/* Begin PBXSourcesBuildPhase section */
		OBJ_100 /* Sources */ = {
			isa = PBXSourcesBuildPhase;
			buildActionMask = 0;
			files = (
				OBJ_101 /* Package.swift in Sources */,
			);
			runOnlyForDeploymentPostprocessing = 0;
		};
		OBJ_106 /* Sources */ = {
			isa = PBXSourcesBuildPhase;
			buildActionMask = 0;
			files = (
				OBJ_107 /* BasicConfiguration.swift in Sources */,
				OBJ_108 /* FormURLEncodedConfiguration.swift in Sources */,
				OBJ_109 /* MultipartConfiguration.swift in Sources */,
				OBJ_110 /* HeaderTests.swift in Sources */,
				OBJ_111 /* BasicGetRequest.swift in Sources */,
				OBJ_112 /* BasicMultipartFormDataRequest.swift in Sources */,
				OBJ_113 /* BasicPostRequest.swift in Sources */,
				OBJ_114 /* FormURLEncodedPostRequest.swift in Sources */,
				OBJ_115 /* ResponseTests.swift in Sources */,
				OBJ_116 /* FormURLEncodedResponse.swift in Sources */,
				OBJ_117 /* GetResponse.swift in Sources */,
				OBJ_118 /* MultipartFormDataResponse.swift in Sources */,
				OBJ_119 /* PostResponse.swift in Sources */,
				OBJ_120 /* BinData.swift in Sources */,
				OBJ_121 /* BinHeaders.swift in Sources */,
			);
			runOnlyForDeploymentPostprocessing = 0;
		};
		OBJ_135 /* Sources */ = {
			isa = PBXSourcesBuildPhase;
			buildActionMask = 0;
			files = (
				OBJ_136 /* AbstractDownloadTracker.swift in Sources */,
				OBJ_137 /* BaseRequestBuilder.swift in Sources */,
				OBJ_138 /* BaseRequestDispatcher.swift in Sources */,
				OBJ_139 /* DataStrategy.swift in Sources */,
				OBJ_140 /* DownloadManager.swift in Sources */,
				OBJ_141 /* DownloadTracking.swift in Sources */,
				OBJ_142 /* FormFile.swift in Sources */,
				OBJ_143 /* FormURLEncodedStrategy.swift in Sources */,
				OBJ_144 /* HTTPMethod.swift in Sources */,
				OBJ_145 /* Header.swift in Sources */,
				OBJ_146 /* JSON.swift in Sources */,
				OBJ_147 /* JSONResponse.swift in Sources */,
				OBJ_148 /* JSONStrategy.swift in Sources */,
				OBJ_149 /* MediaType.swift in Sources */,
				OBJ_150 /* MultiPartFormDataRequest.swift in Sources */,
				OBJ_151 /* MultiPartFormDataStrategy.swift in Sources */,
				OBJ_152 /* NetworkingError.swift in Sources */,
				OBJ_153 /* Request.swift in Sources */,
				OBJ_154 /* RequestBuilder.swift in Sources */,
				OBJ_155 /* RequestConfiguration.swift in Sources */,
				OBJ_156 /* RequestDispatcher.swift in Sources */,
				OBJ_157 /* Response.swift in Sources */,
				OBJ_158 /* URLScheme.swift in Sources */,
			);
			runOnlyForDeploymentPostprocessing = 0;
		};
		OBJ_167 /* Sources */ = {
			isa = PBXSourcesBuildPhase;
			buildActionMask = 0;
			files = (
				OBJ_168 /* Async.swift in Sources */,
				OBJ_169 /* AsyncType+Debug.swift in Sources */,
				OBJ_170 /* AsyncType+ResultType.swift in Sources */,
				OBJ_171 /* AsyncType.swift in Sources */,
				OBJ_172 /* Dispatch+BrightFutures.swift in Sources */,
				OBJ_173 /* Errors.swift in Sources */,
				OBJ_174 /* ExecutionContext.swift in Sources */,
				OBJ_175 /* Future.swift in Sources */,
				OBJ_176 /* InvalidationToken.swift in Sources */,
				OBJ_177 /* MutableAsyncType+ResultType.swift in Sources */,
				OBJ_178 /* MutableAsyncType.swift in Sources */,
				OBJ_179 /* NSOperationQueue+BrightFutures.swift in Sources */,
				OBJ_180 /* Number+BrightFutures.swift in Sources */,
				OBJ_181 /* Promise.swift in Sources */,
				OBJ_182 /* Result+BrightFutures.swift in Sources */,
				OBJ_183 /* SequenceType+BrightFutures.swift in Sources */,
			);
			runOnlyForDeploymentPostprocessing = 0;
		};
		OBJ_190 /* Sources */ = {
			isa = PBXSourcesBuildPhase;
			buildActionMask = 0;
			files = (
				OBJ_191 /* Result.swift in Sources */,
				OBJ_192 /* ResultProtocol.swift in Sources */,
			);
			runOnlyForDeploymentPostprocessing = 0;
		};
		OBJ_88 /* Sources */ = {
			isa = PBXSourcesBuildPhase;
			buildActionMask = 0;
			files = (
				OBJ_89 /* Package.swift in Sources */,
			);
			runOnlyForDeploymentPostprocessing = 0;
		};
		OBJ_94 /* Sources */ = {
			isa = PBXSourcesBuildPhase;
			buildActionMask = 0;
			files = (
				OBJ_95 /* Package.swift in Sources */,
			);
			runOnlyForDeploymentPostprocessing = 0;
		};
/* End PBXSourcesBuildPhase section */

/* Begin PBXTargetDependency section */
		OBJ_126 /* PBXTargetDependency */ = {
			isa = PBXTargetDependency;
			target = "Astral::Astral" /* Astral */;
			targetProxy = 14C4BF972025C33C00938416 /* PBXContainerItemProxy */;
		};
		OBJ_128 /* PBXTargetDependency */ = {
			isa = PBXTargetDependency;
			target = "BrightFutures::BrightFutures" /* BrightFutures */;
			targetProxy = 14C4BF982025C33C00938416 /* PBXContainerItemProxy */;
		};
		OBJ_130 /* PBXTargetDependency */ = {
			isa = PBXTargetDependency;
			target = "Result::Result" /* Result */;
			targetProxy = 14C4BF992025C33C00938416 /* PBXContainerItemProxy */;
		};
		OBJ_162 /* PBXTargetDependency */ = {
			isa = PBXTargetDependency;
			target = "BrightFutures::BrightFutures" /* BrightFutures */;
			targetProxy = 14C4BF942025C33C00938416 /* PBXContainerItemProxy */;
		};
		OBJ_163 /* PBXTargetDependency */ = {
			isa = PBXTargetDependency;
			target = "Result::Result" /* Result */;
			targetProxy = 14C4BF962025C33C00938416 /* PBXContainerItemProxy */;
		};
		OBJ_186 /* PBXTargetDependency */ = {
			isa = PBXTargetDependency;
			target = "Result::Result" /* Result */;
			targetProxy = 14C4BF952025C33C00938416 /* PBXContainerItemProxy */;
		};
		OBJ_198 /* PBXTargetDependency */ = {
			isa = PBXTargetDependency;
			target = "Astral::AstralTests" /* AstralTests */;
			targetProxy = 14C4BF9A2025C33C00938416 /* PBXContainerItemProxy */;
		};
/* End PBXTargetDependency section */

/* Begin XCBuildConfiguration section */
		OBJ_104 /* Debug */ = {
			isa = XCBuildConfiguration;
			buildSettings = {
				EMBEDDED_CONTENT_CONTAINS_SWIFT = YES;
				FRAMEWORK_SEARCH_PATHS = (
					"$(inherited)",
					"$(PLATFORM_DIR)/Developer/Library/Frameworks",
				);
				HEADER_SEARCH_PATHS = "$(inherited)";
				INFOPLIST_FILE = Astral.xcodeproj/AstralTests_Info.plist;
				LD_RUNPATH_SEARCH_PATHS = "@loader_path/../Frameworks @loader_path/Frameworks";
				OTHER_LDFLAGS = "$(inherited)";
				OTHER_SWIFT_FLAGS = "$(inherited)";
				SWIFT_VERSION = 4.0;
				TARGET_NAME = AstralTests;
			};
			name = Debug;
		};
		OBJ_105 /* Release */ = {
			isa = XCBuildConfiguration;
			buildSettings = {
				EMBEDDED_CONTENT_CONTAINS_SWIFT = YES;
				FRAMEWORK_SEARCH_PATHS = (
					"$(inherited)",
					"$(PLATFORM_DIR)/Developer/Library/Frameworks",
				);
				HEADER_SEARCH_PATHS = "$(inherited)";
				INFOPLIST_FILE = Astral.xcodeproj/AstralTests_Info.plist;
				LD_RUNPATH_SEARCH_PATHS = "@loader_path/../Frameworks @loader_path/Frameworks";
				OTHER_LDFLAGS = "$(inherited)";
				OTHER_SWIFT_FLAGS = "$(inherited)";
				SWIFT_VERSION = 4.0;
				TARGET_NAME = AstralTests;
			};
			name = Release;
		};
		OBJ_133 /* Debug */ = {
			isa = XCBuildConfiguration;
			buildSettings = {
				ENABLE_TESTABILITY = YES;
				FRAMEWORK_SEARCH_PATHS = (
					"$(inherited)",
					"$(PLATFORM_DIR)/Developer/Library/Frameworks",
				);
				HEADER_SEARCH_PATHS = "$(inherited)";
				INFOPLIST_FILE = Astral.xcodeproj/Astral_Info.plist;
				LD_RUNPATH_SEARCH_PATHS = "$(TOOLCHAIN_DIR)/usr/lib/swift/macosx";
				OTHER_LDFLAGS = "$(inherited)";
				OTHER_SWIFT_FLAGS = "$(inherited)";
				PRODUCT_BUNDLE_IDENTIFIER = Astral;
				PRODUCT_MODULE_NAME = "$(TARGET_NAME:c99extidentifier)";
				PRODUCT_NAME = "$(TARGET_NAME:c99extidentifier)";
				SKIP_INSTALL = YES;
				SWIFT_VERSION = 4.0;
				TARGET_NAME = Astral;
			};
			name = Debug;
		};
		OBJ_134 /* Release */ = {
			isa = XCBuildConfiguration;
			buildSettings = {
				ENABLE_TESTABILITY = YES;
				FRAMEWORK_SEARCH_PATHS = (
					"$(inherited)",
					"$(PLATFORM_DIR)/Developer/Library/Frameworks",
				);
				HEADER_SEARCH_PATHS = "$(inherited)";
				INFOPLIST_FILE = Astral.xcodeproj/Astral_Info.plist;
				LD_RUNPATH_SEARCH_PATHS = "$(TOOLCHAIN_DIR)/usr/lib/swift/macosx";
				OTHER_LDFLAGS = "$(inherited)";
				OTHER_SWIFT_FLAGS = "$(inherited)";
				PRODUCT_BUNDLE_IDENTIFIER = Astral;
				PRODUCT_MODULE_NAME = "$(TARGET_NAME:c99extidentifier)";
				PRODUCT_NAME = "$(TARGET_NAME:c99extidentifier)";
				SKIP_INSTALL = YES;
				SWIFT_VERSION = 4.0;
				TARGET_NAME = Astral;
			};
			name = Release;
		};
		OBJ_165 /* Debug */ = {
			isa = XCBuildConfiguration;
			buildSettings = {
				ENABLE_TESTABILITY = YES;
				FRAMEWORK_SEARCH_PATHS = (
					"$(inherited)",
					"$(PLATFORM_DIR)/Developer/Library/Frameworks",
				);
				HEADER_SEARCH_PATHS = "$(inherited)";
				INFOPLIST_FILE = Astral.xcodeproj/BrightFutures_Info.plist;
				LD_RUNPATH_SEARCH_PATHS = "$(TOOLCHAIN_DIR)/usr/lib/swift/macosx";
				OTHER_LDFLAGS = "$(inherited)";
				OTHER_SWIFT_FLAGS = "$(inherited)";
				PRODUCT_BUNDLE_IDENTIFIER = BrightFutures;
				PRODUCT_MODULE_NAME = "$(TARGET_NAME:c99extidentifier)";
				PRODUCT_NAME = "$(TARGET_NAME:c99extidentifier)";
				SKIP_INSTALL = YES;
				SWIFT_VERSION = 3.0;
				TARGET_NAME = BrightFutures;
			};
			name = Debug;
		};
		OBJ_166 /* Release */ = {
			isa = XCBuildConfiguration;
			buildSettings = {
				ENABLE_TESTABILITY = YES;
				FRAMEWORK_SEARCH_PATHS = (
					"$(inherited)",
					"$(PLATFORM_DIR)/Developer/Library/Frameworks",
				);
				HEADER_SEARCH_PATHS = "$(inherited)";
				INFOPLIST_FILE = Astral.xcodeproj/BrightFutures_Info.plist;
				LD_RUNPATH_SEARCH_PATHS = "$(TOOLCHAIN_DIR)/usr/lib/swift/macosx";
				OTHER_LDFLAGS = "$(inherited)";
				OTHER_SWIFT_FLAGS = "$(inherited)";
				PRODUCT_BUNDLE_IDENTIFIER = BrightFutures;
				PRODUCT_MODULE_NAME = "$(TARGET_NAME:c99extidentifier)";
				PRODUCT_NAME = "$(TARGET_NAME:c99extidentifier)";
				SKIP_INSTALL = YES;
				SWIFT_VERSION = 3.0;
				TARGET_NAME = BrightFutures;
			};
			name = Release;
		};
		OBJ_188 /* Debug */ = {
			isa = XCBuildConfiguration;
			buildSettings = {
				ENABLE_TESTABILITY = YES;
				FRAMEWORK_SEARCH_PATHS = (
					"$(inherited)",
					"$(PLATFORM_DIR)/Developer/Library/Frameworks",
				);
				HEADER_SEARCH_PATHS = "$(inherited)";
				INFOPLIST_FILE = Astral.xcodeproj/Result_Info.plist;
				LD_RUNPATH_SEARCH_PATHS = "$(TOOLCHAIN_DIR)/usr/lib/swift/macosx";
				OTHER_LDFLAGS = "$(inherited)";
				OTHER_SWIFT_FLAGS = "$(inherited)";
				PRODUCT_BUNDLE_IDENTIFIER = Result;
				PRODUCT_MODULE_NAME = "$(TARGET_NAME:c99extidentifier)";
				PRODUCT_NAME = "$(TARGET_NAME:c99extidentifier)";
				SKIP_INSTALL = YES;
				SWIFT_VERSION = 3.0;
				TARGET_NAME = Result;
			};
			name = Debug;
		};
		OBJ_189 /* Release */ = {
			isa = XCBuildConfiguration;
			buildSettings = {
				ENABLE_TESTABILITY = YES;
				FRAMEWORK_SEARCH_PATHS = (
					"$(inherited)",
					"$(PLATFORM_DIR)/Developer/Library/Frameworks",
				);
				HEADER_SEARCH_PATHS = "$(inherited)";
				INFOPLIST_FILE = Astral.xcodeproj/Result_Info.plist;
				LD_RUNPATH_SEARCH_PATHS = "$(TOOLCHAIN_DIR)/usr/lib/swift/macosx";
				OTHER_LDFLAGS = "$(inherited)";
				OTHER_SWIFT_FLAGS = "$(inherited)";
				PRODUCT_BUNDLE_IDENTIFIER = Result;
				PRODUCT_MODULE_NAME = "$(TARGET_NAME:c99extidentifier)";
				PRODUCT_NAME = "$(TARGET_NAME:c99extidentifier)";
				SKIP_INSTALL = YES;
				SWIFT_VERSION = 3.0;
				TARGET_NAME = Result;
			};
			name = Release;
		};
		OBJ_196 /* Debug */ = {
			isa = XCBuildConfiguration;
			buildSettings = {
			};
			name = Debug;
		};
		OBJ_197 /* Release */ = {
			isa = XCBuildConfiguration;
			buildSettings = {
			};
			name = Release;
		};
		OBJ_3 /* Debug */ = {
			isa = XCBuildConfiguration;
			buildSettings = {
				CLANG_ENABLE_OBJC_ARC = YES;
				COMBINE_HIDPI_IMAGES = YES;
				COPY_PHASE_STRIP = NO;
				DEBUG_INFORMATION_FORMAT = dwarf;
				DYLIB_INSTALL_NAME_BASE = "@rpath";
				ENABLE_NS_ASSERTIONS = YES;
				GCC_OPTIMIZATION_LEVEL = 0;
				MACOSX_DEPLOYMENT_TARGET = 10.10;
				ONLY_ACTIVE_ARCH = YES;
				OTHER_SWIFT_FLAGS = "-DXcode";
				PRODUCT_NAME = "$(TARGET_NAME)";
				SDKROOT = macosx;
				SUPPORTED_PLATFORMS = "macosx iphoneos iphonesimulator appletvos appletvsimulator watchos watchsimulator";
				SWIFT_ACTIVE_COMPILATION_CONDITIONS = SWIFT_PACKAGE;
				SWIFT_OPTIMIZATION_LEVEL = "-Onone";
				USE_HEADERMAP = NO;
			};
			name = Debug;
		};
		OBJ_4 /* Release */ = {
			isa = XCBuildConfiguration;
			buildSettings = {
				CLANG_ENABLE_OBJC_ARC = YES;
				COMBINE_HIDPI_IMAGES = YES;
				COPY_PHASE_STRIP = YES;
				DEBUG_INFORMATION_FORMAT = "dwarf-with-dsym";
				DYLIB_INSTALL_NAME_BASE = "@rpath";
				GCC_OPTIMIZATION_LEVEL = s;
				MACOSX_DEPLOYMENT_TARGET = 10.10;
				OTHER_SWIFT_FLAGS = "-DXcode";
				PRODUCT_NAME = "$(TARGET_NAME)";
				SDKROOT = macosx;
				SUPPORTED_PLATFORMS = "macosx iphoneos iphonesimulator appletvos appletvsimulator watchos watchsimulator";
				SWIFT_ACTIVE_COMPILATION_CONDITIONS = SWIFT_PACKAGE;
				SWIFT_OPTIMIZATION_LEVEL = "-Owholemodule";
				USE_HEADERMAP = NO;
			};
			name = Release;
		};
		OBJ_86 /* Debug */ = {
			isa = XCBuildConfiguration;
			buildSettings = {
				LD = /usr/bin/true;
				OTHER_SWIFT_FLAGS = "-swift-version 4 -I /Applications/Xcode.app/Contents/Developer/Toolchains/XcodeDefault.xctoolchain/usr/lib/swift/pm/4 -target x86_64-apple-macosx10.10 -sdk /Applications/Xcode.app/Contents/Developer/Platforms/MacOSX.platform/Developer/SDKs/MacOSX10.13.sdk";
				SWIFT_VERSION = 4.0;
			};
			name = Debug;
		};
		OBJ_87 /* Release */ = {
			isa = XCBuildConfiguration;
			buildSettings = {
				LD = /usr/bin/true;
				OTHER_SWIFT_FLAGS = "-swift-version 4 -I /Applications/Xcode.app/Contents/Developer/Toolchains/XcodeDefault.xctoolchain/usr/lib/swift/pm/4 -target x86_64-apple-macosx10.10 -sdk /Applications/Xcode.app/Contents/Developer/Platforms/MacOSX.platform/Developer/SDKs/MacOSX10.13.sdk";
				SWIFT_VERSION = 4.0;
			};
			name = Release;
		};
		OBJ_92 /* Debug */ = {
			isa = XCBuildConfiguration;
			buildSettings = {
				LD = /usr/bin/true;
				OTHER_SWIFT_FLAGS = "-swift-version 3 -I /Applications/Xcode.app/Contents/Developer/Toolchains/XcodeDefault.xctoolchain/usr/lib/swift/pm/3 -target x86_64-apple-macosx10.10 -sdk /Applications/Xcode.app/Contents/Developer/Platforms/MacOSX.platform/Developer/SDKs/MacOSX10.13.sdk";
				SWIFT_VERSION = 3.0;
			};
			name = Debug;
		};
		OBJ_93 /* Release */ = {
			isa = XCBuildConfiguration;
			buildSettings = {
				LD = /usr/bin/true;
				OTHER_SWIFT_FLAGS = "-swift-version 3 -I /Applications/Xcode.app/Contents/Developer/Toolchains/XcodeDefault.xctoolchain/usr/lib/swift/pm/3 -target x86_64-apple-macosx10.10 -sdk /Applications/Xcode.app/Contents/Developer/Platforms/MacOSX.platform/Developer/SDKs/MacOSX10.13.sdk";
				SWIFT_VERSION = 3.0;
			};
			name = Release;
		};
		OBJ_98 /* Debug */ = {
			isa = XCBuildConfiguration;
			buildSettings = {
				LD = /usr/bin/true;
				OTHER_SWIFT_FLAGS = "-swift-version 3 -I /Applications/Xcode.app/Contents/Developer/Toolchains/XcodeDefault.xctoolchain/usr/lib/swift/pm/3 -target x86_64-apple-macosx10.10 -sdk /Applications/Xcode.app/Contents/Developer/Platforms/MacOSX.platform/Developer/SDKs/MacOSX10.13.sdk";
				SWIFT_VERSION = 3.0;
			};
			name = Debug;
		};
		OBJ_99 /* Release */ = {
			isa = XCBuildConfiguration;
			buildSettings = {
				LD = /usr/bin/true;
				OTHER_SWIFT_FLAGS = "-swift-version 3 -I /Applications/Xcode.app/Contents/Developer/Toolchains/XcodeDefault.xctoolchain/usr/lib/swift/pm/3 -target x86_64-apple-macosx10.10 -sdk /Applications/Xcode.app/Contents/Developer/Platforms/MacOSX.platform/Developer/SDKs/MacOSX10.13.sdk";
				SWIFT_VERSION = 3.0;
			};
			name = Release;
		};
/* End XCBuildConfiguration section */

/* Begin XCConfigurationList section */
		OBJ_103 /* Build configuration list for PBXNativeTarget "AstralTests" */ = {
			isa = XCConfigurationList;
			buildConfigurations = (
				OBJ_104 /* Debug */,
				OBJ_105 /* Release */,
			);
			defaultConfigurationIsVisible = 0;
			defaultConfigurationName = Debug;
		};
		OBJ_132 /* Build configuration list for PBXNativeTarget "Astral" */ = {
			isa = XCConfigurationList;
			buildConfigurations = (
				OBJ_133 /* Debug */,
				OBJ_134 /* Release */,
			);
			defaultConfigurationIsVisible = 0;
			defaultConfigurationName = Debug;
		};
		OBJ_164 /* Build configuration list for PBXNativeTarget "BrightFutures" */ = {
			isa = XCConfigurationList;
			buildConfigurations = (
				OBJ_165 /* Debug */,
				OBJ_166 /* Release */,
			);
			defaultConfigurationIsVisible = 0;
			defaultConfigurationName = Debug;
		};
		OBJ_187 /* Build configuration list for PBXNativeTarget "Result" */ = {
			isa = XCConfigurationList;
			buildConfigurations = (
				OBJ_188 /* Debug */,
				OBJ_189 /* Release */,
			);
			defaultConfigurationIsVisible = 0;
			defaultConfigurationName = Debug;
		};
		OBJ_195 /* Build configuration list for PBXAggregateTarget "AstralPackageTests" */ = {
			isa = XCConfigurationList;
			buildConfigurations = (
				OBJ_196 /* Debug */,
				OBJ_197 /* Release */,
			);
			defaultConfigurationIsVisible = 0;
			defaultConfigurationName = Debug;
		};
		OBJ_2 /* Build configuration list for PBXProject "Astral" */ = {
			isa = XCConfigurationList;
			buildConfigurations = (
				OBJ_3 /* Debug */,
				OBJ_4 /* Release */,
			);
			defaultConfigurationIsVisible = 0;
			defaultConfigurationName = Debug;
		};
		OBJ_85 /* Build configuration list for PBXNativeTarget "AstralPackageDescription" */ = {
			isa = XCConfigurationList;
			buildConfigurations = (
				OBJ_86 /* Debug */,
				OBJ_87 /* Release */,
			);
			defaultConfigurationIsVisible = 0;
			defaultConfigurationName = Debug;
		};
		OBJ_91 /* Build configuration list for PBXNativeTarget "BrightFuturesPackageDescription" */ = {
			isa = XCConfigurationList;
			buildConfigurations = (
				OBJ_92 /* Debug */,
				OBJ_93 /* Release */,
			);
			defaultConfigurationIsVisible = 0;
			defaultConfigurationName = Debug;
		};
		OBJ_97 /* Build configuration list for PBXNativeTarget "ResultPackageDescription" */ = {
			isa = XCConfigurationList;
			buildConfigurations = (
				OBJ_98 /* Debug */,
				OBJ_99 /* Release */,
			);
			defaultConfigurationIsVisible = 0;
			defaultConfigurationName = Debug;
		};
/* End XCConfigurationList section */
	};
	rootObject = OBJ_1 /* Project object */;
}
