// !$*UTF8*$!
{
	archiveVersion = 1;
	classes = {
	};
	objectVersion = 48;
	objects = {

/* Begin PBXBuildFile section */
		14C4BFAF2026D12000938416 /* Foundation.framework in Frameworks */ = {isa = PBXBuildFile; fileRef = 14C4BFAE2026D12000938416 /* Foundation.framework */; };
		14C4BFBB2026DC2400938416 /* BrightFutures.framework in Frameworks */ = {isa = PBXBuildFile; fileRef = 14C4BFB72026DBC800938416 /* BrightFutures.framework */; };
		14C4BFBC2026DC2400938416 /* Result.framework in Frameworks */ = {isa = PBXBuildFile; fileRef = 14C4BFB92026DBD200938416 /* Result.framework */; };
		14C4BFBF2026DC2B00938416 /* AbstractDownloadTracker.swift in Sources */ = {isa = PBXBuildFile; fileRef = OBJ_8 /* AbstractDownloadTracker.swift */; };
		14C4BFC02026DC2B00938416 /* BaseRequestBuilder.swift in Sources */ = {isa = PBXBuildFile; fileRef = OBJ_9 /* BaseRequestBuilder.swift */; };
		14C4BFC12026DC2B00938416 /* BaseRequestDispatcher.swift in Sources */ = {isa = PBXBuildFile; fileRef = OBJ_10 /* BaseRequestDispatcher.swift */; };
		14C4BFC22026DC2B00938416 /* DataStrategy.swift in Sources */ = {isa = PBXBuildFile; fileRef = OBJ_11 /* DataStrategy.swift */; };
		14C4BFC32026DC2B00938416 /* DownloadManager.swift in Sources */ = {isa = PBXBuildFile; fileRef = OBJ_12 /* DownloadManager.swift */; };
		14C4BFC42026DC2B00938416 /* DownloadTracking.swift in Sources */ = {isa = PBXBuildFile; fileRef = OBJ_13 /* DownloadTracking.swift */; };
		14C4BFC52026DC2B00938416 /* FormFile.swift in Sources */ = {isa = PBXBuildFile; fileRef = OBJ_14 /* FormFile.swift */; };
		14C4BFC62026DC2B00938416 /* FormURLEncodedStrategy.swift in Sources */ = {isa = PBXBuildFile; fileRef = OBJ_15 /* FormURLEncodedStrategy.swift */; };
		14C4BFC72026DC2B00938416 /* HTTPMethod.swift in Sources */ = {isa = PBXBuildFile; fileRef = OBJ_16 /* HTTPMethod.swift */; };
		14C4BFC82026DC2B00938416 /* Header.swift in Sources */ = {isa = PBXBuildFile; fileRef = OBJ_17 /* Header.swift */; };
		14C4BFC92026DC2B00938416 /* JSON.swift in Sources */ = {isa = PBXBuildFile; fileRef = OBJ_18 /* JSON.swift */; };
		14C4BFCA2026DC2B00938416 /* JSONResponse.swift in Sources */ = {isa = PBXBuildFile; fileRef = OBJ_19 /* JSONResponse.swift */; };
		14C4BFCB2026DC2B00938416 /* JSONStrategy.swift in Sources */ = {isa = PBXBuildFile; fileRef = OBJ_20 /* JSONStrategy.swift */; };
		14C4BFCC2026DC2B00938416 /* MediaType.swift in Sources */ = {isa = PBXBuildFile; fileRef = OBJ_21 /* MediaType.swift */; };
		14C4BFCD2026DC2B00938416 /* MultiPartFormDataRequest.swift in Sources */ = {isa = PBXBuildFile; fileRef = OBJ_22 /* MultiPartFormDataRequest.swift */; };
		14C4BFCE2026DC2B00938416 /* MultiPartFormDataStrategy.swift in Sources */ = {isa = PBXBuildFile; fileRef = OBJ_23 /* MultiPartFormDataStrategy.swift */; };
		14C4BFCF2026DC2B00938416 /* NetworkingError.swift in Sources */ = {isa = PBXBuildFile; fileRef = OBJ_24 /* NetworkingError.swift */; };
		14C4BFD02026DC2B00938416 /* Request.swift in Sources */ = {isa = PBXBuildFile; fileRef = OBJ_25 /* Request.swift */; };
		14C4BFD12026DC2B00938416 /* RequestBuilder.swift in Sources */ = {isa = PBXBuildFile; fileRef = OBJ_26 /* RequestBuilder.swift */; };
		14C4BFD22026DC2B00938416 /* RequestConfiguration.swift in Sources */ = {isa = PBXBuildFile; fileRef = OBJ_27 /* RequestConfiguration.swift */; };
		14C4BFD32026DC2B00938416 /* RequestDispatcher.swift in Sources */ = {isa = PBXBuildFile; fileRef = OBJ_28 /* RequestDispatcher.swift */; };
		14C4BFD42026DC2B00938416 /* Response.swift in Sources */ = {isa = PBXBuildFile; fileRef = OBJ_29 /* Response.swift */; };
		14C4BFD52026DC2B00938416 /* URLScheme.swift in Sources */ = {isa = PBXBuildFile; fileRef = OBJ_30 /* URLScheme.swift */; };
		14C4C0072026DDAE00938416 /* AbstractDownloadTracker.swift in Sources */ = {isa = PBXBuildFile; fileRef = OBJ_8 /* AbstractDownloadTracker.swift */; };
		14C4C0082026DDAE00938416 /* BaseRequestBuilder.swift in Sources */ = {isa = PBXBuildFile; fileRef = OBJ_9 /* BaseRequestBuilder.swift */; };
		14C4C0092026DDAE00938416 /* BaseRequestDispatcher.swift in Sources */ = {isa = PBXBuildFile; fileRef = OBJ_10 /* BaseRequestDispatcher.swift */; };
		14C4C00A2026DDAE00938416 /* DataStrategy.swift in Sources */ = {isa = PBXBuildFile; fileRef = OBJ_11 /* DataStrategy.swift */; };
		14C4C00B2026DDAE00938416 /* DownloadManager.swift in Sources */ = {isa = PBXBuildFile; fileRef = OBJ_12 /* DownloadManager.swift */; };
		14C4C00C2026DDAE00938416 /* DownloadTracking.swift in Sources */ = {isa = PBXBuildFile; fileRef = OBJ_13 /* DownloadTracking.swift */; };
		14C4C00D2026DDAE00938416 /* FormFile.swift in Sources */ = {isa = PBXBuildFile; fileRef = OBJ_14 /* FormFile.swift */; };
		14C4C00E2026DDAE00938416 /* FormURLEncodedStrategy.swift in Sources */ = {isa = PBXBuildFile; fileRef = OBJ_15 /* FormURLEncodedStrategy.swift */; };
		14C4C00F2026DDAE00938416 /* HTTPMethod.swift in Sources */ = {isa = PBXBuildFile; fileRef = OBJ_16 /* HTTPMethod.swift */; };
		14C4C0102026DDAE00938416 /* Header.swift in Sources */ = {isa = PBXBuildFile; fileRef = OBJ_17 /* Header.swift */; };
		14C4C0112026DDAE00938416 /* JSON.swift in Sources */ = {isa = PBXBuildFile; fileRef = OBJ_18 /* JSON.swift */; };
		14C4C0122026DDAE00938416 /* JSONResponse.swift in Sources */ = {isa = PBXBuildFile; fileRef = OBJ_19 /* JSONResponse.swift */; };
		14C4C0132026DDAE00938416 /* JSONStrategy.swift in Sources */ = {isa = PBXBuildFile; fileRef = OBJ_20 /* JSONStrategy.swift */; };
		14C4C0142026DDAE00938416 /* MediaType.swift in Sources */ = {isa = PBXBuildFile; fileRef = OBJ_21 /* MediaType.swift */; };
		14C4C0152026DDAE00938416 /* MultiPartFormDataRequest.swift in Sources */ = {isa = PBXBuildFile; fileRef = OBJ_22 /* MultiPartFormDataRequest.swift */; };
		14C4C0162026DDAE00938416 /* MultiPartFormDataStrategy.swift in Sources */ = {isa = PBXBuildFile; fileRef = OBJ_23 /* MultiPartFormDataStrategy.swift */; };
		14C4C0172026DDAE00938416 /* NetworkingError.swift in Sources */ = {isa = PBXBuildFile; fileRef = OBJ_24 /* NetworkingError.swift */; };
		14C4C0182026DDAE00938416 /* Request.swift in Sources */ = {isa = PBXBuildFile; fileRef = OBJ_25 /* Request.swift */; };
		14C4C0192026DDAE00938416 /* RequestBuilder.swift in Sources */ = {isa = PBXBuildFile; fileRef = OBJ_26 /* RequestBuilder.swift */; };
		14C4C01A2026DDAE00938416 /* RequestConfiguration.swift in Sources */ = {isa = PBXBuildFile; fileRef = OBJ_27 /* RequestConfiguration.swift */; };
		14C4C01B2026DDAE00938416 /* RequestDispatcher.swift in Sources */ = {isa = PBXBuildFile; fileRef = OBJ_28 /* RequestDispatcher.swift */; };
		14C4C01C2026DDAE00938416 /* Response.swift in Sources */ = {isa = PBXBuildFile; fileRef = OBJ_29 /* Response.swift */; };
		14C4C01D2026DDAE00938416 /* URLScheme.swift in Sources */ = {isa = PBXBuildFile; fileRef = OBJ_30 /* URLScheme.swift */; };
		14C4C0212026DDAE00938416 /* Foundation.framework in Frameworks */ = {isa = PBXBuildFile; fileRef = 14C4BFAE2026D12000938416 /* Foundation.framework */; };
		14C4C02B2026DDD700938416 /* AbstractDownloadTracker.swift in Sources */ = {isa = PBXBuildFile; fileRef = OBJ_8 /* AbstractDownloadTracker.swift */; };
		14C4C02C2026DDD700938416 /* BaseRequestBuilder.swift in Sources */ = {isa = PBXBuildFile; fileRef = OBJ_9 /* BaseRequestBuilder.swift */; };
		14C4C02D2026DDD700938416 /* BaseRequestDispatcher.swift in Sources */ = {isa = PBXBuildFile; fileRef = OBJ_10 /* BaseRequestDispatcher.swift */; };
		14C4C02E2026DDD700938416 /* DataStrategy.swift in Sources */ = {isa = PBXBuildFile; fileRef = OBJ_11 /* DataStrategy.swift */; };
		14C4C02F2026DDD700938416 /* DownloadManager.swift in Sources */ = {isa = PBXBuildFile; fileRef = OBJ_12 /* DownloadManager.swift */; };
		14C4C0302026DDD700938416 /* DownloadTracking.swift in Sources */ = {isa = PBXBuildFile; fileRef = OBJ_13 /* DownloadTracking.swift */; };
		14C4C0312026DDD700938416 /* FormFile.swift in Sources */ = {isa = PBXBuildFile; fileRef = OBJ_14 /* FormFile.swift */; };
		14C4C0322026DDD700938416 /* FormURLEncodedStrategy.swift in Sources */ = {isa = PBXBuildFile; fileRef = OBJ_15 /* FormURLEncodedStrategy.swift */; };
		14C4C0332026DDD700938416 /* HTTPMethod.swift in Sources */ = {isa = PBXBuildFile; fileRef = OBJ_16 /* HTTPMethod.swift */; };
		14C4C0342026DDD700938416 /* Header.swift in Sources */ = {isa = PBXBuildFile; fileRef = OBJ_17 /* Header.swift */; };
		14C4C0352026DDD700938416 /* JSON.swift in Sources */ = {isa = PBXBuildFile; fileRef = OBJ_18 /* JSON.swift */; };
		14C4C0362026DDD700938416 /* JSONResponse.swift in Sources */ = {isa = PBXBuildFile; fileRef = OBJ_19 /* JSONResponse.swift */; };
		14C4C0372026DDD700938416 /* JSONStrategy.swift in Sources */ = {isa = PBXBuildFile; fileRef = OBJ_20 /* JSONStrategy.swift */; };
		14C4C0382026DDD700938416 /* MediaType.swift in Sources */ = {isa = PBXBuildFile; fileRef = OBJ_21 /* MediaType.swift */; };
		14C4C0392026DDD700938416 /* MultiPartFormDataRequest.swift in Sources */ = {isa = PBXBuildFile; fileRef = OBJ_22 /* MultiPartFormDataRequest.swift */; };
		14C4C03A2026DDD700938416 /* MultiPartFormDataStrategy.swift in Sources */ = {isa = PBXBuildFile; fileRef = OBJ_23 /* MultiPartFormDataStrategy.swift */; };
		14C4C03B2026DDD700938416 /* NetworkingError.swift in Sources */ = {isa = PBXBuildFile; fileRef = OBJ_24 /* NetworkingError.swift */; };
		14C4C03C2026DDD700938416 /* Request.swift in Sources */ = {isa = PBXBuildFile; fileRef = OBJ_25 /* Request.swift */; };
		14C4C03D2026DDD700938416 /* RequestBuilder.swift in Sources */ = {isa = PBXBuildFile; fileRef = OBJ_26 /* RequestBuilder.swift */; };
		14C4C03E2026DDD700938416 /* RequestConfiguration.swift in Sources */ = {isa = PBXBuildFile; fileRef = OBJ_27 /* RequestConfiguration.swift */; };
		14C4C03F2026DDD700938416 /* RequestDispatcher.swift in Sources */ = {isa = PBXBuildFile; fileRef = OBJ_28 /* RequestDispatcher.swift */; };
		14C4C0402026DDD700938416 /* Response.swift in Sources */ = {isa = PBXBuildFile; fileRef = OBJ_29 /* Response.swift */; };
		14C4C0412026DDD700938416 /* URLScheme.swift in Sources */ = {isa = PBXBuildFile; fileRef = OBJ_30 /* URLScheme.swift */; };
		14C4C0452026DDD700938416 /* Foundation.framework in Frameworks */ = {isa = PBXBuildFile; fileRef = 14C4BFAE2026D12000938416 /* Foundation.framework */; };
		14C4C0532026E03D00938416 /* Result.framework in Frameworks */ = {isa = PBXBuildFile; fileRef = 14C4C0512026E03D00938416 /* Result.framework */; };
		14C4C0542026E03D00938416 /* BrightFutures.framework in Frameworks */ = {isa = PBXBuildFile; fileRef = 14C4C0522026E03D00938416 /* BrightFutures.framework */; };
		14C4C0572026E05000938416 /* BrightFutures.framework in Frameworks */ = {isa = PBXBuildFile; fileRef = 14C4C0552026E05000938416 /* BrightFutures.framework */; };
		14C4C0582026E05000938416 /* Result.framework in Frameworks */ = {isa = PBXBuildFile; fileRef = 14C4C0562026E05000938416 /* Result.framework */; };
		14C4C0652026E7F800938416 /* BrightFutures.framework in Frameworks */ = {isa = PBXBuildFile; fileRef = 14C4C04D2026E02D00938416 /* BrightFutures.framework */; };
		14C4C0662026E7F800938416 /* Result.framework in Frameworks */ = {isa = PBXBuildFile; fileRef = 14C4C04E2026E02D00938416 /* Result.framework */; };
		14C4C0672026E7FF00938416 /* Foundation.framework in Frameworks */ = {isa = PBXBuildFile; fileRef = 14C4C05B2026E0B000938416 /* Foundation.framework */; };
		OBJ_107 /* BasicConfiguration.swift in Sources */ = {isa = PBXBuildFile; fileRef = OBJ_33 /* BasicConfiguration.swift */; };
		OBJ_108 /* FormURLEncodedConfiguration.swift in Sources */ = {isa = PBXBuildFile; fileRef = OBJ_34 /* FormURLEncodedConfiguration.swift */; };
		OBJ_109 /* MultipartConfiguration.swift in Sources */ = {isa = PBXBuildFile; fileRef = OBJ_35 /* MultipartConfiguration.swift */; };
		OBJ_110 /* HeaderTests.swift in Sources */ = {isa = PBXBuildFile; fileRef = OBJ_36 /* HeaderTests.swift */; };
		OBJ_111 /* BasicGetRequest.swift in Sources */ = {isa = PBXBuildFile; fileRef = OBJ_38 /* BasicGetRequest.swift */; };
		OBJ_112 /* BasicMultipartFormDataRequest.swift in Sources */ = {isa = PBXBuildFile; fileRef = OBJ_39 /* BasicMultipartFormDataRequest.swift */; };
		OBJ_113 /* BasicPostRequest.swift in Sources */ = {isa = PBXBuildFile; fileRef = OBJ_40 /* BasicPostRequest.swift */; };
		OBJ_114 /* FormURLEncodedPostRequest.swift in Sources */ = {isa = PBXBuildFile; fileRef = OBJ_41 /* FormURLEncodedPostRequest.swift */; };
		OBJ_115 /* ResponseTests.swift in Sources */ = {isa = PBXBuildFile; fileRef = OBJ_42 /* ResponseTests.swift */; };
		OBJ_116 /* FormURLEncodedResponse.swift in Sources */ = {isa = PBXBuildFile; fileRef = OBJ_44 /* FormURLEncodedResponse.swift */; };
		OBJ_117 /* GetResponse.swift in Sources */ = {isa = PBXBuildFile; fileRef = OBJ_45 /* GetResponse.swift */; };
		OBJ_118 /* MultipartFormDataResponse.swift in Sources */ = {isa = PBXBuildFile; fileRef = OBJ_46 /* MultipartFormDataResponse.swift */; };
		OBJ_119 /* PostResponse.swift in Sources */ = {isa = PBXBuildFile; fileRef = OBJ_47 /* PostResponse.swift */; };
		OBJ_120 /* BinData.swift in Sources */ = {isa = PBXBuildFile; fileRef = OBJ_49 /* BinData.swift */; };
		OBJ_121 /* BinHeaders.swift in Sources */ = {isa = PBXBuildFile; fileRef = OBJ_50 /* BinHeaders.swift */; };
		OBJ_123 /* Astral.framework in Frameworks */ = {isa = PBXBuildFile; fileRef = "Astral::Astral::Product" /* Astral.framework */; };
		OBJ_136 /* AbstractDownloadTracker.swift in Sources */ = {isa = PBXBuildFile; fileRef = OBJ_8 /* AbstractDownloadTracker.swift */; };
		OBJ_137 /* BaseRequestBuilder.swift in Sources */ = {isa = PBXBuildFile; fileRef = OBJ_9 /* BaseRequestBuilder.swift */; };
		OBJ_138 /* BaseRequestDispatcher.swift in Sources */ = {isa = PBXBuildFile; fileRef = OBJ_10 /* BaseRequestDispatcher.swift */; };
		OBJ_139 /* DataStrategy.swift in Sources */ = {isa = PBXBuildFile; fileRef = OBJ_11 /* DataStrategy.swift */; };
		OBJ_140 /* DownloadManager.swift in Sources */ = {isa = PBXBuildFile; fileRef = OBJ_12 /* DownloadManager.swift */; };
		OBJ_141 /* DownloadTracking.swift in Sources */ = {isa = PBXBuildFile; fileRef = OBJ_13 /* DownloadTracking.swift */; };
		OBJ_142 /* FormFile.swift in Sources */ = {isa = PBXBuildFile; fileRef = OBJ_14 /* FormFile.swift */; };
		OBJ_143 /* FormURLEncodedStrategy.swift in Sources */ = {isa = PBXBuildFile; fileRef = OBJ_15 /* FormURLEncodedStrategy.swift */; };
		OBJ_144 /* HTTPMethod.swift in Sources */ = {isa = PBXBuildFile; fileRef = OBJ_16 /* HTTPMethod.swift */; };
		OBJ_145 /* Header.swift in Sources */ = {isa = PBXBuildFile; fileRef = OBJ_17 /* Header.swift */; };
		OBJ_146 /* JSON.swift in Sources */ = {isa = PBXBuildFile; fileRef = OBJ_18 /* JSON.swift */; };
		OBJ_147 /* JSONResponse.swift in Sources */ = {isa = PBXBuildFile; fileRef = OBJ_19 /* JSONResponse.swift */; };
		OBJ_148 /* JSONStrategy.swift in Sources */ = {isa = PBXBuildFile; fileRef = OBJ_20 /* JSONStrategy.swift */; };
		OBJ_149 /* MediaType.swift in Sources */ = {isa = PBXBuildFile; fileRef = OBJ_21 /* MediaType.swift */; };
		OBJ_150 /* MultiPartFormDataRequest.swift in Sources */ = {isa = PBXBuildFile; fileRef = OBJ_22 /* MultiPartFormDataRequest.swift */; };
		OBJ_151 /* MultiPartFormDataStrategy.swift in Sources */ = {isa = PBXBuildFile; fileRef = OBJ_23 /* MultiPartFormDataStrategy.swift */; };
		OBJ_152 /* NetworkingError.swift in Sources */ = {isa = PBXBuildFile; fileRef = OBJ_24 /* NetworkingError.swift */; };
		OBJ_153 /* Request.swift in Sources */ = {isa = PBXBuildFile; fileRef = OBJ_25 /* Request.swift */; };
		OBJ_154 /* RequestBuilder.swift in Sources */ = {isa = PBXBuildFile; fileRef = OBJ_26 /* RequestBuilder.swift */; };
		OBJ_155 /* RequestConfiguration.swift in Sources */ = {isa = PBXBuildFile; fileRef = OBJ_27 /* RequestConfiguration.swift */; };
		OBJ_156 /* RequestDispatcher.swift in Sources */ = {isa = PBXBuildFile; fileRef = OBJ_28 /* RequestDispatcher.swift */; };
		OBJ_157 /* Response.swift in Sources */ = {isa = PBXBuildFile; fileRef = OBJ_29 /* Response.swift */; };
		OBJ_158 /* URLScheme.swift in Sources */ = {isa = PBXBuildFile; fileRef = OBJ_30 /* URLScheme.swift */; };
/* End PBXBuildFile section */

/* Begin PBXContainerItemProxy section */
		14C4BF972025C33C00938416 /* PBXContainerItemProxy */ = {
			isa = PBXContainerItemProxy;
			containerPortal = OBJ_1 /* Project object */;
			proxyType = 1;
			remoteGlobalIDString = "Astral::Astral";
			remoteInfo = Astral;
		};
/* End PBXContainerItemProxy section */

/* Begin PBXFileReference section */
		148C9FCE2029849300DB58C6 /* README.md */ = {isa = PBXFileReference; lastKnownFileType = net.daringfireball.markdown; path = README.md; sourceTree = "<group>"; };
		148C9FCF2029880D00DB58C6 /* Playground.playground */ = {isa = PBXFileReference; lastKnownFileType = file.playground; path = Playground.playground; sourceTree = "<group>"; xcLanguageSpecificationIdentifier = xcode.lang.swift; };
		14C4BF9C2025C55700938416 /* Astral.podspec */ = {isa = PBXFileReference; lastKnownFileType = text; path = Astral.podspec; sourceTree = "<group>"; };
		14C4BF9D2025C56E00938416 /* LICENSE */ = {isa = PBXFileReference; lastKnownFileType = text; path = LICENSE; sourceTree = "<group>"; };
		14C4BF9F2026221400938416 /* Astral.h */ = {isa = PBXFileReference; fileEncoding = 4; lastKnownFileType = sourcecode.c.h; path = Astral.h; sourceTree = "<group>"; };
		14C4BFA02026221400938416 /* Info.plist */ = {isa = PBXFileReference; fileEncoding = 4; lastKnownFileType = text.plist.xml; path = Info.plist; sourceTree = "<group>"; };
		14C4BFAE2026D12000938416 /* Foundation.framework */ = {isa = PBXFileReference; lastKnownFileType = wrapper.framework; name = Foundation.framework; path = System/Library/Frameworks/Foundation.framework; sourceTree = SDKROOT; };
		14C4BFB72026DBC800938416 /* BrightFutures.framework */ = {isa = PBXFileReference; lastKnownFileType = wrapper.framework; name = BrightFutures.framework; path = Carthage/Build/iOS/BrightFutures.framework; sourceTree = "<group>"; };
		14C4BFB92026DBD200938416 /* Result.framework */ = {isa = PBXFileReference; lastKnownFileType = wrapper.framework; name = Result.framework; path = Carthage/Build/iOS/Result.framework; sourceTree = "<group>"; };
		14C4BFDF2026DC2B00938416 /* Astral.framework */ = {isa = PBXFileReference; explicitFileType = wrapper.framework; includeInIndex = 0; path = Astral.framework; sourceTree = BUILT_PRODUCTS_DIR; };
		14C4C0272026DDAE00938416 /* Astral.framework */ = {isa = PBXFileReference; explicitFileType = wrapper.framework; includeInIndex = 0; path = Astral.framework; sourceTree = BUILT_PRODUCTS_DIR; };
		14C4C04B2026DDD700938416 /* Astral.framework */ = {isa = PBXFileReference; explicitFileType = wrapper.framework; includeInIndex = 0; path = Astral.framework; sourceTree = BUILT_PRODUCTS_DIR; };
		14C4C04D2026E02D00938416 /* BrightFutures.framework */ = {isa = PBXFileReference; lastKnownFileType = wrapper.framework; name = BrightFutures.framework; path = Carthage/Build/Mac/BrightFutures.framework; sourceTree = "<group>"; };
		14C4C04E2026E02D00938416 /* Result.framework */ = {isa = PBXFileReference; lastKnownFileType = wrapper.framework; name = Result.framework; path = Carthage/Build/Mac/Result.framework; sourceTree = "<group>"; };
		14C4C0512026E03D00938416 /* Result.framework */ = {isa = PBXFileReference; lastKnownFileType = wrapper.framework; name = Result.framework; path = Carthage/Build/tvOS/Result.framework; sourceTree = "<group>"; };
		14C4C0522026E03D00938416 /* BrightFutures.framework */ = {isa = PBXFileReference; lastKnownFileType = wrapper.framework; name = BrightFutures.framework; path = Carthage/Build/tvOS/BrightFutures.framework; sourceTree = "<group>"; };
		14C4C0552026E05000938416 /* BrightFutures.framework */ = {isa = PBXFileReference; lastKnownFileType = wrapper.framework; name = BrightFutures.framework; path = Carthage/Build/watchOS/BrightFutures.framework; sourceTree = "<group>"; };
		14C4C0562026E05000938416 /* Result.framework */ = {isa = PBXFileReference; lastKnownFileType = wrapper.framework; name = Result.framework; path = Carthage/Build/watchOS/Result.framework; sourceTree = "<group>"; };
		14C4C05B2026E0B000938416 /* Foundation.framework */ = {isa = PBXFileReference; lastKnownFileType = wrapper.framework; name = Foundation.framework; path = Platforms/MacOSX.platform/Developer/SDKs/MacOSX10.13.sdk/System/Library/Frameworks/Foundation.framework; sourceTree = DEVELOPER_DIR; };
		14C4C0682026EF5000938416 /* Podfile */ = {isa = PBXFileReference; lastKnownFileType = text; path = Podfile; sourceTree = "<group>"; };
		"Astral::Astral::Product" /* Astral.framework */ = {isa = PBXFileReference; explicitFileType = wrapper.framework; path = Astral.framework; sourceTree = BUILT_PRODUCTS_DIR; };
		"Astral::AstralTests::Product" /* AstralTests.xctest */ = {isa = PBXFileReference; explicitFileType = wrapper.cfbundle; path = AstralTests.xctest; sourceTree = BUILT_PRODUCTS_DIR; };
		OBJ_10 /* BaseRequestDispatcher.swift */ = {isa = PBXFileReference; lastKnownFileType = sourcecode.swift; path = BaseRequestDispatcher.swift; sourceTree = "<group>"; };
		OBJ_11 /* DataStrategy.swift */ = {isa = PBXFileReference; lastKnownFileType = sourcecode.swift; path = DataStrategy.swift; sourceTree = "<group>"; };
		OBJ_12 /* DownloadManager.swift */ = {isa = PBXFileReference; lastKnownFileType = sourcecode.swift; path = DownloadManager.swift; sourceTree = "<group>"; };
		OBJ_13 /* DownloadTracking.swift */ = {isa = PBXFileReference; lastKnownFileType = sourcecode.swift; path = DownloadTracking.swift; sourceTree = "<group>"; };
		OBJ_14 /* FormFile.swift */ = {isa = PBXFileReference; lastKnownFileType = sourcecode.swift; path = FormFile.swift; sourceTree = "<group>"; };
		OBJ_15 /* FormURLEncodedStrategy.swift */ = {isa = PBXFileReference; lastKnownFileType = sourcecode.swift; path = FormURLEncodedStrategy.swift; sourceTree = "<group>"; };
		OBJ_16 /* HTTPMethod.swift */ = {isa = PBXFileReference; lastKnownFileType = sourcecode.swift; path = HTTPMethod.swift; sourceTree = "<group>"; };
		OBJ_17 /* Header.swift */ = {isa = PBXFileReference; lastKnownFileType = sourcecode.swift; path = Header.swift; sourceTree = "<group>"; };
		OBJ_18 /* JSON.swift */ = {isa = PBXFileReference; lastKnownFileType = sourcecode.swift; path = JSON.swift; sourceTree = "<group>"; };
		OBJ_19 /* JSONResponse.swift */ = {isa = PBXFileReference; lastKnownFileType = sourcecode.swift; path = JSONResponse.swift; sourceTree = "<group>"; };
		OBJ_20 /* JSONStrategy.swift */ = {isa = PBXFileReference; lastKnownFileType = sourcecode.swift; path = JSONStrategy.swift; sourceTree = "<group>"; };
		OBJ_21 /* MediaType.swift */ = {isa = PBXFileReference; lastKnownFileType = sourcecode.swift; path = MediaType.swift; sourceTree = "<group>"; };
		OBJ_22 /* MultiPartFormDataRequest.swift */ = {isa = PBXFileReference; lastKnownFileType = sourcecode.swift; path = MultiPartFormDataRequest.swift; sourceTree = "<group>"; };
		OBJ_23 /* MultiPartFormDataStrategy.swift */ = {isa = PBXFileReference; lastKnownFileType = sourcecode.swift; path = MultiPartFormDataStrategy.swift; sourceTree = "<group>"; };
		OBJ_24 /* NetworkingError.swift */ = {isa = PBXFileReference; lastKnownFileType = sourcecode.swift; path = NetworkingError.swift; sourceTree = "<group>"; };
		OBJ_25 /* Request.swift */ = {isa = PBXFileReference; lastKnownFileType = sourcecode.swift; path = Request.swift; sourceTree = "<group>"; };
		OBJ_26 /* RequestBuilder.swift */ = {isa = PBXFileReference; lastKnownFileType = sourcecode.swift; path = RequestBuilder.swift; sourceTree = "<group>"; };
		OBJ_27 /* RequestConfiguration.swift */ = {isa = PBXFileReference; lastKnownFileType = sourcecode.swift; path = RequestConfiguration.swift; sourceTree = "<group>"; };
		OBJ_28 /* RequestDispatcher.swift */ = {isa = PBXFileReference; lastKnownFileType = sourcecode.swift; path = RequestDispatcher.swift; sourceTree = "<group>"; };
		OBJ_29 /* Response.swift */ = {isa = PBXFileReference; lastKnownFileType = sourcecode.swift; path = Response.swift; sourceTree = "<group>"; };
		OBJ_30 /* URLScheme.swift */ = {isa = PBXFileReference; lastKnownFileType = sourcecode.swift; path = URLScheme.swift; sourceTree = "<group>"; };
		OBJ_33 /* BasicConfiguration.swift */ = {isa = PBXFileReference; lastKnownFileType = sourcecode.swift; path = BasicConfiguration.swift; sourceTree = "<group>"; };
		OBJ_34 /* FormURLEncodedConfiguration.swift */ = {isa = PBXFileReference; lastKnownFileType = sourcecode.swift; path = FormURLEncodedConfiguration.swift; sourceTree = "<group>"; };
		OBJ_35 /* MultipartConfiguration.swift */ = {isa = PBXFileReference; lastKnownFileType = sourcecode.swift; path = MultipartConfiguration.swift; sourceTree = "<group>"; };
		OBJ_36 /* HeaderTests.swift */ = {isa = PBXFileReference; lastKnownFileType = sourcecode.swift; path = HeaderTests.swift; sourceTree = "<group>"; };
		OBJ_38 /* BasicGetRequest.swift */ = {isa = PBXFileReference; lastKnownFileType = sourcecode.swift; path = BasicGetRequest.swift; sourceTree = "<group>"; };
		OBJ_39 /* BasicMultipartFormDataRequest.swift */ = {isa = PBXFileReference; lastKnownFileType = sourcecode.swift; path = BasicMultipartFormDataRequest.swift; sourceTree = "<group>"; };
		OBJ_40 /* BasicPostRequest.swift */ = {isa = PBXFileReference; lastKnownFileType = sourcecode.swift; path = BasicPostRequest.swift; sourceTree = "<group>"; };
		OBJ_41 /* FormURLEncodedPostRequest.swift */ = {isa = PBXFileReference; lastKnownFileType = sourcecode.swift; path = FormURLEncodedPostRequest.swift; sourceTree = "<group>"; };
		OBJ_42 /* ResponseTests.swift */ = {isa = PBXFileReference; lastKnownFileType = sourcecode.swift; path = ResponseTests.swift; sourceTree = "<group>"; };
		OBJ_44 /* FormURLEncodedResponse.swift */ = {isa = PBXFileReference; lastKnownFileType = sourcecode.swift; path = FormURLEncodedResponse.swift; sourceTree = "<group>"; };
		OBJ_45 /* GetResponse.swift */ = {isa = PBXFileReference; lastKnownFileType = sourcecode.swift; path = GetResponse.swift; sourceTree = "<group>"; };
		OBJ_46 /* MultipartFormDataResponse.swift */ = {isa = PBXFileReference; lastKnownFileType = sourcecode.swift; path = MultipartFormDataResponse.swift; sourceTree = "<group>"; };
		OBJ_47 /* PostResponse.swift */ = {isa = PBXFileReference; lastKnownFileType = sourcecode.swift; path = PostResponse.swift; sourceTree = "<group>"; };
		OBJ_49 /* BinData.swift */ = {isa = PBXFileReference; lastKnownFileType = sourcecode.swift; path = BinData.swift; sourceTree = "<group>"; };
		OBJ_50 /* BinHeaders.swift */ = {isa = PBXFileReference; lastKnownFileType = sourcecode.swift; path = BinHeaders.swift; sourceTree = "<group>"; };
		OBJ_6 /* Package.swift */ = {isa = PBXFileReference; explicitFileType = sourcecode.swift; path = Package.swift; sourceTree = "<group>"; };
		OBJ_8 /* AbstractDownloadTracker.swift */ = {isa = PBXFileReference; lastKnownFileType = sourcecode.swift; path = AbstractDownloadTracker.swift; sourceTree = "<group>"; };
		OBJ_9 /* BaseRequestBuilder.swift */ = {isa = PBXFileReference; lastKnownFileType = sourcecode.swift; path = BaseRequestBuilder.swift; sourceTree = "<group>"; };
/* End PBXFileReference section */

/* Begin PBXFrameworksBuildPhase section */
		14C4BFD62026DC2B00938416 /* Frameworks */ = {
			isa = PBXFrameworksBuildPhase;
			buildActionMask = 0;
			files = (
				14C4C0672026E7FF00938416 /* Foundation.framework in Frameworks */,
				14C4C0652026E7F800938416 /* BrightFutures.framework in Frameworks */,
				14C4C0662026E7F800938416 /* Result.framework in Frameworks */,
			);
			runOnlyForDeploymentPostprocessing = 0;
		};
		14C4C01E2026DDAE00938416 /* Frameworks */ = {
			isa = PBXFrameworksBuildPhase;
			buildActionMask = 0;
			files = (
				14C4C0532026E03D00938416 /* Result.framework in Frameworks */,
				14C4C0542026E03D00938416 /* BrightFutures.framework in Frameworks */,
				14C4C0212026DDAE00938416 /* Foundation.framework in Frameworks */,
			);
			runOnlyForDeploymentPostprocessing = 0;
		};
		14C4C0422026DDD700938416 /* Frameworks */ = {
			isa = PBXFrameworksBuildPhase;
			buildActionMask = 0;
			files = (
				14C4C0572026E05000938416 /* BrightFutures.framework in Frameworks */,
				14C4C0582026E05000938416 /* Result.framework in Frameworks */,
				14C4C0452026DDD700938416 /* Foundation.framework in Frameworks */,
			);
			runOnlyForDeploymentPostprocessing = 0;
		};
		OBJ_122 /* Frameworks */ = {
			isa = PBXFrameworksBuildPhase;
			buildActionMask = 0;
			files = (
				OBJ_123 /* Astral.framework in Frameworks */,
			);
			runOnlyForDeploymentPostprocessing = 0;
		};
		OBJ_159 /* Frameworks */ = {
			isa = PBXFrameworksBuildPhase;
			buildActionMask = 0;
			files = (
				14C4BFBB2026DC2400938416 /* BrightFutures.framework in Frameworks */,
				14C4BFBC2026DC2400938416 /* Result.framework in Frameworks */,
				14C4BFAF2026D12000938416 /* Foundation.framework in Frameworks */,
			);
			runOnlyForDeploymentPostprocessing = 0;
		};
/* End PBXFrameworksBuildPhase section */

/* Begin PBXGroup section */
		14C4BF9B2025C53C00938416 /* Meta Data */ = {
			isa = PBXGroup;
			children = (
				14C4BF9C2025C55700938416 /* Astral.podspec */,
				14C4BF9D2025C56E00938416 /* LICENSE */,
				14C4C0682026EF5000938416 /* Podfile */,
				148C9FCE2029849300DB58C6 /* README.md */,
				OBJ_6 /* Package.swift */,
			);
			name = "Meta Data";
			sourceTree = "<group>";
		};
		14C4BF9E2026221400938416 /* Supporting Files */ = {
			isa = PBXGroup;
			children = (
				14C4BF9F2026221400938416 /* Astral.h */,
				14C4BFA02026221400938416 /* Info.plist */,
			);
			path = "Supporting Files";
			sourceTree = "<group>";
		};
		E3711620A170412C2CC81F86 /* Frameworks */ = {
			isa = PBXGroup;
			children = (
				14C4C0522026E03D00938416 /* BrightFutures.framework */,
				14C4BFB72026DBC800938416 /* BrightFutures.framework */,
				14C4C04D2026E02D00938416 /* BrightFutures.framework */,
				14C4C0552026E05000938416 /* BrightFutures.framework */,
				14C4C05B2026E0B000938416 /* Foundation.framework */,
				14C4BFAE2026D12000938416 /* Foundation.framework */,
				14C4BFB92026DBD200938416 /* Result.framework */,
				14C4C04E2026E02D00938416 /* Result.framework */,
				14C4C0512026E03D00938416 /* Result.framework */,
				14C4C0562026E05000938416 /* Result.framework */,
			);
			name = Frameworks;
			sourceTree = "<group>";
		};
		OBJ_31 /* Tests */ = {
			isa = PBXGroup;
			children = (
				OBJ_32 /* Configurations */,
				OBJ_37 /* Requests */,
				OBJ_43 /* Responses */,
				OBJ_48 /* Utilities */,
				OBJ_36 /* HeaderTests.swift */,
				OBJ_42 /* ResponseTests.swift */,
			);
			path = Tests;
			sourceTree = SOURCE_ROOT;
		};
		OBJ_32 /* Configurations */ = {
			isa = PBXGroup;
			children = (
				OBJ_33 /* BasicConfiguration.swift */,
				OBJ_34 /* FormURLEncodedConfiguration.swift */,
				OBJ_35 /* MultipartConfiguration.swift */,
			);
			path = Configurations;
			sourceTree = "<group>";
		};
		OBJ_37 /* Requests */ = {
			isa = PBXGroup;
			children = (
				OBJ_38 /* BasicGetRequest.swift */,
				OBJ_39 /* BasicMultipartFormDataRequest.swift */,
				OBJ_40 /* BasicPostRequest.swift */,
				OBJ_41 /* FormURLEncodedPostRequest.swift */,
			);
			path = Requests;
			sourceTree = "<group>";
		};
		OBJ_43 /* Responses */ = {
			isa = PBXGroup;
			children = (
				OBJ_44 /* FormURLEncodedResponse.swift */,
				OBJ_45 /* GetResponse.swift */,
				OBJ_46 /* MultipartFormDataResponse.swift */,
				OBJ_47 /* PostResponse.swift */,
			);
			path = Responses;
			sourceTree = "<group>";
		};
		OBJ_48 /* Utilities */ = {
			isa = PBXGroup;
			children = (
				OBJ_49 /* BinData.swift */,
				OBJ_50 /* BinHeaders.swift */,
			);
			path = Utilities;
			sourceTree = "<group>";
		};
		OBJ_5 = {
			isa = PBXGroup;
			children = (
				148C9FCF2029880D00DB58C6 /* Playground.playground */,
				14C4BF9B2025C53C00938416 /* Meta Data */,
				OBJ_7 /* Sources */,
				OBJ_31 /* Tests */,
				14C4BF9E2026221400938416 /* Supporting Files */,
				OBJ_79 /* Products */,
				E3711620A170412C2CC81F86 /* Frameworks */,
			);
			sourceTree = "<group>";
		};
		OBJ_7 /* Sources */ = {
			isa = PBXGroup;
			children = (
				OBJ_8 /* AbstractDownloadTracker.swift */,
				OBJ_9 /* BaseRequestBuilder.swift */,
				OBJ_10 /* BaseRequestDispatcher.swift */,
				OBJ_11 /* DataStrategy.swift */,
				OBJ_12 /* DownloadManager.swift */,
				OBJ_13 /* DownloadTracking.swift */,
				OBJ_14 /* FormFile.swift */,
				OBJ_15 /* FormURLEncodedStrategy.swift */,
				OBJ_16 /* HTTPMethod.swift */,
				OBJ_17 /* Header.swift */,
				OBJ_18 /* JSON.swift */,
				OBJ_19 /* JSONResponse.swift */,
				OBJ_20 /* JSONStrategy.swift */,
				OBJ_21 /* MediaType.swift */,
				OBJ_22 /* MultiPartFormDataRequest.swift */,
				OBJ_23 /* MultiPartFormDataStrategy.swift */,
				OBJ_24 /* NetworkingError.swift */,
				OBJ_25 /* Request.swift */,
				OBJ_26 /* RequestBuilder.swift */,
				OBJ_27 /* RequestConfiguration.swift */,
				OBJ_28 /* RequestDispatcher.swift */,
				OBJ_29 /* Response.swift */,
				OBJ_30 /* URLScheme.swift */,
			);
			path = Sources;
			sourceTree = SOURCE_ROOT;
		};
		OBJ_79 /* Products */ = {
			isa = PBXGroup;
			children = (
				"Astral::AstralTests::Product" /* AstralTests.xctest */,
				"Astral::Astral::Product" /* Astral.framework */,
				14C4BFDF2026DC2B00938416 /* Astral.framework */,
				14C4C0272026DDAE00938416 /* Astral.framework */,
				14C4C04B2026DDD700938416 /* Astral.framework */,
			);
			name = Products;
			sourceTree = BUILT_PRODUCTS_DIR;
		};
/* End PBXGroup section */

/* Begin PBXNativeTarget section */
		14C4BFBD2026DC2B00938416 /* Astral-Mac */ = {
			isa = PBXNativeTarget;
			buildConfigurationList = 14C4BFDC2026DC2B00938416 /* Build configuration list for PBXNativeTarget "Astral-Mac" */;
			buildPhases = (
				14C4BFBE2026DC2B00938416 /* Sources */,
				14C4BFD62026DC2B00938416 /* Frameworks */,
				14C4BFDA2026DC2B00938416 /* Swiftlint */,
				14C4BFDB2026DC2B00938416 /* Carthage */,
			);
			buildRules = (
			);
			dependencies = (
			);
			name = "Astral-Mac";
			productName = Astral;
			productReference = 14C4BFDF2026DC2B00938416 /* Astral.framework */;
			productType = "com.apple.product-type.framework";
		};
		14C4C0052026DDAE00938416 /* Astral-tvOS */ = {
			isa = PBXNativeTarget;
			buildConfigurationList = 14C4C0242026DDAE00938416 /* Build configuration list for PBXNativeTarget "Astral-tvOS" */;
			buildPhases = (
				14C4C0062026DDAE00938416 /* Sources */,
				14C4C01E2026DDAE00938416 /* Frameworks */,
				14C4C0222026DDAE00938416 /* Swiftlint */,
				14C4C0232026DDAE00938416 /* Carthage */,
			);
			buildRules = (
			);
			dependencies = (
			);
			name = "Astral-tvOS";
			productName = Astral;
			productReference = 14C4C0272026DDAE00938416 /* Astral.framework */;
			productType = "com.apple.product-type.framework";
		};
		14C4C0292026DDD700938416 /* Astral-watchOS */ = {
			isa = PBXNativeTarget;
			buildConfigurationList = 14C4C0482026DDD700938416 /* Build configuration list for PBXNativeTarget "Astral-watchOS" */;
			buildPhases = (
				14C4C02A2026DDD700938416 /* Sources */,
				14C4C0422026DDD700938416 /* Frameworks */,
				14C4C0462026DDD700938416 /* Swiftlint */,
				14C4C0472026DDD700938416 /* Carthage */,
			);
			buildRules = (
			);
			dependencies = (
			);
			name = "Astral-watchOS";
			productName = Astral;
			productReference = 14C4C04B2026DDD700938416 /* Astral.framework */;
			productType = "com.apple.product-type.framework";
		};
		"Astral::Astral" /* Astral-iOS */ = {
			isa = PBXNativeTarget;
			buildConfigurationList = OBJ_132 /* Build configuration list for PBXNativeTarget "Astral-iOS" */;
			buildPhases = (
				OBJ_135 /* Sources */,
				OBJ_159 /* Frameworks */,
				14C4BFB02026D22900938416 /* Swiftlint */,
				14C4BFB62026DAE900938416 /* Carthage */,
			);
			buildRules = (
			);
			dependencies = (
			);
			name = "Astral-iOS";
			productName = Astral;
			productReference = "Astral::Astral::Product" /* Astral.framework */;
			productType = "com.apple.product-type.framework";
		};
		"Astral::AstralTests" /* AstralTests */ = {
			isa = PBXNativeTarget;
			buildConfigurationList = OBJ_103 /* Build configuration list for PBXNativeTarget "AstralTests" */;
			buildPhases = (
				73486F65B2147B80FF204B79 /* [CP] Check Pods Manifest.lock */,
				OBJ_106 /* Sources */,
				OBJ_122 /* Frameworks */,
				151B65E1E1C5A40C14465DAD /* [CP] Embed Pods Frameworks */,
				A190986076D53A677EB56386 /* [CP] Copy Pods Resources */,
			);
			buildRules = (
			);
			dependencies = (
				OBJ_126 /* PBXTargetDependency */,
			);
			name = AstralTests;
			productName = AstralTests;
			productReference = "Astral::AstralTests::Product" /* AstralTests.xctest */;
			productType = "com.apple.product-type.bundle.unit-test";
		};
/* End PBXNativeTarget section */

/* Begin PBXProject section */
		OBJ_1 /* Project object */ = {
			isa = PBXProject;
			attributes = {
				LastUpgradeCheck = 0920;
				TargetAttributes = {
					14C4BFBD2026DC2B00938416 = {
						ProvisioningStyle = Automatic;
					};
					"Astral::Astral" = {
						ProvisioningStyle = Automatic;
					};
				};
			};
			buildConfigurationList = OBJ_2 /* Build configuration list for PBXProject "Astral" */;
			compatibilityVersion = "Xcode 8.0";
			developmentRegion = English;
			hasScannedForEncodings = 0;
			knownRegions = (
				en,
			);
			mainGroup = OBJ_5;
			productRefGroup = OBJ_79 /* Products */;
			projectDirPath = "";
			projectRoot = "";
			targets = (
				"Astral::Astral" /* Astral-iOS */,
				14C4BFBD2026DC2B00938416 /* Astral-Mac */,
				14C4C0052026DDAE00938416 /* Astral-tvOS */,
				14C4C0292026DDD700938416 /* Astral-watchOS */,
				"Astral::AstralTests" /* AstralTests */,
			);
		};
/* End PBXProject section */

/* Begin PBXShellScriptBuildPhase section */
		14C4BFB02026D22900938416 /* Swiftlint */ = {
			isa = PBXShellScriptBuildPhase;
			buildActionMask = 2147483647;
			files = (
			);
			inputPaths = (
			);
			name = Swiftlint;
			outputPaths = (
			);
			runOnlyForDeploymentPostprocessing = 0;
			shellPath = /bin/sh;
			shellScript = "if which swiftlint >/dev/null; then\n    swiftlint\nelse\n    echo \"warning: SwiftLint not installed, download from https://github.com/realm/SwiftLint\"\nfi";
		};
		14C4BFB62026DAE900938416 /* Carthage */ = {
			isa = PBXShellScriptBuildPhase;
			buildActionMask = 2147483647;
			files = (
			);
			inputPaths = (
				"$(SRCROOT)/Carthage/Build/iOS/Result.framework",
				"$(SRCROOT)/Carthage/Build/iOS/BrightFutures.framework",
			);
			name = Carthage;
			outputPaths = (
				"$(BUILT_PRODUCTS_DIR)/$(FRAMEWORKS_FOLDER_PATH)/Result.framework",
				"$(BUILT_PRODUCTS_DIR)/$(FRAMEWORKS_FOLDER_PATH)/BrightFutures.framework",
			);
			runOnlyForDeploymentPostprocessing = 0;
			shellPath = /bin/sh;
			shellScript = "/usr/local/bin/carthage copy-frameworks";
		};
		14C4BFDA2026DC2B00938416 /* Swiftlint */ = {
			isa = PBXShellScriptBuildPhase;
			buildActionMask = 2147483647;
			files = (
			);
			inputPaths = (
			);
			name = Swiftlint;
			outputPaths = (
			);
			runOnlyForDeploymentPostprocessing = 0;
			shellPath = /bin/sh;
			shellScript = "if which swiftlint >/dev/null; then\n    swiftlint\nelse\n    echo \"warning: SwiftLint not installed, download from https://github.com/realm/SwiftLint\"\nfi";
		};
		14C4BFDB2026DC2B00938416 /* Carthage */ = {
			isa = PBXShellScriptBuildPhase;
			buildActionMask = 2147483647;
			files = (
			);
			inputPaths = (
				"$(SRCROOT)/Carthage/Build/Mac/Result.framework",
				"$(SRCROOT)/Carthage/Build/Mac/BrightFutures.framework",
			);
			name = Carthage;
			outputPaths = (
				"$(BUILT_PRODUCTS_DIR)/$(FRAMEWORKS_FOLDER_PATH)/Result.framework",
				"$(BUILT_PRODUCTS_DIR)/$(FRAMEWORKS_FOLDER_PATH)/BrightFutures.framework",
			);
			runOnlyForDeploymentPostprocessing = 0;
			shellPath = /bin/sh;
			shellScript = "/usr/local/bin/carthage copy-frameworks";
		};
		14C4C0222026DDAE00938416 /* Swiftlint */ = {
			isa = PBXShellScriptBuildPhase;
			buildActionMask = 2147483647;
			files = (
			);
			inputPaths = (
			);
			name = Swiftlint;
			outputPaths = (
			);
			runOnlyForDeploymentPostprocessing = 0;
			shellPath = /bin/sh;
			shellScript = "if which swiftlint >/dev/null; then\n    swiftlint\nelse\n    echo \"warning: SwiftLint not installed, download from https://github.com/realm/SwiftLint\"\nfi";
		};
		14C4C0232026DDAE00938416 /* Carthage */ = {
			isa = PBXShellScriptBuildPhase;
			buildActionMask = 2147483647;
			files = (
			);
			inputPaths = (
				"$(SRCROOT)/Carthage/Build/tvOS/Result.framework",
				"$(SRCROOT)/Carthage/Build/tvOS/BrightFutures.framework",
			);
			name = Carthage;
			outputPaths = (
				"$(BUILT_PRODUCTS_DIR)/$(FRAMEWORKS_FOLDER_PATH)/Result.framework",
				"$(BUILT_PRODUCTS_DIR)/$(FRAMEWORKS_FOLDER_PATH)/BrightFutures.framework",
			);
			runOnlyForDeploymentPostprocessing = 0;
			shellPath = /bin/sh;
			shellScript = "/usr/local/bin/carthage copy-frameworks";
		};
		14C4C0462026DDD700938416 /* Swiftlint */ = {
			isa = PBXShellScriptBuildPhase;
			buildActionMask = 2147483647;
			files = (
			);
			inputPaths = (
			);
			name = Swiftlint;
			outputPaths = (
			);
			runOnlyForDeploymentPostprocessing = 0;
			shellPath = /bin/sh;
			shellScript = "if which swiftlint >/dev/null; then\n    swiftlint\nelse\n    echo \"warning: SwiftLint not installed, download from https://github.com/realm/SwiftLint\"\nfi";
		};
		14C4C0472026DDD700938416 /* Carthage */ = {
			isa = PBXShellScriptBuildPhase;
			buildActionMask = 2147483647;
			files = (
			);
			inputPaths = (
				"$(SRCROOT)/Carthage/Build/watchOS/Result.framework",
				"$(SRCROOT)/Carthage/Build/watchOS/BrightFutures.framework",
			);
			name = Carthage;
			outputPaths = (
				"$(BUILT_PRODUCTS_DIR)/$(FRAMEWORKS_FOLDER_PATH)/Result.framework",
				"$(BUILT_PRODUCTS_DIR)/$(FRAMEWORKS_FOLDER_PATH)/BrightFutures.framework",
			);
			runOnlyForDeploymentPostprocessing = 0;
			shellPath = /bin/sh;
			shellScript = "/usr/local/bin/carthage copy-frameworks";
		};
		151B65E1E1C5A40C14465DAD /* [CP] Embed Pods Frameworks */ = {
			isa = PBXShellScriptBuildPhase;
			buildActionMask = 2147483647;
			files = (
			);
			inputPaths = (
				"${SRCROOT}/Pods/Target Support Files/Pods-AstralTests/Pods-AstralTests-frameworks.sh",
				"${BUILT_PRODUCTS_DIR}/BrightFutures/BrightFutures.framework",
				"${BUILT_PRODUCTS_DIR}/Result/Result.framework",
			);
			name = "[CP] Embed Pods Frameworks";
			outputPaths = (
				"${TARGET_BUILD_DIR}/${FRAMEWORKS_FOLDER_PATH}/BrightFutures.framework",
				"${TARGET_BUILD_DIR}/${FRAMEWORKS_FOLDER_PATH}/Result.framework",
			);
			runOnlyForDeploymentPostprocessing = 0;
			shellPath = /bin/sh;
			shellScript = "\"${SRCROOT}/Pods/Target Support Files/Pods-AstralTests/Pods-AstralTests-frameworks.sh\"\n";
			showEnvVarsInLog = 0;
		};
		73486F65B2147B80FF204B79 /* [CP] Check Pods Manifest.lock */ = {
			isa = PBXShellScriptBuildPhase;
			buildActionMask = 2147483647;
			files = (
			);
			inputPaths = (
				"${PODS_PODFILE_DIR_PATH}/Podfile.lock",
				"${PODS_ROOT}/Manifest.lock",
			);
			name = "[CP] Check Pods Manifest.lock";
			outputPaths = (
				"$(DERIVED_FILE_DIR)/Pods-AstralTests-checkManifestLockResult.txt",
			);
			runOnlyForDeploymentPostprocessing = 0;
			shellPath = /bin/sh;
			shellScript = "diff \"${PODS_PODFILE_DIR_PATH}/Podfile.lock\" \"${PODS_ROOT}/Manifest.lock\" > /dev/null\nif [ $? != 0 ] ; then\n    # print error to STDERR\n    echo \"error: The sandbox is not in sync with the Podfile.lock. Run 'pod install' or update your CocoaPods installation.\" >&2\n    exit 1\nfi\n# This output is used by Xcode 'outputs' to avoid re-running this script phase.\necho \"SUCCESS\" > \"${SCRIPT_OUTPUT_FILE_0}\"\n";
			showEnvVarsInLog = 0;
		};
		A190986076D53A677EB56386 /* [CP] Copy Pods Resources */ = {
			isa = PBXShellScriptBuildPhase;
			buildActionMask = 2147483647;
			files = (
			);
			inputPaths = (
			);
			name = "[CP] Copy Pods Resources";
			outputPaths = (
			);
			runOnlyForDeploymentPostprocessing = 0;
			shellPath = /bin/sh;
			shellScript = "\"${SRCROOT}/Pods/Target Support Files/Pods-AstralTests/Pods-AstralTests-resources.sh\"\n";
			showEnvVarsInLog = 0;
		};
/* End PBXShellScriptBuildPhase section */

/* Begin PBXSourcesBuildPhase section */
		14C4BFBE2026DC2B00938416 /* Sources */ = {
			isa = PBXSourcesBuildPhase;
			buildActionMask = 0;
			files = (
				14C4BFBF2026DC2B00938416 /* AbstractDownloadTracker.swift in Sources */,
				14C4BFC02026DC2B00938416 /* BaseRequestBuilder.swift in Sources */,
				14C4BFC12026DC2B00938416 /* BaseRequestDispatcher.swift in Sources */,
				14C4BFC22026DC2B00938416 /* DataStrategy.swift in Sources */,
				14C4BFC32026DC2B00938416 /* DownloadManager.swift in Sources */,
				14C4BFC42026DC2B00938416 /* DownloadTracking.swift in Sources */,
				14C4BFC52026DC2B00938416 /* FormFile.swift in Sources */,
				14C4BFC62026DC2B00938416 /* FormURLEncodedStrategy.swift in Sources */,
				14C4BFC72026DC2B00938416 /* HTTPMethod.swift in Sources */,
				14C4BFC82026DC2B00938416 /* Header.swift in Sources */,
				14C4BFC92026DC2B00938416 /* JSON.swift in Sources */,
				14C4BFCA2026DC2B00938416 /* JSONResponse.swift in Sources */,
				14C4BFCB2026DC2B00938416 /* JSONStrategy.swift in Sources */,
				14C4BFCC2026DC2B00938416 /* MediaType.swift in Sources */,
				14C4BFCD2026DC2B00938416 /* MultiPartFormDataRequest.swift in Sources */,
				14C4BFCE2026DC2B00938416 /* MultiPartFormDataStrategy.swift in Sources */,
				14C4BFCF2026DC2B00938416 /* NetworkingError.swift in Sources */,
				14C4BFD02026DC2B00938416 /* Request.swift in Sources */,
				14C4BFD12026DC2B00938416 /* RequestBuilder.swift in Sources */,
				14C4BFD22026DC2B00938416 /* RequestConfiguration.swift in Sources */,
				14C4BFD32026DC2B00938416 /* RequestDispatcher.swift in Sources */,
				14C4BFD42026DC2B00938416 /* Response.swift in Sources */,
				14C4BFD52026DC2B00938416 /* URLScheme.swift in Sources */,
			);
			runOnlyForDeploymentPostprocessing = 0;
		};
		14C4C0062026DDAE00938416 /* Sources */ = {
			isa = PBXSourcesBuildPhase;
			buildActionMask = 0;
			files = (
				14C4C0072026DDAE00938416 /* AbstractDownloadTracker.swift in Sources */,
				14C4C0082026DDAE00938416 /* BaseRequestBuilder.swift in Sources */,
				14C4C0092026DDAE00938416 /* BaseRequestDispatcher.swift in Sources */,
				14C4C00A2026DDAE00938416 /* DataStrategy.swift in Sources */,
				14C4C00B2026DDAE00938416 /* DownloadManager.swift in Sources */,
				14C4C00C2026DDAE00938416 /* DownloadTracking.swift in Sources */,
				14C4C00D2026DDAE00938416 /* FormFile.swift in Sources */,
				14C4C00E2026DDAE00938416 /* FormURLEncodedStrategy.swift in Sources */,
				14C4C00F2026DDAE00938416 /* HTTPMethod.swift in Sources */,
				14C4C0102026DDAE00938416 /* Header.swift in Sources */,
				14C4C0112026DDAE00938416 /* JSON.swift in Sources */,
				14C4C0122026DDAE00938416 /* JSONResponse.swift in Sources */,
				14C4C0132026DDAE00938416 /* JSONStrategy.swift in Sources */,
				14C4C0142026DDAE00938416 /* MediaType.swift in Sources */,
				14C4C0152026DDAE00938416 /* MultiPartFormDataRequest.swift in Sources */,
				14C4C0162026DDAE00938416 /* MultiPartFormDataStrategy.swift in Sources */,
				14C4C0172026DDAE00938416 /* NetworkingError.swift in Sources */,
				14C4C0182026DDAE00938416 /* Request.swift in Sources */,
				14C4C0192026DDAE00938416 /* RequestBuilder.swift in Sources */,
				14C4C01A2026DDAE00938416 /* RequestConfiguration.swift in Sources */,
				14C4C01B2026DDAE00938416 /* RequestDispatcher.swift in Sources */,
				14C4C01C2026DDAE00938416 /* Response.swift in Sources */,
				14C4C01D2026DDAE00938416 /* URLScheme.swift in Sources */,
			);
			runOnlyForDeploymentPostprocessing = 0;
		};
		14C4C02A2026DDD700938416 /* Sources */ = {
			isa = PBXSourcesBuildPhase;
			buildActionMask = 0;
			files = (
				14C4C02B2026DDD700938416 /* AbstractDownloadTracker.swift in Sources */,
				14C4C02C2026DDD700938416 /* BaseRequestBuilder.swift in Sources */,
				14C4C02D2026DDD700938416 /* BaseRequestDispatcher.swift in Sources */,
				14C4C02E2026DDD700938416 /* DataStrategy.swift in Sources */,
				14C4C02F2026DDD700938416 /* DownloadManager.swift in Sources */,
				14C4C0302026DDD700938416 /* DownloadTracking.swift in Sources */,
				14C4C0312026DDD700938416 /* FormFile.swift in Sources */,
				14C4C0322026DDD700938416 /* FormURLEncodedStrategy.swift in Sources */,
				14C4C0332026DDD700938416 /* HTTPMethod.swift in Sources */,
				14C4C0342026DDD700938416 /* Header.swift in Sources */,
				14C4C0352026DDD700938416 /* JSON.swift in Sources */,
				14C4C0362026DDD700938416 /* JSONResponse.swift in Sources */,
				14C4C0372026DDD700938416 /* JSONStrategy.swift in Sources */,
				14C4C0382026DDD700938416 /* MediaType.swift in Sources */,
				14C4C0392026DDD700938416 /* MultiPartFormDataRequest.swift in Sources */,
				14C4C03A2026DDD700938416 /* MultiPartFormDataStrategy.swift in Sources */,
				14C4C03B2026DDD700938416 /* NetworkingError.swift in Sources */,
				14C4C03C2026DDD700938416 /* Request.swift in Sources */,
				14C4C03D2026DDD700938416 /* RequestBuilder.swift in Sources */,
				14C4C03E2026DDD700938416 /* RequestConfiguration.swift in Sources */,
				14C4C03F2026DDD700938416 /* RequestDispatcher.swift in Sources */,
				14C4C0402026DDD700938416 /* Response.swift in Sources */,
				14C4C0412026DDD700938416 /* URLScheme.swift in Sources */,
			);
			runOnlyForDeploymentPostprocessing = 0;
		};
		OBJ_106 /* Sources */ = {
			isa = PBXSourcesBuildPhase;
			buildActionMask = 0;
			files = (
				OBJ_107 /* BasicConfiguration.swift in Sources */,
				OBJ_108 /* FormURLEncodedConfiguration.swift in Sources */,
				OBJ_109 /* MultipartConfiguration.swift in Sources */,
				OBJ_110 /* HeaderTests.swift in Sources */,
				OBJ_111 /* BasicGetRequest.swift in Sources */,
				OBJ_112 /* BasicMultipartFormDataRequest.swift in Sources */,
				OBJ_113 /* BasicPostRequest.swift in Sources */,
				OBJ_114 /* FormURLEncodedPostRequest.swift in Sources */,
				OBJ_115 /* ResponseTests.swift in Sources */,
				OBJ_116 /* FormURLEncodedResponse.swift in Sources */,
				OBJ_117 /* GetResponse.swift in Sources */,
				OBJ_118 /* MultipartFormDataResponse.swift in Sources */,
				OBJ_119 /* PostResponse.swift in Sources */,
				OBJ_120 /* BinData.swift in Sources */,
				OBJ_121 /* BinHeaders.swift in Sources */,
			);
			runOnlyForDeploymentPostprocessing = 0;
		};
		OBJ_135 /* Sources */ = {
			isa = PBXSourcesBuildPhase;
			buildActionMask = 0;
			files = (
				OBJ_136 /* AbstractDownloadTracker.swift in Sources */,
				OBJ_137 /* BaseRequestBuilder.swift in Sources */,
				OBJ_138 /* BaseRequestDispatcher.swift in Sources */,
				OBJ_139 /* DataStrategy.swift in Sources */,
				OBJ_140 /* DownloadManager.swift in Sources */,
				OBJ_141 /* DownloadTracking.swift in Sources */,
				OBJ_142 /* FormFile.swift in Sources */,
				OBJ_143 /* FormURLEncodedStrategy.swift in Sources */,
				OBJ_144 /* HTTPMethod.swift in Sources */,
				OBJ_145 /* Header.swift in Sources */,
				OBJ_146 /* JSON.swift in Sources */,
				OBJ_147 /* JSONResponse.swift in Sources */,
				OBJ_148 /* JSONStrategy.swift in Sources */,
				OBJ_149 /* MediaType.swift in Sources */,
				OBJ_150 /* MultiPartFormDataRequest.swift in Sources */,
				OBJ_151 /* MultiPartFormDataStrategy.swift in Sources */,
				OBJ_152 /* NetworkingError.swift in Sources */,
				OBJ_153 /* Request.swift in Sources */,
				OBJ_154 /* RequestBuilder.swift in Sources */,
				OBJ_155 /* RequestConfiguration.swift in Sources */,
				OBJ_156 /* RequestDispatcher.swift in Sources */,
				OBJ_157 /* Response.swift in Sources */,
				OBJ_158 /* URLScheme.swift in Sources */,
			);
			runOnlyForDeploymentPostprocessing = 0;
		};
/* End PBXSourcesBuildPhase section */

/* Begin PBXTargetDependency section */
		OBJ_126 /* PBXTargetDependency */ = {
			isa = PBXTargetDependency;
			target = "Astral::Astral" /* Astral-iOS */;
			targetProxy = 14C4BF972025C33C00938416 /* PBXContainerItemProxy */;
		};
/* End PBXTargetDependency section */

/* Begin XCBuildConfiguration section */
		14C4BFDD2026DC2B00938416 /* Debug */ = {
			isa = XCBuildConfiguration;
			buildSettings = {
				ARCHS = "$(ARCHS_STANDARD)";
				CODE_SIGN_IDENTITY = "Mac Developer";
				CODE_SIGN_STYLE = Automatic;
				DEVELOPMENT_TEAM = "";
				ENABLE_TESTABILITY = YES;
				FRAMEWORK_SEARCH_PATHS = (
					"$(inherited)",
					"$(PLATFORM_DIR)/Developer/Library/Frameworks",
					"$(PROJECT_DIR)/Carthage/Build/Mac",
				);
				HEADER_SEARCH_PATHS = "$(inherited)";
				INFOPLIST_FILE = "$(SRCROOT)/Supporting Files/Info.plist";
				LD_RUNPATH_SEARCH_PATHS = "$(inherited)";
				MACOSX_DEPLOYMENT_TARGET = 10.11;
				OTHER_LDFLAGS = "$(inherited)";
				OTHER_SWIFT_FLAGS = "$(inherited)";
				PRODUCT_BUNDLE_IDENTIFIER = Astral;
				PRODUCT_MODULE_NAME = "$(TARGET_NAME:c99extidentifier)";
				PRODUCT_NAME = "$(TARGET_NAME)";
				PROVISIONING_PROFILE_SPECIFIER = "";
				SDKROOT = macosx;
				SKIP_INSTALL = YES;
				SUPPORTED_PLATFORMS = macosx;
				SWIFT_VERSION = 4.0;
				TARGETED_DEVICE_FAMILY = "1,2";
				TARGET_NAME = Astral;
			};
			name = Debug;
		};
		14C4BFDE2026DC2B00938416 /* Release */ = {
			isa = XCBuildConfiguration;
			buildSettings = {
				ARCHS = "$(ARCHS_STANDARD)";
				CODE_SIGN_IDENTITY = "Mac Developer";
				CODE_SIGN_STYLE = Automatic;
				DEVELOPMENT_TEAM = "";
				ENABLE_TESTABILITY = YES;
				FRAMEWORK_SEARCH_PATHS = (
					"$(inherited)",
					"$(PLATFORM_DIR)/Developer/Library/Frameworks",
					"$(PROJECT_DIR)/Carthage/Build/Mac",
				);
				HEADER_SEARCH_PATHS = "$(inherited)";
				INFOPLIST_FILE = "$(SRCROOT)/Supporting Files/Info.plist";
				LD_RUNPATH_SEARCH_PATHS = "$(inherited)";
				MACOSX_DEPLOYMENT_TARGET = 10.11;
				OTHER_LDFLAGS = "$(inherited)";
				OTHER_SWIFT_FLAGS = "$(inherited)";
				PRODUCT_BUNDLE_IDENTIFIER = Astral;
				PRODUCT_MODULE_NAME = "$(TARGET_NAME:c99extidentifier)";
				PRODUCT_NAME = "$(TARGET_NAME)";
				PROVISIONING_PROFILE_SPECIFIER = "";
				SDKROOT = macosx;
				SKIP_INSTALL = YES;
				SUPPORTED_PLATFORMS = macosx;
				SWIFT_VERSION = 4.0;
				TARGETED_DEVICE_FAMILY = "1,2";
				TARGET_NAME = Astral;
			};
			name = Release;
		};
		14C4C0252026DDAE00938416 /* Debug */ = {
			isa = XCBuildConfiguration;
			buildSettings = {
				ENABLE_TESTABILITY = YES;
				FRAMEWORK_SEARCH_PATHS = (
					"$(inherited)",
					"$(PLATFORM_DIR)/Developer/Library/Frameworks",
					"$(PROJECT_DIR)/Carthage/Build/tvOS",
				);
				HEADER_SEARCH_PATHS = "$(inherited)";
				INFOPLIST_FILE = "$(SRCROOT)/Supporting Files/Info.plist";
				IPHONEOS_DEPLOYMENT_TARGET = 10.0;
				LD_RUNPATH_SEARCH_PATHS = "$(inherited)";
				OTHER_LDFLAGS = "$(inherited)";
				OTHER_SWIFT_FLAGS = "$(inherited)";
				PRODUCT_BUNDLE_IDENTIFIER = Astral;
				PRODUCT_MODULE_NAME = "$(TARGET_NAME:c99extidentifier)";
				PRODUCT_NAME = "$(TARGET_NAME)";
				SDKROOT = appletvos;
				SKIP_INSTALL = YES;
				SUPPORTED_PLATFORMS = "appletvsimulator appletvos";
				SWIFT_VERSION = 4.0;
				TARGETED_DEVICE_FAMILY = 3;
				TARGET_NAME = Astral;
				TVOS_DEPLOYMENT_TARGET = 11.0;
			};
			name = Debug;
		};
		14C4C0262026DDAE00938416 /* Release */ = {
			isa = XCBuildConfiguration;
			buildSettings = {
				ENABLE_TESTABILITY = YES;
				FRAMEWORK_SEARCH_PATHS = (
					"$(inherited)",
					"$(PLATFORM_DIR)/Developer/Library/Frameworks",
					"$(PROJECT_DIR)/Carthage/Build/tvOS",
				);
				HEADER_SEARCH_PATHS = "$(inherited)";
				INFOPLIST_FILE = "$(SRCROOT)/Supporting Files/Info.plist";
				IPHONEOS_DEPLOYMENT_TARGET = 10.0;
				LD_RUNPATH_SEARCH_PATHS = "$(inherited)";
				OTHER_LDFLAGS = "$(inherited)";
				OTHER_SWIFT_FLAGS = "$(inherited)";
				PRODUCT_BUNDLE_IDENTIFIER = Astral;
				PRODUCT_MODULE_NAME = "$(TARGET_NAME:c99extidentifier)";
				PRODUCT_NAME = "$(TARGET_NAME)";
				SDKROOT = appletvos;
				SKIP_INSTALL = YES;
				SUPPORTED_PLATFORMS = "appletvsimulator appletvos";
				SWIFT_VERSION = 4.0;
				TARGETED_DEVICE_FAMILY = 3;
				TARGET_NAME = Astral;
				TVOS_DEPLOYMENT_TARGET = 11.0;
			};
			name = Release;
		};
		14C4C0492026DDD700938416 /* Debug */ = {
			isa = XCBuildConfiguration;
			buildSettings = {
				ENABLE_TESTABILITY = YES;
				FRAMEWORK_SEARCH_PATHS = (
					"$(inherited)",
					"$(PROJECT_DIR)/Carthage/Build/watchOS",
				);
				HEADER_SEARCH_PATHS = "$(inherited)";
				INFOPLIST_FILE = "$(SRCROOT)/Supporting Files/Info.plist";
				IPHONEOS_DEPLOYMENT_TARGET = 10.0;
				LD_RUNPATH_SEARCH_PATHS = "$(inherited)";
				OTHER_LDFLAGS = "$(inherited)";
				OTHER_SWIFT_FLAGS = "$(inherited)";
				PRODUCT_BUNDLE_IDENTIFIER = Astral;
				PRODUCT_MODULE_NAME = "$(TARGET_NAME:c99extidentifier)";
				PRODUCT_NAME = "$(TARGET_NAME)";
				RESOURCES_TARGETED_DEVICE_FAMILY = "";
				SDKROOT = watchos;
				SKIP_INSTALL = YES;
				SUPPORTED_PLATFORMS = "watchsimulator watchos";
				SWIFT_VERSION = 4.0;
				TARGETED_DEVICE_FAMILY = 4;
				TARGET_NAME = Astral;
				WATCHOS_DEPLOYMENT_TARGET = 4.0;
			};
			name = Debug;
		};
		14C4C04A2026DDD700938416 /* Release */ = {
			isa = XCBuildConfiguration;
			buildSettings = {
				ENABLE_TESTABILITY = YES;
				FRAMEWORK_SEARCH_PATHS = (
					"$(inherited)",
					"$(PROJECT_DIR)/Carthage/Build/watchOS",
				);
				HEADER_SEARCH_PATHS = "$(inherited)";
				INFOPLIST_FILE = "$(SRCROOT)/Supporting Files/Info.plist";
				IPHONEOS_DEPLOYMENT_TARGET = 10.0;
				LD_RUNPATH_SEARCH_PATHS = "$(inherited)";
				OTHER_LDFLAGS = "$(inherited)";
				OTHER_SWIFT_FLAGS = "$(inherited)";
				PRODUCT_BUNDLE_IDENTIFIER = Astral;
				PRODUCT_MODULE_NAME = "$(TARGET_NAME:c99extidentifier)";
				PRODUCT_NAME = "$(TARGET_NAME)";
				RESOURCES_TARGETED_DEVICE_FAMILY = "";
				SDKROOT = watchos;
				SKIP_INSTALL = YES;
				SUPPORTED_PLATFORMS = "watchsimulator watchos";
				SWIFT_VERSION = 4.0;
				TARGETED_DEVICE_FAMILY = 4;
				TARGET_NAME = Astral;
				WATCHOS_DEPLOYMENT_TARGET = 4.0;
			};
			name = Release;
		};
		OBJ_104 /* Debug */ = {
			isa = XCBuildConfiguration;
			buildSettings = {
				ALWAYS_EMBED_SWIFT_STANDARD_LIBRARIES = "$(inherited)";
				FRAMEWORK_SEARCH_PATHS = (
					"$(inherited)",
					"$(PLATFORM_DIR)/Developer/Library/Frameworks",
				);
				HEADER_SEARCH_PATHS = "$(inherited)";
				INFOPLIST_FILE = Astral.xcodeproj/AstralTests_Info.plist;
				LD_RUNPATH_SEARCH_PATHS = "$(inherited)";
				OTHER_LDFLAGS = "$(inherited)";
				OTHER_SWIFT_FLAGS = "$(inherited)";
				SWIFT_VERSION = 4.0;
				TARGET_NAME = AstralTests;
			};
			name = Debug;
		};
		OBJ_105 /* Release */ = {
			isa = XCBuildConfiguration;
			buildSettings = {
				ALWAYS_EMBED_SWIFT_STANDARD_LIBRARIES = "$(inherited)";
				FRAMEWORK_SEARCH_PATHS = (
					"$(inherited)",
					"$(PLATFORM_DIR)/Developer/Library/Frameworks",
				);
				HEADER_SEARCH_PATHS = "$(inherited)";
				INFOPLIST_FILE = Astral.xcodeproj/AstralTests_Info.plist;
				LD_RUNPATH_SEARCH_PATHS = "$(inherited)";
				OTHER_LDFLAGS = "$(inherited)";
				OTHER_SWIFT_FLAGS = "$(inherited)";
				SWIFT_VERSION = 4.0;
				TARGET_NAME = AstralTests;
			};
			name = Release;
		};
		OBJ_133 /* Debug */ = {
			isa = XCBuildConfiguration;
			buildSettings = {
				"CODE_SIGN_IDENTITY[sdk=iphoneos*]" = "iPhone Developer";
				CODE_SIGN_STYLE = Automatic;
				DEVELOPMENT_TEAM = "";
				ENABLE_TESTABILITY = YES;
				FRAMEWORK_SEARCH_PATHS = (
					"$(inherited)",
					"$(PLATFORM_DIR)/Developer/Library/Frameworks",
					"$(PROJECT_DIR)/Carthage/Build/iOS",
				);
				HEADER_SEARCH_PATHS = "$(inherited)";
				INFOPLIST_FILE = "$(SRCROOT)/Supporting Files/Info.plist";
				IPHONEOS_DEPLOYMENT_TARGET = 10.0;
				LD_RUNPATH_SEARCH_PATHS = "$(inherited)";
				OTHER_LDFLAGS = "$(inherited)";
				OTHER_SWIFT_FLAGS = "$(inherited)";
				PRODUCT_BUNDLE_IDENTIFIER = Astral;
				PRODUCT_MODULE_NAME = "$(TARGET_NAME:c99extidentifier)";
				PRODUCT_NAME = "$(TARGET_NAME:c99extidentifier)";
				PROVISIONING_PROFILE_SPECIFIER = "";
				SKIP_INSTALL = YES;
				SUPPORTED_PLATFORMS = "iphonesimulator iphoneos";
				SWIFT_VERSION = 4.0;
				TARGETED_DEVICE_FAMILY = "1,2";
				TARGET_NAME = Astral;
			};
			name = Debug;
		};
		OBJ_134 /* Release */ = {
			isa = XCBuildConfiguration;
			buildSettings = {
				"CODE_SIGN_IDENTITY[sdk=iphoneos*]" = "iPhone Developer";
				CODE_SIGN_STYLE = Automatic;
				DEVELOPMENT_TEAM = "";
				ENABLE_TESTABILITY = YES;
				FRAMEWORK_SEARCH_PATHS = (
					"$(inherited)",
					"$(PLATFORM_DIR)/Developer/Library/Frameworks",
					"$(PROJECT_DIR)/Carthage/Build/iOS",
				);
				HEADER_SEARCH_PATHS = "$(inherited)";
				INFOPLIST_FILE = "$(SRCROOT)/Supporting Files/Info.plist";
				IPHONEOS_DEPLOYMENT_TARGET = 10.0;
				LD_RUNPATH_SEARCH_PATHS = "$(inherited)";
				OTHER_LDFLAGS = "$(inherited)";
				OTHER_SWIFT_FLAGS = "$(inherited)";
				PRODUCT_BUNDLE_IDENTIFIER = Astral;
				PRODUCT_MODULE_NAME = "$(TARGET_NAME:c99extidentifier)";
				PRODUCT_NAME = "$(TARGET_NAME:c99extidentifier)";
				PROVISIONING_PROFILE_SPECIFIER = "";
				SKIP_INSTALL = YES;
				SUPPORTED_PLATFORMS = "iphonesimulator iphoneos";
				SWIFT_VERSION = 4.0;
				TARGETED_DEVICE_FAMILY = "1,2";
				TARGET_NAME = Astral;
			};
			name = Release;
		};
		OBJ_3 /* Debug */ = {
			isa = XCBuildConfiguration;
			buildSettings = {
				CLANG_ENABLE_OBJC_ARC = YES;
				CLANG_WARN_BLOCK_CAPTURE_AUTORELEASING = YES;
				CLANG_WARN_BOOL_CONVERSION = YES;
				CLANG_WARN_COMMA = YES;
				CLANG_WARN_CONSTANT_CONVERSION = YES;
				CLANG_WARN_EMPTY_BODY = YES;
				CLANG_WARN_ENUM_CONVERSION = YES;
				CLANG_WARN_INFINITE_RECURSION = YES;
				CLANG_WARN_INT_CONVERSION = YES;
				CLANG_WARN_NON_LITERAL_NULL_CONVERSION = YES;
				CLANG_WARN_OBJC_LITERAL_CONVERSION = YES;
				CLANG_WARN_RANGE_LOOP_ANALYSIS = YES;
				CLANG_WARN_STRICT_PROTOTYPES = YES;
				CLANG_WARN_SUSPICIOUS_MOVE = YES;
				CLANG_WARN_UNREACHABLE_CODE = YES;
				CLANG_WARN__DUPLICATE_METHOD_MATCH = YES;
				COMBINE_HIDPI_IMAGES = YES;
				COPY_PHASE_STRIP = NO;
				DEBUG_INFORMATION_FORMAT = dwarf;
				DYLIB_INSTALL_NAME_BASE = "@rpath";
				ENABLE_NS_ASSERTIONS = YES;
				ENABLE_STRICT_OBJC_MSGSEND = YES;
				ENABLE_TESTABILITY = YES;
				GCC_NO_COMMON_BLOCKS = YES;
				GCC_OPTIMIZATION_LEVEL = 0;
				GCC_WARN_64_TO_32_BIT_CONVERSION = YES;
				GCC_WARN_ABOUT_RETURN_TYPE = YES;
				GCC_WARN_UNDECLARED_SELECTOR = YES;
				GCC_WARN_UNINITIALIZED_AUTOS = YES;
				GCC_WARN_UNUSED_FUNCTION = YES;
				GCC_WARN_UNUSED_VARIABLE = YES;
				IPHONEOS_DEPLOYMENT_TARGET = 10.0;
				MACOSX_DEPLOYMENT_TARGET = 10.10;
				ONLY_ACTIVE_ARCH = YES;
				OTHER_SWIFT_FLAGS = "-DXcode";
				PRODUCT_NAME = "$(TARGET_NAME)";
				SDKROOT = iphoneos;
				SUPPORTED_PLATFORMS = "iphonesimulator iphoneos macosx";
				SWIFT_ACTIVE_COMPILATION_CONDITIONS = SWIFT_PACKAGE;
				SWIFT_OPTIMIZATION_LEVEL = "-Onone";
				TARGETED_DEVICE_FAMILY = "1,2";
				TVOS_DEPLOYMENT_TARGET = 11.0;
				USE_HEADERMAP = NO;
				WATCHOS_DEPLOYMENT_TARGET = 4.0;
			};
			name = Debug;
		};
		OBJ_4 /* Release */ = {
			isa = XCBuildConfiguration;
			buildSettings = {
				CLANG_ENABLE_OBJC_ARC = YES;
				CLANG_WARN_BLOCK_CAPTURE_AUTORELEASING = YES;
				CLANG_WARN_BOOL_CONVERSION = YES;
				CLANG_WARN_COMMA = YES;
				CLANG_WARN_CONSTANT_CONVERSION = YES;
				CLANG_WARN_EMPTY_BODY = YES;
				CLANG_WARN_ENUM_CONVERSION = YES;
				CLANG_WARN_INFINITE_RECURSION = YES;
				CLANG_WARN_INT_CONVERSION = YES;
				CLANG_WARN_NON_LITERAL_NULL_CONVERSION = YES;
				CLANG_WARN_OBJC_LITERAL_CONVERSION = YES;
				CLANG_WARN_RANGE_LOOP_ANALYSIS = YES;
				CLANG_WARN_STRICT_PROTOTYPES = YES;
				CLANG_WARN_SUSPICIOUS_MOVE = YES;
				CLANG_WARN_UNREACHABLE_CODE = YES;
				CLANG_WARN__DUPLICATE_METHOD_MATCH = YES;
				COMBINE_HIDPI_IMAGES = YES;
				COPY_PHASE_STRIP = YES;
				DEBUG_INFORMATION_FORMAT = "dwarf-with-dsym";
				DYLIB_INSTALL_NAME_BASE = "@rpath";
				ENABLE_STRICT_OBJC_MSGSEND = YES;
				GCC_NO_COMMON_BLOCKS = YES;
				GCC_OPTIMIZATION_LEVEL = s;
				GCC_WARN_64_TO_32_BIT_CONVERSION = YES;
				GCC_WARN_ABOUT_RETURN_TYPE = YES;
				GCC_WARN_UNDECLARED_SELECTOR = YES;
				GCC_WARN_UNINITIALIZED_AUTOS = YES;
				GCC_WARN_UNUSED_FUNCTION = YES;
				GCC_WARN_UNUSED_VARIABLE = YES;
				IPHONEOS_DEPLOYMENT_TARGET = 10.0;
				MACOSX_DEPLOYMENT_TARGET = 10.10;
				OTHER_SWIFT_FLAGS = "-DXcode";
				PRODUCT_NAME = "$(TARGET_NAME)";
				SDKROOT = iphoneos;
				SUPPORTED_PLATFORMS = "iphonesimulator iphoneos macosx";
				SWIFT_ACTIVE_COMPILATION_CONDITIONS = SWIFT_PACKAGE;
				SWIFT_OPTIMIZATION_LEVEL = "-Owholemodule";
				TARGETED_DEVICE_FAMILY = "1,2";
				TVOS_DEPLOYMENT_TARGET = 11.0;
				USE_HEADERMAP = NO;
				WATCHOS_DEPLOYMENT_TARGET = 4.0;
			};
			name = Release;
		};
/* End XCBuildConfiguration section */

/* Begin XCConfigurationList section */
		14C4BFDC2026DC2B00938416 /* Build configuration list for PBXNativeTarget "Astral-Mac" */ = {
			isa = XCConfigurationList;
			buildConfigurations = (
				14C4BFDD2026DC2B00938416 /* Debug */,
				14C4BFDE2026DC2B00938416 /* Release */,
			);
			defaultConfigurationIsVisible = 0;
			defaultConfigurationName = Debug;
		};
		14C4C0242026DDAE00938416 /* Build configuration list for PBXNativeTarget "Astral-tvOS" */ = {
			isa = XCConfigurationList;
			buildConfigurations = (
				14C4C0252026DDAE00938416 /* Debug */,
				14C4C0262026DDAE00938416 /* Release */,
			);
			defaultConfigurationIsVisible = 0;
			defaultConfigurationName = Debug;
		};
		14C4C0482026DDD700938416 /* Build configuration list for PBXNativeTarget "Astral-watchOS" */ = {
			isa = XCConfigurationList;
			buildConfigurations = (
				14C4C0492026DDD700938416 /* Debug */,
				14C4C04A2026DDD700938416 /* Release */,
			);
			defaultConfigurationIsVisible = 0;
			defaultConfigurationName = Debug;
		};
		OBJ_103 /* Build configuration list for PBXNativeTarget "AstralTests" */ = {
			isa = XCConfigurationList;
			buildConfigurations = (
				OBJ_104 /* Debug */,
				OBJ_105 /* Release */,
			);
			defaultConfigurationIsVisible = 0;
			defaultConfigurationName = Debug;
		};
		OBJ_132 /* Build configuration list for PBXNativeTarget "Astral-iOS" */ = {
			isa = XCConfigurationList;
			buildConfigurations = (
				OBJ_133 /* Debug */,
				OBJ_134 /* Release */,
			);
			defaultConfigurationIsVisible = 0;
			defaultConfigurationName = Debug;
		};
		OBJ_2 /* Build configuration list for PBXProject "Astral" */ = {
			isa = XCConfigurationList;
			buildConfigurations = (
				OBJ_3 /* Debug */,
				OBJ_4 /* Release */,
			);
			defaultConfigurationIsVisible = 0;
			defaultConfigurationName = Debug;
		};
/* End XCConfigurationList section */
	};
	rootObject = OBJ_1 /* Project object */;
}
