// !$*UTF8*$!
{
	archiveVersion = 1;
	classes = {
	};
	objectVersion = 48;
	objects = {

/* Begin PBXBuildFile section */
		1413034020AABA2C0083CE27 /* Astral.swift in Sources */ = {isa = PBXBuildFile; fileRef = 1413033F20AABA2C0083CE27 /* Astral.swift */; };
		1413034120AABA2C0083CE27 /* Astral.swift in Sources */ = {isa = PBXBuildFile; fileRef = 1413033F20AABA2C0083CE27 /* Astral.swift */; };
		1413034220AABA2C0083CE27 /* Astral.swift in Sources */ = {isa = PBXBuildFile; fileRef = 1413033F20AABA2C0083CE27 /* Astral.swift */; };
		1413034320AABA2C0083CE27 /* Astral.swift in Sources */ = {isa = PBXBuildFile; fileRef = 1413033F20AABA2C0083CE27 /* Astral.swift */; };
		14292E1A20552CF2004AFAE8 /* URLRequest+Astral.swift in Sources */ = {isa = PBXBuildFile; fileRef = 14292E1920552CF2004AFAE8 /* URLRequest+Astral.swift */; };
		14292E1B20552CF2004AFAE8 /* URLRequest+Astral.swift in Sources */ = {isa = PBXBuildFile; fileRef = 14292E1920552CF2004AFAE8 /* URLRequest+Astral.swift */; };
		14292E1C20552CF2004AFAE8 /* URLRequest+Astral.swift in Sources */ = {isa = PBXBuildFile; fileRef = 14292E1920552CF2004AFAE8 /* URLRequest+Astral.swift */; };
		14292E1D20552CF2004AFAE8 /* URLRequest+Astral.swift in Sources */ = {isa = PBXBuildFile; fileRef = 14292E1920552CF2004AFAE8 /* URLRequest+Astral.swift */; };
		143A5BAC20AAC4CD004EE209 /* Parameters.swift in Sources */ = {isa = PBXBuildFile; fileRef = 143A5BAB20AAC4CD004EE209 /* Parameters.swift */; };
		143A5BAD20AAC4CD004EE209 /* Parameters.swift in Sources */ = {isa = PBXBuildFile; fileRef = 143A5BAB20AAC4CD004EE209 /* Parameters.swift */; };
		143A5BAE20AAC4CD004EE209 /* Parameters.swift in Sources */ = {isa = PBXBuildFile; fileRef = 143A5BAB20AAC4CD004EE209 /* Parameters.swift */; };
		143A5BAF20AAC4CD004EE209 /* Parameters.swift in Sources */ = {isa = PBXBuildFile; fileRef = 143A5BAB20AAC4CD004EE209 /* Parameters.swift */; };
		145051BB2206395A009A9F69 /* BaseDelegateDispatcherTests.swift in Sources */ = {isa = PBXBuildFile; fileRef = 145051BA2206395A009A9F69 /* BaseDelegateDispatcherTests.swift */; };
		145051C02206F40E009A9F69 /* pic2.png in Resources */ = {isa = PBXBuildFile; fileRef = 145051BD2206F40E009A9F69 /* pic2.png */; };
		145051C12206F40E009A9F69 /* pic3.png in Resources */ = {isa = PBXBuildFile; fileRef = 145051BE2206F40E009A9F69 /* pic3.png */; };
		145051C22206F40E009A9F69 /* pic1.png in Resources */ = {isa = PBXBuildFile; fileRef = 145051BF2206F40E009A9F69 /* pic1.png */; };
		145F530E209BF76A00B987B1 /* RequestBuilderTests.swift in Sources */ = {isa = PBXBuildFile; fileRef = 145F530C209BF71C00B987B1 /* RequestBuilderTests.swift */; };
		145F5310209BF7E700B987B1 /* NestedParametersGetRequest.swift in Sources */ = {isa = PBXBuildFile; fileRef = 145F530F209BF7E700B987B1 /* NestedParametersGetRequest.swift */; };
		1468733821510CB50003FA3D /* Foundation.framework in Frameworks */ = {isa = PBXBuildFile; fileRef = 1468733721510CB50003FA3D /* Foundation.framework */; };
		14718F0B21BD88430096E88A /* BaseDelegateDispatcher.swift in Sources */ = {isa = PBXBuildFile; fileRef = 14718F0A21BD88430096E88A /* BaseDelegateDispatcher.swift */; };
		14718F0C21BD88430096E88A /* BaseDelegateDispatcher.swift in Sources */ = {isa = PBXBuildFile; fileRef = 14718F0A21BD88430096E88A /* BaseDelegateDispatcher.swift */; };
		14718F0D21BD88430096E88A /* BaseDelegateDispatcher.swift in Sources */ = {isa = PBXBuildFile; fileRef = 14718F0A21BD88430096E88A /* BaseDelegateDispatcher.swift */; };
		14718F0E21BD88430096E88A /* BaseDelegateDispatcher.swift in Sources */ = {isa = PBXBuildFile; fileRef = 14718F0A21BD88430096E88A /* BaseDelegateDispatcher.swift */; };
		147CA7DB21CACF1800BD5E98 /* AstralTask.swift in Sources */ = {isa = PBXBuildFile; fileRef = 147CA7DA21CACF1800BD5E98 /* AstralTask.swift */; };
		147CA7DC21CACF1800BD5E98 /* AstralTask.swift in Sources */ = {isa = PBXBuildFile; fileRef = 147CA7DA21CACF1800BD5E98 /* AstralTask.swift */; };
		147CA7DD21CACF1800BD5E98 /* AstralTask.swift in Sources */ = {isa = PBXBuildFile; fileRef = 147CA7DA21CACF1800BD5E98 /* AstralTask.swift */; };
		147CA7DE21CACF1800BD5E98 /* AstralTask.swift in Sources */ = {isa = PBXBuildFile; fileRef = 147CA7DA21CACF1800BD5E98 /* AstralTask.swift */; };
		1487E70721BC64FD00759E3D /* HTTPBodyRequestBuilder.swift in Sources */ = {isa = PBXBuildFile; fileRef = 1487E70621BC64FD00759E3D /* HTTPBodyRequestBuilder.swift */; };
		1487E70821BC64FD00759E3D /* HTTPBodyRequestBuilder.swift in Sources */ = {isa = PBXBuildFile; fileRef = 1487E70621BC64FD00759E3D /* HTTPBodyRequestBuilder.swift */; };
		1487E70921BC64FD00759E3D /* HTTPBodyRequestBuilder.swift in Sources */ = {isa = PBXBuildFile; fileRef = 1487E70621BC64FD00759E3D /* HTTPBodyRequestBuilder.swift */; };
		1487E70A21BC64FD00759E3D /* HTTPBodyRequestBuilder.swift in Sources */ = {isa = PBXBuildFile; fileRef = 1487E70621BC64FD00759E3D /* HTTPBodyRequestBuilder.swift */; };
		1487E70C21BC693300759E3D /* MultiPartFormDataBuilder.swift in Sources */ = {isa = PBXBuildFile; fileRef = 1487E70B21BC693300759E3D /* MultiPartFormDataBuilder.swift */; };
		1487E70D21BC693300759E3D /* MultiPartFormDataBuilder.swift in Sources */ = {isa = PBXBuildFile; fileRef = 1487E70B21BC693300759E3D /* MultiPartFormDataBuilder.swift */; };
		1487E70E21BC693300759E3D /* MultiPartFormDataBuilder.swift in Sources */ = {isa = PBXBuildFile; fileRef = 1487E70B21BC693300759E3D /* MultiPartFormDataBuilder.swift */; };
		1487E70F21BC693300759E3D /* MultiPartFormDataBuilder.swift in Sources */ = {isa = PBXBuildFile; fileRef = 1487E70B21BC693300759E3D /* MultiPartFormDataBuilder.swift */; };
		1487E76D21BC7AE400759E3D /* ResponseTests.swift in Sources */ = {isa = PBXBuildFile; fileRef = 1487E76C21BC7AE400759E3D /* ResponseTests.swift */; };
		14A007E721BD57B5002C2ABB /* FileManager+Astral.swift in Sources */ = {isa = PBXBuildFile; fileRef = 14A007E621BD57B5002C2ABB /* FileManager+Astral.swift */; };
		14A007E821BD57B5002C2ABB /* FileManager+Astral.swift in Sources */ = {isa = PBXBuildFile; fileRef = 14A007E621BD57B5002C2ABB /* FileManager+Astral.swift */; };
		14A007E921BD57B5002C2ABB /* FileManager+Astral.swift in Sources */ = {isa = PBXBuildFile; fileRef = 14A007E621BD57B5002C2ABB /* FileManager+Astral.swift */; };
		14A007EA21BD57B5002C2ABB /* FileManager+Astral.swift in Sources */ = {isa = PBXBuildFile; fileRef = 14A007E621BD57B5002C2ABB /* FileManager+Astral.swift */; };
		14BFC07E21BC541900FDC12F /* AstralInputStream.swift in Sources */ = {isa = PBXBuildFile; fileRef = 14BFC07D21BC541900FDC12F /* AstralInputStream.swift */; };
		14BFC07F21BC541900FDC12F /* AstralInputStream.swift in Sources */ = {isa = PBXBuildFile; fileRef = 14BFC07D21BC541900FDC12F /* AstralInputStream.swift */; };
		14BFC08021BC541900FDC12F /* AstralInputStream.swift in Sources */ = {isa = PBXBuildFile; fileRef = 14BFC07D21BC541900FDC12F /* AstralInputStream.swift */; };
		14BFC08121BC541900FDC12F /* AstralInputStream.swift in Sources */ = {isa = PBXBuildFile; fileRef = 14BFC07D21BC541900FDC12F /* AstralInputStream.swift */; };
		14C4BFAF2026D12000938416 /* Foundation.framework in Frameworks */ = {isa = PBXBuildFile; fileRef = 14C4BFAE2026D12000938416 /* Foundation.framework */; };
		14C4BFC02026DC2B00938416 /* BaseHTTPBodyRequestBuilder.swift in Sources */ = {isa = PBXBuildFile; fileRef = OBJ_9 /* BaseHTTPBodyRequestBuilder.swift */; };
		14C4BFC12026DC2B00938416 /* AstralRequestDispatcher.swift in Sources */ = {isa = PBXBuildFile; fileRef = OBJ_10 /* AstralRequestDispatcher.swift */; };
		14C4BFC22026DC2B00938416 /* DataStrategy.swift in Sources */ = {isa = PBXBuildFile; fileRef = OBJ_11 /* DataStrategy.swift */; };
		14C4BFC52026DC2B00938416 /* MultiPartFormDataComponent.swift in Sources */ = {isa = PBXBuildFile; fileRef = OBJ_14 /* MultiPartFormDataComponent.swift */; };
		14C4BFC62026DC2B00938416 /* FormURLEncodedStrategy.swift in Sources */ = {isa = PBXBuildFile; fileRef = OBJ_15 /* FormURLEncodedStrategy.swift */; };
		14C4BFC72026DC2B00938416 /* HTTPMethod.swift in Sources */ = {isa = PBXBuildFile; fileRef = OBJ_16 /* HTTPMethod.swift */; };
		14C4BFC82026DC2B00938416 /* Header.swift in Sources */ = {isa = PBXBuildFile; fileRef = OBJ_17 /* Header.swift */; };
		14C4BFC92026DC2B00938416 /* JSON.swift in Sources */ = {isa = PBXBuildFile; fileRef = OBJ_18 /* JSON.swift */; };
		14C4BFCA2026DC2B00938416 /* JSONResponse.swift in Sources */ = {isa = PBXBuildFile; fileRef = OBJ_19 /* JSONResponse.swift */; };
		14C4BFCB2026DC2B00938416 /* JSONStrategy.swift in Sources */ = {isa = PBXBuildFile; fileRef = OBJ_20 /* JSONStrategy.swift */; };
		14C4BFCC2026DC2B00938416 /* MediaType.swift in Sources */ = {isa = PBXBuildFile; fileRef = OBJ_21 /* MediaType.swift */; };
		14C4BFCD2026DC2B00938416 /* MultiPartFormDataRequest.swift in Sources */ = {isa = PBXBuildFile; fileRef = OBJ_22 /* MultiPartFormDataRequest.swift */; };
		14C4BFCE2026DC2B00938416 /* MultiPartFormDataStrategy.swift in Sources */ = {isa = PBXBuildFile; fileRef = OBJ_23 /* MultiPartFormDataStrategy.swift */; };
		14C4BFCF2026DC2B00938416 /* NetworkingError.swift in Sources */ = {isa = PBXBuildFile; fileRef = OBJ_24 /* NetworkingError.swift */; };
		14C4BFD02026DC2B00938416 /* Request.swift in Sources */ = {isa = PBXBuildFile; fileRef = OBJ_25 /* Request.swift */; };
		14C4BFD12026DC2B00938416 /* RequestBuilder.swift in Sources */ = {isa = PBXBuildFile; fileRef = OBJ_26 /* RequestBuilder.swift */; };
		14C4BFD22026DC2B00938416 /* RequestConfiguration.swift in Sources */ = {isa = PBXBuildFile; fileRef = OBJ_27 /* RequestConfiguration.swift */; };
		14C4BFD32026DC2B00938416 /* RequestDispatcher.swift in Sources */ = {isa = PBXBuildFile; fileRef = OBJ_28 /* RequestDispatcher.swift */; };
		14C4BFD42026DC2B00938416 /* Response.swift in Sources */ = {isa = PBXBuildFile; fileRef = OBJ_29 /* Response.swift */; };
		14C4BFD52026DC2B00938416 /* URLScheme.swift in Sources */ = {isa = PBXBuildFile; fileRef = OBJ_30 /* URLScheme.swift */; };
		14C4C0082026DDAE00938416 /* BaseHTTPBodyRequestBuilder.swift in Sources */ = {isa = PBXBuildFile; fileRef = OBJ_9 /* BaseHTTPBodyRequestBuilder.swift */; };
		14C4C0092026DDAE00938416 /* AstralRequestDispatcher.swift in Sources */ = {isa = PBXBuildFile; fileRef = OBJ_10 /* AstralRequestDispatcher.swift */; };
		14C4C00A2026DDAE00938416 /* DataStrategy.swift in Sources */ = {isa = PBXBuildFile; fileRef = OBJ_11 /* DataStrategy.swift */; };
		14C4C00D2026DDAE00938416 /* MultiPartFormDataComponent.swift in Sources */ = {isa = PBXBuildFile; fileRef = OBJ_14 /* MultiPartFormDataComponent.swift */; };
		14C4C00E2026DDAE00938416 /* FormURLEncodedStrategy.swift in Sources */ = {isa = PBXBuildFile; fileRef = OBJ_15 /* FormURLEncodedStrategy.swift */; };
		14C4C00F2026DDAE00938416 /* HTTPMethod.swift in Sources */ = {isa = PBXBuildFile; fileRef = OBJ_16 /* HTTPMethod.swift */; };
		14C4C0102026DDAE00938416 /* Header.swift in Sources */ = {isa = PBXBuildFile; fileRef = OBJ_17 /* Header.swift */; };
		14C4C0112026DDAE00938416 /* JSON.swift in Sources */ = {isa = PBXBuildFile; fileRef = OBJ_18 /* JSON.swift */; };
		14C4C0122026DDAE00938416 /* JSONResponse.swift in Sources */ = {isa = PBXBuildFile; fileRef = OBJ_19 /* JSONResponse.swift */; };
		14C4C0132026DDAE00938416 /* JSONStrategy.swift in Sources */ = {isa = PBXBuildFile; fileRef = OBJ_20 /* JSONStrategy.swift */; };
		14C4C0142026DDAE00938416 /* MediaType.swift in Sources */ = {isa = PBXBuildFile; fileRef = OBJ_21 /* MediaType.swift */; };
		14C4C0152026DDAE00938416 /* MultiPartFormDataRequest.swift in Sources */ = {isa = PBXBuildFile; fileRef = OBJ_22 /* MultiPartFormDataRequest.swift */; };
		14C4C0162026DDAE00938416 /* MultiPartFormDataStrategy.swift in Sources */ = {isa = PBXBuildFile; fileRef = OBJ_23 /* MultiPartFormDataStrategy.swift */; };
		14C4C0172026DDAE00938416 /* NetworkingError.swift in Sources */ = {isa = PBXBuildFile; fileRef = OBJ_24 /* NetworkingError.swift */; };
		14C4C0182026DDAE00938416 /* Request.swift in Sources */ = {isa = PBXBuildFile; fileRef = OBJ_25 /* Request.swift */; };
		14C4C0192026DDAE00938416 /* RequestBuilder.swift in Sources */ = {isa = PBXBuildFile; fileRef = OBJ_26 /* RequestBuilder.swift */; };
		14C4C01A2026DDAE00938416 /* RequestConfiguration.swift in Sources */ = {isa = PBXBuildFile; fileRef = OBJ_27 /* RequestConfiguration.swift */; };
		14C4C01B2026DDAE00938416 /* RequestDispatcher.swift in Sources */ = {isa = PBXBuildFile; fileRef = OBJ_28 /* RequestDispatcher.swift */; };
		14C4C01C2026DDAE00938416 /* Response.swift in Sources */ = {isa = PBXBuildFile; fileRef = OBJ_29 /* Response.swift */; };
		14C4C01D2026DDAE00938416 /* URLScheme.swift in Sources */ = {isa = PBXBuildFile; fileRef = OBJ_30 /* URLScheme.swift */; };
		14C4C0212026DDAE00938416 /* Foundation.framework in Frameworks */ = {isa = PBXBuildFile; fileRef = 14C4BFAE2026D12000938416 /* Foundation.framework */; };
		14C4C02C2026DDD700938416 /* BaseHTTPBodyRequestBuilder.swift in Sources */ = {isa = PBXBuildFile; fileRef = OBJ_9 /* BaseHTTPBodyRequestBuilder.swift */; };
		14C4C02D2026DDD700938416 /* AstralRequestDispatcher.swift in Sources */ = {isa = PBXBuildFile; fileRef = OBJ_10 /* AstralRequestDispatcher.swift */; };
		14C4C02E2026DDD700938416 /* DataStrategy.swift in Sources */ = {isa = PBXBuildFile; fileRef = OBJ_11 /* DataStrategy.swift */; };
		14C4C0312026DDD700938416 /* MultiPartFormDataComponent.swift in Sources */ = {isa = PBXBuildFile; fileRef = OBJ_14 /* MultiPartFormDataComponent.swift */; };
		14C4C0322026DDD700938416 /* FormURLEncodedStrategy.swift in Sources */ = {isa = PBXBuildFile; fileRef = OBJ_15 /* FormURLEncodedStrategy.swift */; };
		14C4C0332026DDD700938416 /* HTTPMethod.swift in Sources */ = {isa = PBXBuildFile; fileRef = OBJ_16 /* HTTPMethod.swift */; };
		14C4C0342026DDD700938416 /* Header.swift in Sources */ = {isa = PBXBuildFile; fileRef = OBJ_17 /* Header.swift */; };
		14C4C0352026DDD700938416 /* JSON.swift in Sources */ = {isa = PBXBuildFile; fileRef = OBJ_18 /* JSON.swift */; };
		14C4C0362026DDD700938416 /* JSONResponse.swift in Sources */ = {isa = PBXBuildFile; fileRef = OBJ_19 /* JSONResponse.swift */; };
		14C4C0372026DDD700938416 /* JSONStrategy.swift in Sources */ = {isa = PBXBuildFile; fileRef = OBJ_20 /* JSONStrategy.swift */; };
		14C4C0382026DDD700938416 /* MediaType.swift in Sources */ = {isa = PBXBuildFile; fileRef = OBJ_21 /* MediaType.swift */; };
		14C4C0392026DDD700938416 /* MultiPartFormDataRequest.swift in Sources */ = {isa = PBXBuildFile; fileRef = OBJ_22 /* MultiPartFormDataRequest.swift */; };
		14C4C03A2026DDD700938416 /* MultiPartFormDataStrategy.swift in Sources */ = {isa = PBXBuildFile; fileRef = OBJ_23 /* MultiPartFormDataStrategy.swift */; };
		14C4C03B2026DDD700938416 /* NetworkingError.swift in Sources */ = {isa = PBXBuildFile; fileRef = OBJ_24 /* NetworkingError.swift */; };
		14C4C03C2026DDD700938416 /* Request.swift in Sources */ = {isa = PBXBuildFile; fileRef = OBJ_25 /* Request.swift */; };
		14C4C03D2026DDD700938416 /* RequestBuilder.swift in Sources */ = {isa = PBXBuildFile; fileRef = OBJ_26 /* RequestBuilder.swift */; };
		14C4C03E2026DDD700938416 /* RequestConfiguration.swift in Sources */ = {isa = PBXBuildFile; fileRef = OBJ_27 /* RequestConfiguration.swift */; };
		14C4C03F2026DDD700938416 /* RequestDispatcher.swift in Sources */ = {isa = PBXBuildFile; fileRef = OBJ_28 /* RequestDispatcher.swift */; };
		14C4C0402026DDD700938416 /* Response.swift in Sources */ = {isa = PBXBuildFile; fileRef = OBJ_29 /* Response.swift */; };
		14C4C0412026DDD700938416 /* URLScheme.swift in Sources */ = {isa = PBXBuildFile; fileRef = OBJ_30 /* URLScheme.swift */; };
		14C4C0452026DDD700938416 /* Foundation.framework in Frameworks */ = {isa = PBXBuildFile; fileRef = 14C4BFAE2026D12000938416 /* Foundation.framework */; };
		14E5E383204C452100097A4A /* BaseRequestDispatcher.swift in Sources */ = {isa = PBXBuildFile; fileRef = 14E5E382204C452100097A4A /* BaseRequestDispatcher.swift */; };
		14E5E384204C452100097A4A /* BaseRequestDispatcher.swift in Sources */ = {isa = PBXBuildFile; fileRef = 14E5E382204C452100097A4A /* BaseRequestDispatcher.swift */; };
		14E5E385204C452100097A4A /* BaseRequestDispatcher.swift in Sources */ = {isa = PBXBuildFile; fileRef = 14E5E382204C452100097A4A /* BaseRequestDispatcher.swift */; };
		14E5E386204C452100097A4A /* BaseRequestDispatcher.swift in Sources */ = {isa = PBXBuildFile; fileRef = 14E5E382204C452100097A4A /* BaseRequestDispatcher.swift */; };
		14F08D7D2067045B00BB7438 /* Astral.framework in Frameworks */ = {isa = PBXBuildFile; fileRef = "Astral::Astral::Product" /* Astral.framework */; };
		OBJ_107 /* BasicConfiguration.swift in Sources */ = {isa = PBXBuildFile; fileRef = OBJ_33 /* BasicConfiguration.swift */; };
		OBJ_108 /* FormURLEncodedConfiguration.swift in Sources */ = {isa = PBXBuildFile; fileRef = OBJ_34 /* FormURLEncodedConfiguration.swift */; };
		OBJ_109 /* MultipartConfiguration.swift in Sources */ = {isa = PBXBuildFile; fileRef = OBJ_35 /* MultipartConfiguration.swift */; };
		OBJ_110 /* HeaderTests.swift in Sources */ = {isa = PBXBuildFile; fileRef = OBJ_36 /* HeaderTests.swift */; };
		OBJ_111 /* BasicGetRequest.swift in Sources */ = {isa = PBXBuildFile; fileRef = OBJ_38 /* BasicGetRequest.swift */; };
		OBJ_112 /* BasicMultipartFormDataRequest.swift in Sources */ = {isa = PBXBuildFile; fileRef = OBJ_39 /* BasicMultipartFormDataRequest.swift */; };
		OBJ_113 /* BasicPostRequest.swift in Sources */ = {isa = PBXBuildFile; fileRef = OBJ_40 /* BasicPostRequest.swift */; };
		OBJ_114 /* FormURLEncodedPostRequest.swift in Sources */ = {isa = PBXBuildFile; fileRef = OBJ_41 /* FormURLEncodedPostRequest.swift */; };
		OBJ_116 /* FormURLEncodedResponse.swift in Sources */ = {isa = PBXBuildFile; fileRef = OBJ_44 /* FormURLEncodedResponse.swift */; };
		OBJ_117 /* GetResponse.swift in Sources */ = {isa = PBXBuildFile; fileRef = OBJ_45 /* GetResponse.swift */; };
		OBJ_118 /* MultipartFormDataResponse.swift in Sources */ = {isa = PBXBuildFile; fileRef = OBJ_46 /* MultipartFormDataResponse.swift */; };
		OBJ_119 /* PostResponse.swift in Sources */ = {isa = PBXBuildFile; fileRef = OBJ_47 /* PostResponse.swift */; };
		OBJ_120 /* BinData.swift in Sources */ = {isa = PBXBuildFile; fileRef = OBJ_49 /* BinData.swift */; };
		OBJ_121 /* BinHeaders.swift in Sources */ = {isa = PBXBuildFile; fileRef = OBJ_50 /* BinHeaders.swift */; };
		OBJ_137 /* BaseHTTPBodyRequestBuilder.swift in Sources */ = {isa = PBXBuildFile; fileRef = OBJ_9 /* BaseHTTPBodyRequestBuilder.swift */; };
		OBJ_138 /* AstralRequestDispatcher.swift in Sources */ = {isa = PBXBuildFile; fileRef = OBJ_10 /* AstralRequestDispatcher.swift */; };
		OBJ_139 /* DataStrategy.swift in Sources */ = {isa = PBXBuildFile; fileRef = OBJ_11 /* DataStrategy.swift */; };
		OBJ_142 /* MultiPartFormDataComponent.swift in Sources */ = {isa = PBXBuildFile; fileRef = OBJ_14 /* MultiPartFormDataComponent.swift */; };
		OBJ_143 /* FormURLEncodedStrategy.swift in Sources */ = {isa = PBXBuildFile; fileRef = OBJ_15 /* FormURLEncodedStrategy.swift */; };
		OBJ_144 /* HTTPMethod.swift in Sources */ = {isa = PBXBuildFile; fileRef = OBJ_16 /* HTTPMethod.swift */; };
		OBJ_145 /* Header.swift in Sources */ = {isa = PBXBuildFile; fileRef = OBJ_17 /* Header.swift */; };
		OBJ_146 /* JSON.swift in Sources */ = {isa = PBXBuildFile; fileRef = OBJ_18 /* JSON.swift */; };
		OBJ_147 /* JSONResponse.swift in Sources */ = {isa = PBXBuildFile; fileRef = OBJ_19 /* JSONResponse.swift */; };
		OBJ_148 /* JSONStrategy.swift in Sources */ = {isa = PBXBuildFile; fileRef = OBJ_20 /* JSONStrategy.swift */; };
		OBJ_149 /* MediaType.swift in Sources */ = {isa = PBXBuildFile; fileRef = OBJ_21 /* MediaType.swift */; };
		OBJ_150 /* MultiPartFormDataRequest.swift in Sources */ = {isa = PBXBuildFile; fileRef = OBJ_22 /* MultiPartFormDataRequest.swift */; };
		OBJ_151 /* MultiPartFormDataStrategy.swift in Sources */ = {isa = PBXBuildFile; fileRef = OBJ_23 /* MultiPartFormDataStrategy.swift */; };
		OBJ_152 /* NetworkingError.swift in Sources */ = {isa = PBXBuildFile; fileRef = OBJ_24 /* NetworkingError.swift */; };
		OBJ_153 /* Request.swift in Sources */ = {isa = PBXBuildFile; fileRef = OBJ_25 /* Request.swift */; };
		OBJ_154 /* RequestBuilder.swift in Sources */ = {isa = PBXBuildFile; fileRef = OBJ_26 /* RequestBuilder.swift */; };
		OBJ_155 /* RequestConfiguration.swift in Sources */ = {isa = PBXBuildFile; fileRef = OBJ_27 /* RequestConfiguration.swift */; };
		OBJ_156 /* RequestDispatcher.swift in Sources */ = {isa = PBXBuildFile; fileRef = OBJ_28 /* RequestDispatcher.swift */; };
		OBJ_157 /* Response.swift in Sources */ = {isa = PBXBuildFile; fileRef = OBJ_29 /* Response.swift */; };
		OBJ_158 /* URLScheme.swift in Sources */ = {isa = PBXBuildFile; fileRef = OBJ_30 /* URLScheme.swift */; };
/* End PBXBuildFile section */

/* Begin PBXContainerItemProxy section */
		14C4BF972025C33C00938416 /* PBXContainerItemProxy */ = {
			isa = PBXContainerItemProxy;
			containerPortal = OBJ_1 /* Project object */;
			proxyType = 1;
			remoteGlobalIDString = "Astral::Astral";
			remoteInfo = Astral;
		};
/* End PBXContainerItemProxy section */

/* Begin PBXFileReference section */
		1413033F20AABA2C0083CE27 /* Astral.swift */ = {isa = PBXFileReference; lastKnownFileType = sourcecode.swift; path = Astral.swift; sourceTree = "<group>"; };
		14292E1920552CF2004AFAE8 /* URLRequest+Astral.swift */ = {isa = PBXFileReference; lastKnownFileType = sourcecode.swift; path = "URLRequest+Astral.swift"; sourceTree = "<group>"; };
		14361B542036FA0400564AD2 /* Cartfile */ = {isa = PBXFileReference; lastKnownFileType = text; path = Cartfile; sourceTree = "<group>"; };
		143A5BAB20AAC4CD004EE209 /* Parameters.swift */ = {isa = PBXFileReference; lastKnownFileType = sourcecode.swift; path = Parameters.swift; sourceTree = "<group>"; };
		145051BA2206395A009A9F69 /* BaseDelegateDispatcherTests.swift */ = {isa = PBXFileReference; lastKnownFileType = sourcecode.swift; path = BaseDelegateDispatcherTests.swift; sourceTree = "<group>"; };
		145051BD2206F40E009A9F69 /* pic2.png */ = {isa = PBXFileReference; lastKnownFileType = image.png; name = pic2.png; path = "Tests/Supporting Files/pic2.png"; sourceTree = SOURCE_ROOT; };
		145051BE2206F40E009A9F69 /* pic3.png */ = {isa = PBXFileReference; lastKnownFileType = image.png; name = pic3.png; path = "Tests/Supporting Files/pic3.png"; sourceTree = SOURCE_ROOT; };
		145051BF2206F40E009A9F69 /* pic1.png */ = {isa = PBXFileReference; lastKnownFileType = image.png; name = pic1.png; path = "Tests/Supporting Files/pic1.png"; sourceTree = SOURCE_ROOT; };
		145F530C209BF71C00B987B1 /* RequestBuilderTests.swift */ = {isa = PBXFileReference; lastKnownFileType = sourcecode.swift; path = RequestBuilderTests.swift; sourceTree = "<group>"; };
		145F530F209BF7E700B987B1 /* NestedParametersGetRequest.swift */ = {isa = PBXFileReference; lastKnownFileType = sourcecode.swift; path = NestedParametersGetRequest.swift; sourceTree = "<group>"; };
		14678D71220190F60095C801 /* .swiftlint.yml */ = {isa = PBXFileReference; lastKnownFileType = text; path = .swiftlint.yml; sourceTree = "<group>"; };
		1468733721510CB50003FA3D /* Foundation.framework */ = {isa = PBXFileReference; lastKnownFileType = wrapper.framework; name = Foundation.framework; path = Platforms/MacOSX.platform/Developer/SDKs/MacOSX10.14.sdk/System/Library/Frameworks/Foundation.framework; sourceTree = DEVELOPER_DIR; };
		14718F0A21BD88430096E88A /* BaseDelegateDispatcher.swift */ = {isa = PBXFileReference; lastKnownFileType = sourcecode.swift; path = BaseDelegateDispatcher.swift; sourceTree = "<group>"; };
		147CA7DA21CACF1800BD5E98 /* AstralTask.swift */ = {isa = PBXFileReference; lastKnownFileType = sourcecode.swift; path = AstralTask.swift; sourceTree = "<group>"; };
		1487E70621BC64FD00759E3D /* HTTPBodyRequestBuilder.swift */ = {isa = PBXFileReference; lastKnownFileType = sourcecode.swift; path = HTTPBodyRequestBuilder.swift; sourceTree = "<group>"; };
		1487E70B21BC693300759E3D /* MultiPartFormDataBuilder.swift */ = {isa = PBXFileReference; lastKnownFileType = sourcecode.swift; path = MultiPartFormDataBuilder.swift; sourceTree = "<group>"; };
		1487E76C21BC7AE400759E3D /* ResponseTests.swift */ = {isa = PBXFileReference; fileEncoding = 4; lastKnownFileType = sourcecode.swift; path = ResponseTests.swift; sourceTree = "<group>"; };
		1487E76E21BC7B0800759E3D /* Info.plist */ = {isa = PBXFileReference; fileEncoding = 4; lastKnownFileType = text.plist.xml; path = Info.plist; sourceTree = "<group>"; };
		148C9FCE2029849300DB58C6 /* README.md */ = {isa = PBXFileReference; lastKnownFileType = net.daringfireball.markdown; path = README.md; sourceTree = "<group>"; };
		14A007E621BD57B5002C2ABB /* FileManager+Astral.swift */ = {isa = PBXFileReference; lastKnownFileType = sourcecode.swift; path = "FileManager+Astral.swift"; sourceTree = "<group>"; };
		14BFC07D21BC541900FDC12F /* AstralInputStream.swift */ = {isa = PBXFileReference; lastKnownFileType = sourcecode.swift; path = AstralInputStream.swift; sourceTree = "<group>"; };
		14C4BF9C2025C55700938416 /* Astral.podspec */ = {isa = PBXFileReference; lastKnownFileType = text; path = Astral.podspec; sourceTree = "<group>"; };
		14C4BF9D2025C56E00938416 /* LICENSE */ = {isa = PBXFileReference; lastKnownFileType = text; path = LICENSE; sourceTree = "<group>"; };
		14C4BF9F2026221400938416 /* Astral.h */ = {isa = PBXFileReference; fileEncoding = 4; lastKnownFileType = sourcecode.c.h; path = Astral.h; sourceTree = "<group>"; };
		14C4BFA02026221400938416 /* Info.plist */ = {isa = PBXFileReference; fileEncoding = 4; lastKnownFileType = text.plist.xml; path = Info.plist; sourceTree = "<group>"; };
		14C4BFAE2026D12000938416 /* Foundation.framework */ = {isa = PBXFileReference; lastKnownFileType = wrapper.framework; name = Foundation.framework; path = System/Library/Frameworks/Foundation.framework; sourceTree = SDKROOT; };
		14C4BFB72026DBC800938416 /* BrightFutures.framework */ = {isa = PBXFileReference; lastKnownFileType = wrapper.framework; name = BrightFutures.framework; path = Carthage/Build/iOS/BrightFutures.framework; sourceTree = "<group>"; };
		14C4BFB92026DBD200938416 /* Result.framework */ = {isa = PBXFileReference; lastKnownFileType = wrapper.framework; name = Result.framework; path = Carthage/Build/iOS/Result.framework; sourceTree = "<group>"; };
		14C4BFDF2026DC2B00938416 /* Astral.framework */ = {isa = PBXFileReference; explicitFileType = wrapper.framework; includeInIndex = 0; path = Astral.framework; sourceTree = BUILT_PRODUCTS_DIR; };
		14C4C0272026DDAE00938416 /* Astral.framework */ = {isa = PBXFileReference; explicitFileType = wrapper.framework; includeInIndex = 0; path = Astral.framework; sourceTree = BUILT_PRODUCTS_DIR; };
		14C4C04B2026DDD700938416 /* Astral.framework */ = {isa = PBXFileReference; explicitFileType = wrapper.framework; includeInIndex = 0; path = Astral.framework; sourceTree = BUILT_PRODUCTS_DIR; };
		14C4C04D2026E02D00938416 /* BrightFutures.framework */ = {isa = PBXFileReference; lastKnownFileType = wrapper.framework; name = BrightFutures.framework; path = Carthage/Build/Mac/BrightFutures.framework; sourceTree = "<group>"; };
		14C4C04E2026E02D00938416 /* Result.framework */ = {isa = PBXFileReference; lastKnownFileType = wrapper.framework; name = Result.framework; path = Carthage/Build/Mac/Result.framework; sourceTree = "<group>"; };
		14C4C0512026E03D00938416 /* Result.framework */ = {isa = PBXFileReference; lastKnownFileType = wrapper.framework; name = Result.framework; path = Carthage/Build/tvOS/Result.framework; sourceTree = "<group>"; };
		14C4C0522026E03D00938416 /* BrightFutures.framework */ = {isa = PBXFileReference; lastKnownFileType = wrapper.framework; name = BrightFutures.framework; path = Carthage/Build/tvOS/BrightFutures.framework; sourceTree = "<group>"; };
		14C4C0552026E05000938416 /* BrightFutures.framework */ = {isa = PBXFileReference; lastKnownFileType = wrapper.framework; name = BrightFutures.framework; path = Carthage/Build/watchOS/BrightFutures.framework; sourceTree = "<group>"; };
		14C4C0562026E05000938416 /* Result.framework */ = {isa = PBXFileReference; lastKnownFileType = wrapper.framework; name = Result.framework; path = Carthage/Build/watchOS/Result.framework; sourceTree = "<group>"; };
		14C4C05B2026E0B000938416 /* Foundation.framework */ = {isa = PBXFileReference; lastKnownFileType = wrapper.framework; name = Foundation.framework; path = Platforms/MacOSX.platform/Developer/SDKs/MacOSX10.13.sdk/System/Library/Frameworks/Foundation.framework; sourceTree = DEVELOPER_DIR; };
		14C4C0682026EF5000938416 /* Podfile */ = {isa = PBXFileReference; lastKnownFileType = text; path = Podfile; sourceTree = "<group>"; };
		14E5E382204C452100097A4A /* BaseRequestDispatcher.swift */ = {isa = PBXFileReference; lastKnownFileType = sourcecode.swift; path = BaseRequestDispatcher.swift; sourceTree = "<group>"; };
		"Astral::Astral::Product" /* Astral.framework */ = {isa = PBXFileReference; explicitFileType = wrapper.framework; path = Astral.framework; sourceTree = BUILT_PRODUCTS_DIR; };
		"Astral::AstralTests::Product" /* AstralTests.xctest */ = {isa = PBXFileReference; explicitFileType = wrapper.cfbundle; path = AstralTests.xctest; sourceTree = BUILT_PRODUCTS_DIR; };
		OBJ_10 /* AstralRequestDispatcher.swift */ = {isa = PBXFileReference; lastKnownFileType = sourcecode.swift; path = AstralRequestDispatcher.swift; sourceTree = "<group>"; };
		OBJ_11 /* DataStrategy.swift */ = {isa = PBXFileReference; lastKnownFileType = sourcecode.swift; path = DataStrategy.swift; sourceTree = "<group>"; };
		OBJ_14 /* MultiPartFormDataComponent.swift */ = {isa = PBXFileReference; lastKnownFileType = sourcecode.swift; path = MultiPartFormDataComponent.swift; sourceTree = "<group>"; };
		OBJ_15 /* FormURLEncodedStrategy.swift */ = {isa = PBXFileReference; lastKnownFileType = sourcecode.swift; path = FormURLEncodedStrategy.swift; sourceTree = "<group>"; };
		OBJ_16 /* HTTPMethod.swift */ = {isa = PBXFileReference; lastKnownFileType = sourcecode.swift; path = HTTPMethod.swift; sourceTree = "<group>"; };
		OBJ_17 /* Header.swift */ = {isa = PBXFileReference; lastKnownFileType = sourcecode.swift; path = Header.swift; sourceTree = "<group>"; };
		OBJ_18 /* JSON.swift */ = {isa = PBXFileReference; lastKnownFileType = sourcecode.swift; path = JSON.swift; sourceTree = "<group>"; };
		OBJ_19 /* JSONResponse.swift */ = {isa = PBXFileReference; lastKnownFileType = sourcecode.swift; path = JSONResponse.swift; sourceTree = "<group>"; };
		OBJ_20 /* JSONStrategy.swift */ = {isa = PBXFileReference; lastKnownFileType = sourcecode.swift; path = JSONStrategy.swift; sourceTree = "<group>"; };
		OBJ_21 /* MediaType.swift */ = {isa = PBXFileReference; lastKnownFileType = sourcecode.swift; path = MediaType.swift; sourceTree = "<group>"; };
		OBJ_22 /* MultiPartFormDataRequest.swift */ = {isa = PBXFileReference; lastKnownFileType = sourcecode.swift; path = MultiPartFormDataRequest.swift; sourceTree = "<group>"; };
		OBJ_23 /* MultiPartFormDataStrategy.swift */ = {isa = PBXFileReference; lastKnownFileType = sourcecode.swift; path = MultiPartFormDataStrategy.swift; sourceTree = "<group>"; };
		OBJ_24 /* NetworkingError.swift */ = {isa = PBXFileReference; lastKnownFileType = sourcecode.swift; path = NetworkingError.swift; sourceTree = "<group>"; };
		OBJ_25 /* Request.swift */ = {isa = PBXFileReference; lastKnownFileType = sourcecode.swift; path = Request.swift; sourceTree = "<group>"; };
		OBJ_26 /* RequestBuilder.swift */ = {isa = PBXFileReference; lastKnownFileType = sourcecode.swift; path = RequestBuilder.swift; sourceTree = "<group>"; };
		OBJ_27 /* RequestConfiguration.swift */ = {isa = PBXFileReference; lastKnownFileType = sourcecode.swift; path = RequestConfiguration.swift; sourceTree = "<group>"; };
		OBJ_28 /* RequestDispatcher.swift */ = {isa = PBXFileReference; lastKnownFileType = sourcecode.swift; path = RequestDispatcher.swift; sourceTree = "<group>"; };
		OBJ_29 /* Response.swift */ = {isa = PBXFileReference; lastKnownFileType = sourcecode.swift; path = Response.swift; sourceTree = "<group>"; };
		OBJ_30 /* URLScheme.swift */ = {isa = PBXFileReference; lastKnownFileType = sourcecode.swift; path = URLScheme.swift; sourceTree = "<group>"; };
		OBJ_33 /* BasicConfiguration.swift */ = {isa = PBXFileReference; lastKnownFileType = sourcecode.swift; path = BasicConfiguration.swift; sourceTree = "<group>"; };
		OBJ_34 /* FormURLEncodedConfiguration.swift */ = {isa = PBXFileReference; lastKnownFileType = sourcecode.swift; path = FormURLEncodedConfiguration.swift; sourceTree = "<group>"; };
		OBJ_35 /* MultipartConfiguration.swift */ = {isa = PBXFileReference; lastKnownFileType = sourcecode.swift; path = MultipartConfiguration.swift; sourceTree = "<group>"; };
		OBJ_36 /* HeaderTests.swift */ = {isa = PBXFileReference; lastKnownFileType = sourcecode.swift; path = HeaderTests.swift; sourceTree = "<group>"; };
		OBJ_38 /* BasicGetRequest.swift */ = {isa = PBXFileReference; lastKnownFileType = sourcecode.swift; path = BasicGetRequest.swift; sourceTree = "<group>"; };
		OBJ_39 /* BasicMultipartFormDataRequest.swift */ = {isa = PBXFileReference; lastKnownFileType = sourcecode.swift; path = BasicMultipartFormDataRequest.swift; sourceTree = "<group>"; };
		OBJ_40 /* BasicPostRequest.swift */ = {isa = PBXFileReference; lastKnownFileType = sourcecode.swift; path = BasicPostRequest.swift; sourceTree = "<group>"; };
		OBJ_41 /* FormURLEncodedPostRequest.swift */ = {isa = PBXFileReference; lastKnownFileType = sourcecode.swift; path = FormURLEncodedPostRequest.swift; sourceTree = "<group>"; };
		OBJ_44 /* FormURLEncodedResponse.swift */ = {isa = PBXFileReference; lastKnownFileType = sourcecode.swift; path = FormURLEncodedResponse.swift; sourceTree = "<group>"; };
		OBJ_45 /* GetResponse.swift */ = {isa = PBXFileReference; lastKnownFileType = sourcecode.swift; path = GetResponse.swift; sourceTree = "<group>"; };
		OBJ_46 /* MultipartFormDataResponse.swift */ = {isa = PBXFileReference; lastKnownFileType = sourcecode.swift; path = MultipartFormDataResponse.swift; sourceTree = "<group>"; };
		OBJ_47 /* PostResponse.swift */ = {isa = PBXFileReference; lastKnownFileType = sourcecode.swift; path = PostResponse.swift; sourceTree = "<group>"; };
		OBJ_49 /* BinData.swift */ = {isa = PBXFileReference; lastKnownFileType = sourcecode.swift; path = BinData.swift; sourceTree = "<group>"; };
		OBJ_50 /* BinHeaders.swift */ = {isa = PBXFileReference; lastKnownFileType = sourcecode.swift; path = BinHeaders.swift; sourceTree = "<group>"; };
		OBJ_6 /* Package.swift */ = {isa = PBXFileReference; explicitFileType = sourcecode.swift; path = Package.swift; sourceTree = "<group>"; };
		OBJ_9 /* BaseHTTPBodyRequestBuilder.swift */ = {isa = PBXFileReference; lastKnownFileType = sourcecode.swift; path = BaseHTTPBodyRequestBuilder.swift; sourceTree = "<group>"; };
/* End PBXFileReference section */

/* Begin PBXFrameworksBuildPhase section */
		14C4BFD62026DC2B00938416 /* Frameworks */ = {
			isa = PBXFrameworksBuildPhase;
			buildActionMask = 0;
			files = (
				1468733821510CB50003FA3D /* Foundation.framework in Frameworks */,
			);
			runOnlyForDeploymentPostprocessing = 0;
		};
		14C4C01E2026DDAE00938416 /* Frameworks */ = {
			isa = PBXFrameworksBuildPhase;
			buildActionMask = 0;
			files = (
				14C4C0212026DDAE00938416 /* Foundation.framework in Frameworks */,
			);
			runOnlyForDeploymentPostprocessing = 0;
		};
		14C4C0422026DDD700938416 /* Frameworks */ = {
			isa = PBXFrameworksBuildPhase;
			buildActionMask = 0;
			files = (
				14C4C0452026DDD700938416 /* Foundation.framework in Frameworks */,
			);
			runOnlyForDeploymentPostprocessing = 0;
		};
		OBJ_122 /* Frameworks */ = {
			isa = PBXFrameworksBuildPhase;
			buildActionMask = 0;
			files = (
				14F08D7D2067045B00BB7438 /* Astral.framework in Frameworks */,
			);
			runOnlyForDeploymentPostprocessing = 0;
		};
		OBJ_159 /* Frameworks */ = {
			isa = PBXFrameworksBuildPhase;
			buildActionMask = 0;
			files = (
				14C4BFAF2026D12000938416 /* Foundation.framework in Frameworks */,
			);
			runOnlyForDeploymentPostprocessing = 0;
		};
/* End PBXFrameworksBuildPhase section */

/* Begin PBXGroup section */
		145051BC2206F3EF009A9F69 /* Supporting Files */ = {
			isa = PBXGroup;
			children = (
				145051BF2206F40E009A9F69 /* pic1.png */,
				145051BD2206F40E009A9F69 /* pic2.png */,
				145051BE2206F40E009A9F69 /* pic3.png */,
				1487E76E21BC7B0800759E3D /* Info.plist */,
			);
			path = "Supporting Files";
			sourceTree = "<group>";
		};
		14C4BF9B2025C53C00938416 /* Meta Data */ = {
			isa = PBXGroup;
			children = (
				14C4BF9C2025C55700938416 /* Astral.podspec */,
				14C4BF9D2025C56E00938416 /* LICENSE */,
				14C4C0682026EF5000938416 /* Podfile */,
				148C9FCE2029849300DB58C6 /* README.md */,
				14361B542036FA0400564AD2 /* Cartfile */,
				OBJ_6 /* Package.swift */,
				14678D71220190F60095C801 /* .swiftlint.yml */,
			);
			name = "Meta Data";
			sourceTree = "<group>";
		};
		14C4BF9E2026221400938416 /* Supporting Files */ = {
			isa = PBXGroup;
			children = (
				14C4BF9F2026221400938416 /* Astral.h */,
				14C4BFA02026221400938416 /* Info.plist */,
			);
			path = "Supporting Files";
			sourceTree = "<group>";
		};
		E3711620A170412C2CC81F86 /* Frameworks */ = {
			isa = PBXGroup;
			children = (
				1468733721510CB50003FA3D /* Foundation.framework */,
				14C4C0522026E03D00938416 /* BrightFutures.framework */,
				14C4BFB72026DBC800938416 /* BrightFutures.framework */,
				14C4C04D2026E02D00938416 /* BrightFutures.framework */,
				14C4C0552026E05000938416 /* BrightFutures.framework */,
				14C4C05B2026E0B000938416 /* Foundation.framework */,
				14C4BFAE2026D12000938416 /* Foundation.framework */,
				14C4BFB92026DBD200938416 /* Result.framework */,
				14C4C04E2026E02D00938416 /* Result.framework */,
				14C4C0512026E03D00938416 /* Result.framework */,
				14C4C0562026E05000938416 /* Result.framework */,
			);
			name = Frameworks;
			sourceTree = "<group>";
		};
		OBJ_31 /* Tests */ = {
			isa = PBXGroup;
			children = (
				145051BC2206F3EF009A9F69 /* Supporting Files */,
				OBJ_32 /* Configurations */,
				OBJ_37 /* Requests */,
				OBJ_43 /* Responses */,
				OBJ_48 /* Utilities */,
				OBJ_36 /* HeaderTests.swift */,
				145051BA2206395A009A9F69 /* BaseDelegateDispatcherTests.swift */,
				1487E76C21BC7AE400759E3D /* ResponseTests.swift */,
				145F530C209BF71C00B987B1 /* RequestBuilderTests.swift */,
			);
			path = Tests;
			sourceTree = SOURCE_ROOT;
		};
		OBJ_32 /* Configurations */ = {
			isa = PBXGroup;
			children = (
				OBJ_33 /* BasicConfiguration.swift */,
				OBJ_34 /* FormURLEncodedConfiguration.swift */,
				OBJ_35 /* MultipartConfiguration.swift */,
			);
			path = Configurations;
			sourceTree = "<group>";
		};
		OBJ_37 /* Requests */ = {
			isa = PBXGroup;
			children = (
				OBJ_38 /* BasicGetRequest.swift */,
				OBJ_39 /* BasicMultipartFormDataRequest.swift */,
				OBJ_40 /* BasicPostRequest.swift */,
				OBJ_41 /* FormURLEncodedPostRequest.swift */,
				145F530F209BF7E700B987B1 /* NestedParametersGetRequest.swift */,
			);
			path = Requests;
			sourceTree = "<group>";
		};
		OBJ_43 /* Responses */ = {
			isa = PBXGroup;
			children = (
				OBJ_44 /* FormURLEncodedResponse.swift */,
				OBJ_45 /* GetResponse.swift */,
				OBJ_46 /* MultipartFormDataResponse.swift */,
				OBJ_47 /* PostResponse.swift */,
			);
			path = Responses;
			sourceTree = "<group>";
		};
		OBJ_48 /* Utilities */ = {
			isa = PBXGroup;
			children = (
				OBJ_49 /* BinData.swift */,
				OBJ_50 /* BinHeaders.swift */,
			);
			path = Utilities;
			sourceTree = "<group>";
		};
		OBJ_5 = {
			isa = PBXGroup;
			children = (
				14C4BF9B2025C53C00938416 /* Meta Data */,
				OBJ_7 /* Sources */,
				OBJ_31 /* Tests */,
				14C4BF9E2026221400938416 /* Supporting Files */,
				OBJ_79 /* Products */,
				E3711620A170412C2CC81F86 /* Frameworks */,
			);
			sourceTree = "<group>";
		};
		OBJ_7 /* Sources */ = {
			isa = PBXGroup;
			children = (
				1413033F20AABA2C0083CE27 /* Astral.swift */,
				14BFC07D21BC541900FDC12F /* AstralInputStream.swift */,
				OBJ_10 /* AstralRequestDispatcher.swift */,
				147CA7DA21CACF1800BD5E98 /* AstralTask.swift */,
				14718F0A21BD88430096E88A /* BaseDelegateDispatcher.swift */,
				OBJ_9 /* BaseHTTPBodyRequestBuilder.swift */,
				14E5E382204C452100097A4A /* BaseRequestDispatcher.swift */,
				OBJ_11 /* DataStrategy.swift */,
				14A007E621BD57B5002C2ABB /* FileManager+Astral.swift */,
				OBJ_15 /* FormURLEncodedStrategy.swift */,
				OBJ_17 /* Header.swift */,
				1487E70621BC64FD00759E3D /* HTTPBodyRequestBuilder.swift */,
				OBJ_16 /* HTTPMethod.swift */,
				OBJ_18 /* JSON.swift */,
				OBJ_19 /* JSONResponse.swift */,
				OBJ_20 /* JSONStrategy.swift */,
				OBJ_21 /* MediaType.swift */,
				1487E70B21BC693300759E3D /* MultiPartFormDataBuilder.swift */,
				OBJ_14 /* MultiPartFormDataComponent.swift */,
				OBJ_22 /* MultiPartFormDataRequest.swift */,
				OBJ_23 /* MultiPartFormDataStrategy.swift */,
				OBJ_24 /* NetworkingError.swift */,
				143A5BAB20AAC4CD004EE209 /* Parameters.swift */,
				OBJ_25 /* Request.swift */,
				OBJ_26 /* RequestBuilder.swift */,
				OBJ_27 /* RequestConfiguration.swift */,
				OBJ_28 /* RequestDispatcher.swift */,
				OBJ_29 /* Response.swift */,
				14292E1920552CF2004AFAE8 /* URLRequest+Astral.swift */,
				OBJ_30 /* URLScheme.swift */,
			);
			path = Sources;
			sourceTree = SOURCE_ROOT;
		};
		OBJ_79 /* Products */ = {
			isa = PBXGroup;
			children = (
				"Astral::AstralTests::Product" /* AstralTests.xctest */,
				"Astral::Astral::Product" /* Astral.framework */,
				14C4BFDF2026DC2B00938416 /* Astral.framework */,
				14C4C0272026DDAE00938416 /* Astral.framework */,
				14C4C04B2026DDD700938416 /* Astral.framework */,
			);
			name = Products;
			sourceTree = BUILT_PRODUCTS_DIR;
		};
/* End PBXGroup section */

/* Begin PBXNativeTarget section */
		14C4BFBD2026DC2B00938416 /* Astral-Mac */ = {
			isa = PBXNativeTarget;
			buildConfigurationList = 14C4BFDC2026DC2B00938416 /* Build configuration list for PBXNativeTarget "Astral-Mac" */;
			buildPhases = (
				14C4BFBE2026DC2B00938416 /* Sources */,
				14C4BFD62026DC2B00938416 /* Frameworks */,
				14C4BFDA2026DC2B00938416 /* Swiftlint */,
			);
			buildRules = (
			);
			dependencies = (
			);
			name = "Astral-Mac";
			productName = Astral;
			productReference = 14C4BFDF2026DC2B00938416 /* Astral.framework */;
			productType = "com.apple.product-type.framework";
		};
		14C4C0052026DDAE00938416 /* Astral-tvOS */ = {
			isa = PBXNativeTarget;
			buildConfigurationList = 14C4C0242026DDAE00938416 /* Build configuration list for PBXNativeTarget "Astral-tvOS" */;
			buildPhases = (
				14C4C0062026DDAE00938416 /* Sources */,
				14C4C01E2026DDAE00938416 /* Frameworks */,
				14C4C0222026DDAE00938416 /* Swiftlint */,
			);
			buildRules = (
			);
			dependencies = (
			);
			name = "Astral-tvOS";
			productName = Astral;
			productReference = 14C4C0272026DDAE00938416 /* Astral.framework */;
			productType = "com.apple.product-type.framework";
		};
		14C4C0292026DDD700938416 /* Astral-watchOS */ = {
			isa = PBXNativeTarget;
			buildConfigurationList = 14C4C0482026DDD700938416 /* Build configuration list for PBXNativeTarget "Astral-watchOS" */;
			buildPhases = (
				14C4C02A2026DDD700938416 /* Sources */,
				14C4C0422026DDD700938416 /* Frameworks */,
				14C4C0462026DDD700938416 /* Swiftlint */,
			);
			buildRules = (
			);
			dependencies = (
			);
			name = "Astral-watchOS";
			productName = Astral;
			productReference = 14C4C04B2026DDD700938416 /* Astral.framework */;
			productType = "com.apple.product-type.framework";
		};
		"Astral::Astral" /* Astral-iOS */ = {
			isa = PBXNativeTarget;
			buildConfigurationList = OBJ_132 /* Build configuration list for PBXNativeTarget "Astral-iOS" */;
			buildPhases = (
				OBJ_135 /* Sources */,
				OBJ_159 /* Frameworks */,
				14C4BFB02026D22900938416 /* Swiftlint */,
			);
			buildRules = (
			);
			dependencies = (
			);
			name = "Astral-iOS";
			productName = Astral;
			productReference = "Astral::Astral::Product" /* Astral.framework */;
			productType = "com.apple.product-type.framework";
		};
		"Astral::AstralTests" /* AstralTests */ = {
			isa = PBXNativeTarget;
			buildConfigurationList = OBJ_103 /* Build configuration list for PBXNativeTarget "AstralTests" */;
			buildPhases = (
				OBJ_106 /* Sources */,
				OBJ_122 /* Frameworks */,
				14F2532921FE4ABE009FEAC3 /* Resources */,
			);
			buildRules = (
			);
			dependencies = (
				OBJ_126 /* PBXTargetDependency */,
			);
			name = AstralTests;
			productName = AstralTests;
			productReference = "Astral::AstralTests::Product" /* AstralTests.xctest */;
			productType = "com.apple.product-type.bundle.unit-test";
		};
/* End PBXNativeTarget section */

/* Begin PBXProject section */
		OBJ_1 /* Project object */ = {
			isa = PBXProject;
			attributes = {
				LastSwiftUpdateCheck = 1010;
				LastUpgradeCheck = 1020;
				TargetAttributes = {
					14C4BFBD2026DC2B00938416 = {
						ProvisioningStyle = Automatic;
					};
					"Astral::Astral" = {
						LastSwiftMigration = 1020;
						ProvisioningStyle = Automatic;
					};
					"Astral::AstralTests" = {
						LastSwiftMigration = 1020;
					};
				};
			};
			buildConfigurationList = OBJ_2 /* Build configuration list for PBXProject "Astral" */;
			compatibilityVersion = "Xcode 8.0";
			developmentRegion = en;
			hasScannedForEncodings = 0;
			knownRegions = (
				en,
				Base,
			);
			mainGroup = OBJ_5;
			productRefGroup = OBJ_79 /* Products */;
			projectDirPath = "";
			projectRoot = "";
			targets = (
				"Astral::Astral" /* Astral-iOS */,
				14C4BFBD2026DC2B00938416 /* Astral-Mac */,
				14C4C0052026DDAE00938416 /* Astral-tvOS */,
				14C4C0292026DDD700938416 /* Astral-watchOS */,
				"Astral::AstralTests" /* AstralTests */,
			);
		};
/* End PBXProject section */

/* Begin PBXResourcesBuildPhase section */
		14F2532921FE4ABE009FEAC3 /* Resources */ = {
			isa = PBXResourcesBuildPhase;
			buildActionMask = 2147483647;
			files = (
				145051C12206F40E009A9F69 /* pic3.png in Resources */,
				145051C22206F40E009A9F69 /* pic1.png in Resources */,
				145051C02206F40E009A9F69 /* pic2.png in Resources */,
			);
			runOnlyForDeploymentPostprocessing = 0;
		};
/* End PBXResourcesBuildPhase section */

/* Begin PBXShellScriptBuildPhase section */
		14C4BFB02026D22900938416 /* Swiftlint */ = {
			isa = PBXShellScriptBuildPhase;
			buildActionMask = 2147483647;
			files = (
			);
			inputPaths = (
			);
			name = Swiftlint;
			outputPaths = (
			);
			runOnlyForDeploymentPostprocessing = 0;
			shellPath = /bin/sh;
			shellScript = "if which swiftlint >/dev/null; then\n    swiftlint\nelse\n    echo \"warning: SwiftLint not installed, download from https://github.com/realm/SwiftLint\"\nfi\n";
		};
		14C4BFDA2026DC2B00938416 /* Swiftlint */ = {
			isa = PBXShellScriptBuildPhase;
			buildActionMask = 2147483647;
			files = (
			);
			inputPaths = (
			);
			name = Swiftlint;
			outputPaths = (
			);
			runOnlyForDeploymentPostprocessing = 0;
			shellPath = /bin/sh;
			shellScript = "if which swiftlint >/dev/null; then\n    swiftlint\nelse\n    echo \"warning: SwiftLint not installed, download from https://github.com/realm/SwiftLint\"\nfi\n";
		};
		14C4C0222026DDAE00938416 /* Swiftlint */ = {
			isa = PBXShellScriptBuildPhase;
			buildActionMask = 2147483647;
			files = (
			);
			inputPaths = (
			);
			name = Swiftlint;
			outputPaths = (
			);
			runOnlyForDeploymentPostprocessing = 0;
			shellPath = /bin/sh;
			shellScript = "if which swiftlint >/dev/null; then\n    swiftlint\nelse\n    echo \"warning: SwiftLint not installed, download from https://github.com/realm/SwiftLint\"\nfi";
		};
		14C4C0462026DDD700938416 /* Swiftlint */ = {
			isa = PBXShellScriptBuildPhase;
			buildActionMask = 2147483647;
			files = (
			);
			inputPaths = (
			);
			name = Swiftlint;
			outputPaths = (
			);
			runOnlyForDeploymentPostprocessing = 0;
			shellPath = /bin/sh;
			shellScript = "if which swiftlint >/dev/null; then\n    swiftlint\nelse\n    echo \"warning: SwiftLint not installed, download from https://github.com/realm/SwiftLint\"\nfi";
		};
/* End PBXShellScriptBuildPhase section */

/* Begin PBXSourcesBuildPhase section */
		14C4BFBE2026DC2B00938416 /* Sources */ = {
			isa = PBXSourcesBuildPhase;
			buildActionMask = 0;
			files = (
				14292E1B20552CF2004AFAE8 /* URLRequest+Astral.swift in Sources */,
				14BFC07F21BC541900FDC12F /* AstralInputStream.swift in Sources */,
				14A007E821BD57B5002C2ABB /* FileManager+Astral.swift in Sources */,
				14C4BFC02026DC2B00938416 /* BaseHTTPBodyRequestBuilder.swift in Sources */,
				147CA7DC21CACF1800BD5E98 /* AstralTask.swift in Sources */,
				14C4BFC12026DC2B00938416 /* AstralRequestDispatcher.swift in Sources */,
				1487E70D21BC693300759E3D /* MultiPartFormDataBuilder.swift in Sources */,
				1487E70821BC64FD00759E3D /* HTTPBodyRequestBuilder.swift in Sources */,
				14C4BFC22026DC2B00938416 /* DataStrategy.swift in Sources */,
				14C4BFC52026DC2B00938416 /* MultiPartFormDataComponent.swift in Sources */,
				14C4BFC62026DC2B00938416 /* FormURLEncodedStrategy.swift in Sources */,
				14C4BFC72026DC2B00938416 /* HTTPMethod.swift in Sources */,
				14C4BFC82026DC2B00938416 /* Header.swift in Sources */,
				14C4BFC92026DC2B00938416 /* JSON.swift in Sources */,
				14C4BFCA2026DC2B00938416 /* JSONResponse.swift in Sources */,
				14C4BFCB2026DC2B00938416 /* JSONStrategy.swift in Sources */,
				143A5BAD20AAC4CD004EE209 /* Parameters.swift in Sources */,
				14C4BFCC2026DC2B00938416 /* MediaType.swift in Sources */,
				14E5E384204C452100097A4A /* BaseRequestDispatcher.swift in Sources */,
				14C4BFCD2026DC2B00938416 /* MultiPartFormDataRequest.swift in Sources */,
				14718F0C21BD88430096E88A /* BaseDelegateDispatcher.swift in Sources */,
				14C4BFCE2026DC2B00938416 /* MultiPartFormDataStrategy.swift in Sources */,
				14C4BFCF2026DC2B00938416 /* NetworkingError.swift in Sources */,
				14C4BFD02026DC2B00938416 /* Request.swift in Sources */,
				14C4BFD12026DC2B00938416 /* RequestBuilder.swift in Sources */,
				14C4BFD22026DC2B00938416 /* RequestConfiguration.swift in Sources */,
				14C4BFD32026DC2B00938416 /* RequestDispatcher.swift in Sources */,
				1413034120AABA2C0083CE27 /* Astral.swift in Sources */,
				14C4BFD42026DC2B00938416 /* Response.swift in Sources */,
				14C4BFD52026DC2B00938416 /* URLScheme.swift in Sources */,
			);
			runOnlyForDeploymentPostprocessing = 0;
		};
		14C4C0062026DDAE00938416 /* Sources */ = {
			isa = PBXSourcesBuildPhase;
			buildActionMask = 0;
			files = (
				14292E1C20552CF2004AFAE8 /* URLRequest+Astral.swift in Sources */,
				14BFC08021BC541900FDC12F /* AstralInputStream.swift in Sources */,
				14A007E921BD57B5002C2ABB /* FileManager+Astral.swift in Sources */,
				14C4C0082026DDAE00938416 /* BaseHTTPBodyRequestBuilder.swift in Sources */,
				147CA7DD21CACF1800BD5E98 /* AstralTask.swift in Sources */,
				14C4C0092026DDAE00938416 /* AstralRequestDispatcher.swift in Sources */,
				1487E70E21BC693300759E3D /* MultiPartFormDataBuilder.swift in Sources */,
				1487E70921BC64FD00759E3D /* HTTPBodyRequestBuilder.swift in Sources */,
				14C4C00A2026DDAE00938416 /* DataStrategy.swift in Sources */,
				14C4C00D2026DDAE00938416 /* MultiPartFormDataComponent.swift in Sources */,
				14C4C00E2026DDAE00938416 /* FormURLEncodedStrategy.swift in Sources */,
				14C4C00F2026DDAE00938416 /* HTTPMethod.swift in Sources */,
				14C4C0102026DDAE00938416 /* Header.swift in Sources */,
				14C4C0112026DDAE00938416 /* JSON.swift in Sources */,
				14C4C0122026DDAE00938416 /* JSONResponse.swift in Sources */,
				14C4C0132026DDAE00938416 /* JSONStrategy.swift in Sources */,
				143A5BAE20AAC4CD004EE209 /* Parameters.swift in Sources */,
				14C4C0142026DDAE00938416 /* MediaType.swift in Sources */,
				14E5E385204C452100097A4A /* BaseRequestDispatcher.swift in Sources */,
				14C4C0152026DDAE00938416 /* MultiPartFormDataRequest.swift in Sources */,
				14718F0D21BD88430096E88A /* BaseDelegateDispatcher.swift in Sources */,
				14C4C0162026DDAE00938416 /* MultiPartFormDataStrategy.swift in Sources */,
				14C4C0172026DDAE00938416 /* NetworkingError.swift in Sources */,
				14C4C0182026DDAE00938416 /* Request.swift in Sources */,
				14C4C0192026DDAE00938416 /* RequestBuilder.swift in Sources */,
				14C4C01A2026DDAE00938416 /* RequestConfiguration.swift in Sources */,
				14C4C01B2026DDAE00938416 /* RequestDispatcher.swift in Sources */,
				1413034220AABA2C0083CE27 /* Astral.swift in Sources */,
				14C4C01C2026DDAE00938416 /* Response.swift in Sources */,
				14C4C01D2026DDAE00938416 /* URLScheme.swift in Sources */,
			);
			runOnlyForDeploymentPostprocessing = 0;
		};
		14C4C02A2026DDD700938416 /* Sources */ = {
			isa = PBXSourcesBuildPhase;
			buildActionMask = 0;
			files = (
				14292E1D20552CF2004AFAE8 /* URLRequest+Astral.swift in Sources */,
				14BFC08121BC541900FDC12F /* AstralInputStream.swift in Sources */,
				14A007EA21BD57B5002C2ABB /* FileManager+Astral.swift in Sources */,
				14C4C02C2026DDD700938416 /* BaseHTTPBodyRequestBuilder.swift in Sources */,
				147CA7DE21CACF1800BD5E98 /* AstralTask.swift in Sources */,
				14C4C02D2026DDD700938416 /* AstralRequestDispatcher.swift in Sources */,
				1487E70F21BC693300759E3D /* MultiPartFormDataBuilder.swift in Sources */,
				1487E70A21BC64FD00759E3D /* HTTPBodyRequestBuilder.swift in Sources */,
				14C4C02E2026DDD700938416 /* DataStrategy.swift in Sources */,
				14C4C0312026DDD700938416 /* MultiPartFormDataComponent.swift in Sources */,
				14C4C0322026DDD700938416 /* FormURLEncodedStrategy.swift in Sources */,
				14C4C0332026DDD700938416 /* HTTPMethod.swift in Sources */,
				14C4C0342026DDD700938416 /* Header.swift in Sources */,
				14C4C0352026DDD700938416 /* JSON.swift in Sources */,
				14C4C0362026DDD700938416 /* JSONResponse.swift in Sources */,
				14C4C0372026DDD700938416 /* JSONStrategy.swift in Sources */,
				143A5BAF20AAC4CD004EE209 /* Parameters.swift in Sources */,
				14C4C0382026DDD700938416 /* MediaType.swift in Sources */,
				14E5E386204C452100097A4A /* BaseRequestDispatcher.swift in Sources */,
				14C4C0392026DDD700938416 /* MultiPartFormDataRequest.swift in Sources */,
				14718F0E21BD88430096E88A /* BaseDelegateDispatcher.swift in Sources */,
				14C4C03A2026DDD700938416 /* MultiPartFormDataStrategy.swift in Sources */,
				14C4C03B2026DDD700938416 /* NetworkingError.swift in Sources */,
				14C4C03C2026DDD700938416 /* Request.swift in Sources */,
				14C4C03D2026DDD700938416 /* RequestBuilder.swift in Sources */,
				14C4C03E2026DDD700938416 /* RequestConfiguration.swift in Sources */,
				14C4C03F2026DDD700938416 /* RequestDispatcher.swift in Sources */,
				1413034320AABA2C0083CE27 /* Astral.swift in Sources */,
				14C4C0402026DDD700938416 /* Response.swift in Sources */,
				14C4C0412026DDD700938416 /* URLScheme.swift in Sources */,
			);
			runOnlyForDeploymentPostprocessing = 0;
		};
		OBJ_106 /* Sources */ = {
			isa = PBXSourcesBuildPhase;
			buildActionMask = 0;
			files = (
				OBJ_107 /* BasicConfiguration.swift in Sources */,
				OBJ_108 /* FormURLEncodedConfiguration.swift in Sources */,
				145F5310209BF7E700B987B1 /* NestedParametersGetRequest.swift in Sources */,
				1487E76D21BC7AE400759E3D /* ResponseTests.swift in Sources */,
				OBJ_109 /* MultipartConfiguration.swift in Sources */,
				OBJ_110 /* HeaderTests.swift in Sources */,
				OBJ_111 /* BasicGetRequest.swift in Sources */,
				OBJ_112 /* BasicMultipartFormDataRequest.swift in Sources */,
				OBJ_113 /* BasicPostRequest.swift in Sources */,
				145F530E209BF76A00B987B1 /* RequestBuilderTests.swift in Sources */,
				OBJ_114 /* FormURLEncodedPostRequest.swift in Sources */,
				OBJ_116 /* FormURLEncodedResponse.swift in Sources */,
				OBJ_117 /* GetResponse.swift in Sources */,
				OBJ_118 /* MultipartFormDataResponse.swift in Sources */,
				OBJ_119 /* PostResponse.swift in Sources */,
				OBJ_120 /* BinData.swift in Sources */,
				145051BB2206395A009A9F69 /* BaseDelegateDispatcherTests.swift in Sources */,
				OBJ_121 /* BinHeaders.swift in Sources */,
			);
			runOnlyForDeploymentPostprocessing = 0;
		};
		OBJ_135 /* Sources */ = {
			isa = PBXSourcesBuildPhase;
			buildActionMask = 0;
			files = (
				14292E1A20552CF2004AFAE8 /* URLRequest+Astral.swift in Sources */,
				14BFC07E21BC541900FDC12F /* AstralInputStream.swift in Sources */,
				14A007E721BD57B5002C2ABB /* FileManager+Astral.swift in Sources */,
				OBJ_137 /* BaseHTTPBodyRequestBuilder.swift in Sources */,
				147CA7DB21CACF1800BD5E98 /* AstralTask.swift in Sources */,
				OBJ_138 /* AstralRequestDispatcher.swift in Sources */,
				1487E70C21BC693300759E3D /* MultiPartFormDataBuilder.swift in Sources */,
				1487E70721BC64FD00759E3D /* HTTPBodyRequestBuilder.swift in Sources */,
				OBJ_139 /* DataStrategy.swift in Sources */,
				OBJ_142 /* MultiPartFormDataComponent.swift in Sources */,
				OBJ_143 /* FormURLEncodedStrategy.swift in Sources */,
				OBJ_144 /* HTTPMethod.swift in Sources */,
				OBJ_145 /* Header.swift in Sources */,
				OBJ_146 /* JSON.swift in Sources */,
				OBJ_147 /* JSONResponse.swift in Sources */,
				OBJ_148 /* JSONStrategy.swift in Sources */,
				143A5BAC20AAC4CD004EE209 /* Parameters.swift in Sources */,
				OBJ_149 /* MediaType.swift in Sources */,
				14E5E383204C452100097A4A /* BaseRequestDispatcher.swift in Sources */,
				OBJ_150 /* MultiPartFormDataRequest.swift in Sources */,
				14718F0B21BD88430096E88A /* BaseDelegateDispatcher.swift in Sources */,
				OBJ_151 /* MultiPartFormDataStrategy.swift in Sources */,
				OBJ_152 /* NetworkingError.swift in Sources */,
				OBJ_153 /* Request.swift in Sources */,
				OBJ_154 /* RequestBuilder.swift in Sources */,
				OBJ_155 /* RequestConfiguration.swift in Sources */,
				OBJ_156 /* RequestDispatcher.swift in Sources */,
				1413034020AABA2C0083CE27 /* Astral.swift in Sources */,
				OBJ_157 /* Response.swift in Sources */,
				OBJ_158 /* URLScheme.swift in Sources */,
			);
			runOnlyForDeploymentPostprocessing = 0;
		};
/* End PBXSourcesBuildPhase section */

/* Begin PBXTargetDependency section */
		OBJ_126 /* PBXTargetDependency */ = {
			isa = PBXTargetDependency;
			target = "Astral::Astral" /* Astral-iOS */;
			targetProxy = 14C4BF972025C33C00938416 /* PBXContainerItemProxy */;
		};
/* End PBXTargetDependency section */

/* Begin XCBuildConfiguration section */
		14C4BFDD2026DC2B00938416 /* Debug */ = {
			isa = XCBuildConfiguration;
			buildSettings = {
				CODE_SIGN_IDENTITY = "";
				CODE_SIGN_STYLE = Automatic;
				DEVELOPMENT_TEAM = "";
				ENABLE_TESTABILITY = YES;
				FRAMEWORK_SEARCH_PATHS = (
					"$(inherited)",
					"$(PLATFORM_DIR)/Developer/Library/Frameworks",
				);
				HEADER_SEARCH_PATHS = "$(inherited)";
				INFOPLIST_FILE = "$(SRCROOT)/Supporting Files/Info.plist";
				LD_RUNPATH_SEARCH_PATHS = "$(inherited)";
				MACOSX_DEPLOYMENT_TARGET = 10.12;
				OTHER_LDFLAGS = "$(inherited)";
				OTHER_SWIFT_FLAGS = "$(inherited)";
				PRODUCT_BUNDLE_IDENTIFIER = Astral;
				PRODUCT_MODULE_NAME = "$(TARGET_NAME:c99extidentifier)";
				PRODUCT_NAME = "$(TARGET_NAME)";
				PROVISIONING_PROFILE_SPECIFIER = "";
				SDKROOT = macosx;
				SKIP_INSTALL = YES;
				SUPPORTED_PLATFORMS = macosx;
				SWIFT_VERSION = 4.2;
				TARGETED_DEVICE_FAMILY = "1,2";
				TARGET_NAME = Astral;
			};
			name = Debug;
		};
		14C4BFDE2026DC2B00938416 /* Release */ = {
			isa = XCBuildConfiguration;
			buildSettings = {
				CODE_SIGN_IDENTITY = "";
				CODE_SIGN_STYLE = Automatic;
				DEVELOPMENT_TEAM = "";
				ENABLE_TESTABILITY = YES;
				FRAMEWORK_SEARCH_PATHS = (
					"$(inherited)",
					"$(PLATFORM_DIR)/Developer/Library/Frameworks",
				);
				HEADER_SEARCH_PATHS = "$(inherited)";
				INFOPLIST_FILE = "$(SRCROOT)/Supporting Files/Info.plist";
				LD_RUNPATH_SEARCH_PATHS = "$(inherited)";
				MACOSX_DEPLOYMENT_TARGET = 10.12;
				OTHER_LDFLAGS = "$(inherited)";
				OTHER_SWIFT_FLAGS = "$(inherited)";
				PRODUCT_BUNDLE_IDENTIFIER = Astral;
				PRODUCT_MODULE_NAME = "$(TARGET_NAME:c99extidentifier)";
				PRODUCT_NAME = "$(TARGET_NAME)";
				PROVISIONING_PROFILE_SPECIFIER = "";
				SDKROOT = macosx;
				SKIP_INSTALL = YES;
				SUPPORTED_PLATFORMS = macosx;
				SWIFT_VERSION = 4.2;
				TARGETED_DEVICE_FAMILY = "1,2";
				TARGET_NAME = Astral;
			};
			name = Release;
		};
		14C4C0252026DDAE00938416 /* Debug */ = {
			isa = XCBuildConfiguration;
			buildSettings = {
				CODE_SIGN_IDENTITY = "";
				ENABLE_TESTABILITY = YES;
				FRAMEWORK_SEARCH_PATHS = (
					"$(inherited)",
					"$(PLATFORM_DIR)/Developer/Library/Frameworks",
				);
				HEADER_SEARCH_PATHS = "$(inherited)";
				INFOPLIST_FILE = "$(SRCROOT)/Supporting Files/Info.plist";
				IPHONEOS_DEPLOYMENT_TARGET = 10.0;
				LD_RUNPATH_SEARCH_PATHS = "$(inherited)";
				OTHER_LDFLAGS = "$(inherited)";
				OTHER_SWIFT_FLAGS = "$(inherited)";
				PRODUCT_BUNDLE_IDENTIFIER = Astral;
				PRODUCT_MODULE_NAME = "$(TARGET_NAME:c99extidentifier)";
				PRODUCT_NAME = "$(TARGET_NAME)";
				SDKROOT = appletvos;
				SKIP_INSTALL = YES;
				SUPPORTED_PLATFORMS = "appletvsimulator appletvos";
				SWIFT_VERSION = 4.2;
				TARGETED_DEVICE_FAMILY = 3;
				TARGET_NAME = Astral;
				TVOS_DEPLOYMENT_TARGET = 11.0;
			};
			name = Debug;
		};
		14C4C0262026DDAE00938416 /* Release */ = {
			isa = XCBuildConfiguration;
			buildSettings = {
				CODE_SIGN_IDENTITY = "";
				ENABLE_TESTABILITY = YES;
				FRAMEWORK_SEARCH_PATHS = (
					"$(inherited)",
					"$(PLATFORM_DIR)/Developer/Library/Frameworks",
				);
				HEADER_SEARCH_PATHS = "$(inherited)";
				INFOPLIST_FILE = "$(SRCROOT)/Supporting Files/Info.plist";
				IPHONEOS_DEPLOYMENT_TARGET = 10.0;
				LD_RUNPATH_SEARCH_PATHS = "$(inherited)";
				OTHER_LDFLAGS = "$(inherited)";
				OTHER_SWIFT_FLAGS = "$(inherited)";
				PRODUCT_BUNDLE_IDENTIFIER = Astral;
				PRODUCT_MODULE_NAME = "$(TARGET_NAME:c99extidentifier)";
				PRODUCT_NAME = "$(TARGET_NAME)";
				SDKROOT = appletvos;
				SKIP_INSTALL = YES;
				SUPPORTED_PLATFORMS = "appletvsimulator appletvos";
				SWIFT_VERSION = 4.2;
				TARGETED_DEVICE_FAMILY = 3;
				TARGET_NAME = Astral;
				TVOS_DEPLOYMENT_TARGET = 11.0;
			};
			name = Release;
		};
		14C4C0492026DDD700938416 /* Debug */ = {
			isa = XCBuildConfiguration;
			buildSettings = {
				CODE_SIGN_IDENTITY = "";
				ENABLE_TESTABILITY = YES;
				FRAMEWORK_SEARCH_PATHS = "$(inherited)";
				HEADER_SEARCH_PATHS = "$(inherited)";
				INFOPLIST_FILE = "$(SRCROOT)/Supporting Files/Info.plist";
				IPHONEOS_DEPLOYMENT_TARGET = 10.0;
				LD_RUNPATH_SEARCH_PATHS = "$(inherited)";
				OTHER_LDFLAGS = "$(inherited)";
				OTHER_SWIFT_FLAGS = "$(inherited)";
				PRODUCT_BUNDLE_IDENTIFIER = Astral;
				PRODUCT_MODULE_NAME = "$(TARGET_NAME:c99extidentifier)";
				PRODUCT_NAME = "$(TARGET_NAME)";
				RESOURCES_TARGETED_DEVICE_FAMILY = "";
				SDKROOT = watchos;
				SKIP_INSTALL = YES;
				SUPPORTED_PLATFORMS = "watchsimulator watchos";
				SWIFT_VERSION = 4.2;
				TARGETED_DEVICE_FAMILY = 4;
				TARGET_NAME = Astral;
				WATCHOS_DEPLOYMENT_TARGET = 4.0;
			};
			name = Debug;
		};
		14C4C04A2026DDD700938416 /* Release */ = {
			isa = XCBuildConfiguration;
			buildSettings = {
				CODE_SIGN_IDENTITY = "";
				ENABLE_TESTABILITY = YES;
				FRAMEWORK_SEARCH_PATHS = "$(inherited)";
				HEADER_SEARCH_PATHS = "$(inherited)";
				INFOPLIST_FILE = "$(SRCROOT)/Supporting Files/Info.plist";
				IPHONEOS_DEPLOYMENT_TARGET = 10.0;
				LD_RUNPATH_SEARCH_PATHS = "$(inherited)";
				OTHER_LDFLAGS = "$(inherited)";
				OTHER_SWIFT_FLAGS = "$(inherited)";
				PRODUCT_BUNDLE_IDENTIFIER = Astral;
				PRODUCT_MODULE_NAME = "$(TARGET_NAME:c99extidentifier)";
				PRODUCT_NAME = "$(TARGET_NAME)";
				RESOURCES_TARGETED_DEVICE_FAMILY = "";
				SDKROOT = watchos;
				SKIP_INSTALL = YES;
				SUPPORTED_PLATFORMS = "watchsimulator watchos";
				SWIFT_VERSION = 4.2;
				TARGETED_DEVICE_FAMILY = 4;
				TARGET_NAME = Astral;
				WATCHOS_DEPLOYMENT_TARGET = 4.0;
			};
			name = Release;
		};
		OBJ_104 /* Debug */ = {
			isa = XCBuildConfiguration;
			buildSettings = {
				ALWAYS_EMBED_SWIFT_STANDARD_LIBRARIES = "$(inherited)";
				FRAMEWORK_SEARCH_PATHS = (
					"$(inherited)",
					"$(PLATFORM_DIR)/Developer/Library/Frameworks",
				);
				HEADER_SEARCH_PATHS = "$(inherited)";
				INFOPLIST_FILE = "Tests/Supporting Files/Info.plist";
				LD_RUNPATH_SEARCH_PATHS = "@loader_path/Frameworks $(inherited)";
				OTHER_LDFLAGS = "$(inherited)";
				OTHER_SWIFT_FLAGS = "$(inherited)";
				SWIFT_VERSION = 5.0;
				TARGET_NAME = AstralTests;
			};
			name = Debug;
		};
		OBJ_105 /* Release */ = {
			isa = XCBuildConfiguration;
			buildSettings = {
				ALWAYS_EMBED_SWIFT_STANDARD_LIBRARIES = "$(inherited)";
				FRAMEWORK_SEARCH_PATHS = (
					"$(inherited)",
					"$(PLATFORM_DIR)/Developer/Library/Frameworks",
				);
				HEADER_SEARCH_PATHS = "$(inherited)";
				INFOPLIST_FILE = "Tests/Supporting Files/Info.plist";
				LD_RUNPATH_SEARCH_PATHS = "@loader_path/Frameworks $(inherited)";
				OTHER_LDFLAGS = "$(inherited)";
				OTHER_SWIFT_FLAGS = "$(inherited)";
				SWIFT_VERSION = 5.0;
				TARGET_NAME = AstralTests;
			};
			name = Release;
		};
		OBJ_133 /* Debug */ = {
			isa = XCBuildConfiguration;
			buildSettings = {
				CODE_SIGN_IDENTITY = "";
				"CODE_SIGN_IDENTITY[sdk=iphoneos*]" = "iPhone Developer";
				CODE_SIGN_STYLE = Automatic;
				DEVELOPMENT_TEAM = "";
				ENABLE_TESTABILITY = YES;
				FRAMEWORK_SEARCH_PATHS = (
					"$(inherited)",
					"$(PLATFORM_DIR)/Developer/Library/Frameworks",
				);
				HEADER_SEARCH_PATHS = "$(inherited)";
				INFOPLIST_FILE = "$(SRCROOT)/Supporting Files/Info.plist";
				IPHONEOS_DEPLOYMENT_TARGET = 10.0;
				LD_RUNPATH_SEARCH_PATHS = "$(inherited)";
				OTHER_LDFLAGS = "$(inherited)";
				OTHER_SWIFT_FLAGS = "$(inherited)";
				PRODUCT_BUNDLE_IDENTIFIER = Astral;
				PRODUCT_MODULE_NAME = "$(TARGET_NAME:c99extidentifier)";
				PRODUCT_NAME = "$(TARGET_NAME:c99extidentifier)";
				PROVISIONING_PROFILE_SPECIFIER = "";
				SKIP_INSTALL = YES;
				SUPPORTED_PLATFORMS = "iphonesimulator iphoneos";
				SWIFT_VERSION = 5.0;
				TARGETED_DEVICE_FAMILY = "1,2";
				TARGET_NAME = Astral;
			};
			name = Debug;
		};
		OBJ_134 /* Release */ = {
			isa = XCBuildConfiguration;
			buildSettings = {
				CODE_SIGN_IDENTITY = "";
				"CODE_SIGN_IDENTITY[sdk=iphoneos*]" = "iPhone Developer";
				CODE_SIGN_STYLE = Automatic;
				DEVELOPMENT_TEAM = "";
				ENABLE_TESTABILITY = YES;
				FRAMEWORK_SEARCH_PATHS = (
					"$(inherited)",
					"$(PLATFORM_DIR)/Developer/Library/Frameworks",
				);
				HEADER_SEARCH_PATHS = "$(inherited)";
				INFOPLIST_FILE = "$(SRCROOT)/Supporting Files/Info.plist";
				IPHONEOS_DEPLOYMENT_TARGET = 10.0;
				LD_RUNPATH_SEARCH_PATHS = "$(inherited)";
				OTHER_LDFLAGS = "$(inherited)";
				OTHER_SWIFT_FLAGS = "$(inherited)";
				PRODUCT_BUNDLE_IDENTIFIER = Astral;
				PRODUCT_MODULE_NAME = "$(TARGET_NAME:c99extidentifier)";
				PRODUCT_NAME = "$(TARGET_NAME:c99extidentifier)";
				PROVISIONING_PROFILE_SPECIFIER = "";
				SKIP_INSTALL = YES;
				SUPPORTED_PLATFORMS = "iphonesimulator iphoneos";
				SWIFT_VERSION = 5.0;
				TARGETED_DEVICE_FAMILY = "1,2";
				TARGET_NAME = Astral;
			};
			name = Release;
		};
		OBJ_3 /* Debug */ = {
			isa = XCBuildConfiguration;
			buildSettings = {
				CLANG_ANALYZER_LOCALIZABILITY_NONLOCALIZED = YES;
				CLANG_ENABLE_OBJC_ARC = YES;
				CLANG_WARN_BLOCK_CAPTURE_AUTORELEASING = YES;
				CLANG_WARN_BOOL_CONVERSION = YES;
				CLANG_WARN_COMMA = YES;
				CLANG_WARN_CONSTANT_CONVERSION = YES;
				CLANG_WARN_DEPRECATED_OBJC_IMPLEMENTATIONS = YES;
				CLANG_WARN_EMPTY_BODY = YES;
				CLANG_WARN_ENUM_CONVERSION = YES;
				CLANG_WARN_INFINITE_RECURSION = YES;
				CLANG_WARN_INT_CONVERSION = YES;
				CLANG_WARN_NON_LITERAL_NULL_CONVERSION = YES;
				CLANG_WARN_OBJC_IMPLICIT_RETAIN_SELF = YES;
				CLANG_WARN_OBJC_LITERAL_CONVERSION = YES;
				CLANG_WARN_RANGE_LOOP_ANALYSIS = YES;
				CLANG_WARN_STRICT_PROTOTYPES = YES;
				CLANG_WARN_SUSPICIOUS_MOVE = YES;
				CLANG_WARN_UNREACHABLE_CODE = YES;
				CLANG_WARN__DUPLICATE_METHOD_MATCH = YES;
				COMBINE_HIDPI_IMAGES = YES;
				COPY_PHASE_STRIP = NO;
				DEBUG_INFORMATION_FORMAT = dwarf;
				DYLIB_INSTALL_NAME_BASE = "@rpath";
				ENABLE_NS_ASSERTIONS = YES;
				ENABLE_STRICT_OBJC_MSGSEND = YES;
				ENABLE_TESTABILITY = YES;
				GCC_NO_COMMON_BLOCKS = YES;
				GCC_OPTIMIZATION_LEVEL = 0;
				GCC_WARN_64_TO_32_BIT_CONVERSION = YES;
				GCC_WARN_ABOUT_RETURN_TYPE = YES;
				GCC_WARN_UNDECLARED_SELECTOR = YES;
				GCC_WARN_UNINITIALIZED_AUTOS = YES;
				GCC_WARN_UNUSED_FUNCTION = YES;
				GCC_WARN_UNUSED_VARIABLE = YES;
				IPHONEOS_DEPLOYMENT_TARGET = 10.0;
				MACOSX_DEPLOYMENT_TARGET = 10.12;
				ONLY_ACTIVE_ARCH = YES;
				OTHER_SWIFT_FLAGS = "-DXcode";
				PRODUCT_NAME = "$(TARGET_NAME)";
				SDKROOT = iphoneos;
				SUPPORTED_PLATFORMS = "iphonesimulator iphoneos macosx";
				SWIFT_ACTIVE_COMPILATION_CONDITIONS = SWIFT_PACKAGE;
				SWIFT_OPTIMIZATION_LEVEL = "-Onone";
				TARGETED_DEVICE_FAMILY = "1,2";
				TVOS_DEPLOYMENT_TARGET = 11.0;
				USE_HEADERMAP = NO;
				WATCHOS_DEPLOYMENT_TARGET = 4.0;
			};
			name = Debug;
		};
		OBJ_4 /* Release */ = {
			isa = XCBuildConfiguration;
			buildSettings = {
				CLANG_ANALYZER_LOCALIZABILITY_NONLOCALIZED = YES;
				CLANG_ENABLE_OBJC_ARC = YES;
				CLANG_WARN_BLOCK_CAPTURE_AUTORELEASING = YES;
				CLANG_WARN_BOOL_CONVERSION = YES;
				CLANG_WARN_COMMA = YES;
				CLANG_WARN_CONSTANT_CONVERSION = YES;
				CLANG_WARN_DEPRECATED_OBJC_IMPLEMENTATIONS = YES;
				CLANG_WARN_EMPTY_BODY = YES;
				CLANG_WARN_ENUM_CONVERSION = YES;
				CLANG_WARN_INFINITE_RECURSION = YES;
				CLANG_WARN_INT_CONVERSION = YES;
				CLANG_WARN_NON_LITERAL_NULL_CONVERSION = YES;
				CLANG_WARN_OBJC_IMPLICIT_RETAIN_SELF = YES;
				CLANG_WARN_OBJC_LITERAL_CONVERSION = YES;
				CLANG_WARN_RANGE_LOOP_ANALYSIS = YES;
				CLANG_WARN_STRICT_PROTOTYPES = YES;
				CLANG_WARN_SUSPICIOUS_MOVE = YES;
				CLANG_WARN_UNREACHABLE_CODE = YES;
				CLANG_WARN__DUPLICATE_METHOD_MATCH = YES;
				COMBINE_HIDPI_IMAGES = YES;
				COPY_PHASE_STRIP = YES;
				DEBUG_INFORMATION_FORMAT = "dwarf-with-dsym";
				DYLIB_INSTALL_NAME_BASE = "@rpath";
				ENABLE_STRICT_OBJC_MSGSEND = YES;
				GCC_NO_COMMON_BLOCKS = YES;
				GCC_OPTIMIZATION_LEVEL = s;
				GCC_WARN_64_TO_32_BIT_CONVERSION = YES;
				GCC_WARN_ABOUT_RETURN_TYPE = YES;
				GCC_WARN_UNDECLARED_SELECTOR = YES;
				GCC_WARN_UNINITIALIZED_AUTOS = YES;
				GCC_WARN_UNUSED_FUNCTION = YES;
				GCC_WARN_UNUSED_VARIABLE = YES;
				IPHONEOS_DEPLOYMENT_TARGET = 10.0;
				MACOSX_DEPLOYMENT_TARGET = 10.12;
				OTHER_SWIFT_FLAGS = "-DXcode";
				PRODUCT_NAME = "$(TARGET_NAME)";
				SDKROOT = iphoneos;
				SUPPORTED_PLATFORMS = "iphonesimulator iphoneos macosx";
				SWIFT_ACTIVE_COMPILATION_CONDITIONS = SWIFT_PACKAGE;
				SWIFT_OPTIMIZATION_LEVEL = "-Owholemodule";
				TARGETED_DEVICE_FAMILY = "1,2";
				TVOS_DEPLOYMENT_TARGET = 11.0;
				USE_HEADERMAP = NO;
				WATCHOS_DEPLOYMENT_TARGET = 4.0;
			};
			name = Release;
		};
/* End XCBuildConfiguration section */

/* Begin XCConfigurationList section */
		14C4BFDC2026DC2B00938416 /* Build configuration list for PBXNativeTarget "Astral-Mac" */ = {
			isa = XCConfigurationList;
			buildConfigurations = (
				14C4BFDD2026DC2B00938416 /* Debug */,
				14C4BFDE2026DC2B00938416 /* Release */,
			);
			defaultConfigurationIsVisible = 0;
			defaultConfigurationName = Debug;
		};
		14C4C0242026DDAE00938416 /* Build configuration list for PBXNativeTarget "Astral-tvOS" */ = {
			isa = XCConfigurationList;
			buildConfigurations = (
				14C4C0252026DDAE00938416 /* Debug */,
				14C4C0262026DDAE00938416 /* Release */,
			);
			defaultConfigurationIsVisible = 0;
			defaultConfigurationName = Debug;
		};
		14C4C0482026DDD700938416 /* Build configuration list for PBXNativeTarget "Astral-watchOS" */ = {
			isa = XCConfigurationList;
			buildConfigurations = (
				14C4C0492026DDD700938416 /* Debug */,
				14C4C04A2026DDD700938416 /* Release */,
			);
			defaultConfigurationIsVisible = 0;
			defaultConfigurationName = Debug;
		};
		OBJ_103 /* Build configuration list for PBXNativeTarget "AstralTests" */ = {
			isa = XCConfigurationList;
			buildConfigurations = (
				OBJ_104 /* Debug */,
				OBJ_105 /* Release */,
			);
			defaultConfigurationIsVisible = 0;
			defaultConfigurationName = Debug;
		};
		OBJ_132 /* Build configuration list for PBXNativeTarget "Astral-iOS" */ = {
			isa = XCConfigurationList;
			buildConfigurations = (
				OBJ_133 /* Debug */,
				OBJ_134 /* Release */,
			);
			defaultConfigurationIsVisible = 0;
			defaultConfigurationName = Debug;
		};
		OBJ_2 /* Build configuration list for PBXProject "Astral" */ = {
			isa = XCConfigurationList;
			buildConfigurations = (
				OBJ_3 /* Debug */,
				OBJ_4 /* Release */,
			);
			defaultConfigurationIsVisible = 0;
			defaultConfigurationName = Debug;
		};
/* End XCConfigurationList section */
	};
	rootObject = OBJ_1 /* Project object */;
}
